{"_meta":{"file-type":"spack-lockfile","lockfile-version":5,"specfile-version":4},"spack":{"version":"0.22.2","type":"release"},"roots":[{"hash":"5bkw73bbquwl6ntmt2j4ox7j426xn22m","spec":"cuda@12.2.2"},{"hash":"343vrrbdo7dqfv24xpettci62e4psgdh","spec":"cudnn@9.2.0.82-12%nvhpc@25.11 ^cuda@12.2.2"},{"hash":"dznqput45gxrilnlfw56vsihscwgpwjj","spec":"hdf5@1.14.3%nvhpc@25.11+fortran+hl+mpi ^hpcx-mpi@2.20"},{"hash":"7r4vm447qyfiw6uhrebyiigevmqyvazk","spec":"nccl@2.22.3-1%nvhpc@25.11+cuda cuda_arch=80 ^cuda@12.2.2"},{"hash":"ji6tmtd4xmj5ypcz3imhm5fi2g3u7ygd","spec":"netcdf-fortran@4.6.1%nvhpc@25.11 ^hdf5@1.14.3%nvhpc@25.11+fortran+hl+mpi ^hpcx-mpi@2.20 ^netcdf-c@4.9.2%nvhpc@25.11~blosc+mpi~szip~zstd"},{"hash":"xqhtkvdzqltrwa3ep37cwy3j4vzeykde","spec":"nvhpc@25.11+blas+lapack~mpi default_cuda=12.2"},{"hash":"j2oul2h4o6bqzll4ehv22upmg3q2uci6","spec":"parallel-netcdf@1.12.3%nvhpc@25.11+cxx+fortran ^hpcx-mpi@2.20"}],"concrete_specs":{"5bkw73bbquwl6ntmt2j4ox7j426xn22m":{"name":"cuda","version":"12.2.2","arch":{"platform":"linux","platform_os":"rhel8","target":{"name":"icelake","vendor":"GenuineIntel","features":["adx","aes","avx","avx2","avx512_bitalg","avx512_vbmi2","avx512_vnni","avx512_vpopcntdq","avx512bw","avx512cd","avx512dq","avx512f","avx512ifma","avx512vbmi","avx512vl","bmi1","bmi2","clflushopt","clwb","f16c","fma","gfni","mmx","movbe","pclmulqdq","popcnt","rdpid","rdrand","rdseed","sha_ni","sse","sse2","sse4_1","sse4_2","ssse3","vaes","vpclmulqdq","xsavec","xsaveopt"],"generation":0,"parents":["cascadelake","cannonlake"],"cpupart":""}},"compiler":{"name":"nvhpc","version":"25.11"},"namespace":"builtin","parameters":{"allow-unsupported-compilers":false,"build_system":"generic","compat":false,"cupti":false,"dev":false,"samples":false,"cflags":[],"cppflags":[],"cxxflags":[],"fflags":[],"ldflags":[],"ldlibs":[]},"package_hash":"cx2d623vizmhv7u4uhi6n3epmva6huaao3nkxiokurapfht67vha====","dependencies":[{"name":"glibc","hash":"gn64ar57vc6pc5faj3l6kbwyy54srftz","parameters":{"deptypes":["link"],"virtuals":["libc"]}},{"name":"libxml2","hash":"4rticmsfdltzjbaveftfcxmlye6v64dd","parameters":{"deptypes":["build","link"],"virtuals":[]}}],"hash":"5bkw73bbquwl6ntmt2j4ox7j426xn22m"},"gn64ar57vc6pc5faj3l6kbwyy54srftz":{"name":"glibc","version":"2.28","arch":{"platform":"linux","platform_os":"rhel8","target":{"name":"icelake","vendor":"GenuineIntel","features":["adx","aes","avx","avx2","avx512_bitalg","avx512_vbmi2","avx512_vnni","avx512_vpopcntdq","avx512bw","avx512cd","avx512dq","avx512f","avx512ifma","avx512vbmi","avx512vl","bmi1","bmi2","clflushopt","clwb","f16c","fma","gfni","mmx","movbe","pclmulqdq","popcnt","rdpid","rdrand","rdseed","sha_ni","sse","sse2","sse4_1","sse4_2","ssse3","vaes","vpclmulqdq","xsavec","xsaveopt"],"generation":0,"parents":["cascadelake","cannonlake"],"cpupart":""}},"compiler":{"name":"nvhpc","version":"25.11"},"namespace":"builtin","parameters":{"build_system":"autotools","cflags":[],"cppflags":[],"cxxflags":[],"fflags":[],"ldflags":[],"ldlibs":[]},"external":{"path":"/usr","module":null,"extra_attributes":{}},"package_hash":"riktbfk2yybad7tgbvdkntk5c5msjcm5pk3x7naszgbvfm57h4rq====","hash":"gn64ar57vc6pc5faj3l6kbwyy54srftz"},"4rticmsfdltzjbaveftfcxmlye6v64dd":{"name":"libxml2","version":"2.10.3","arch":{"platform":"linux","platform_os":"rhel8","target":{"name":"icelake","vendor":"GenuineIntel","features":["adx","aes","avx","avx2","avx512_bitalg","avx512_vbmi2","avx512_vnni","avx512_vpopcntdq","avx512bw","avx512cd","avx512dq","avx512f","avx512ifma","avx512vbmi","avx512vl","bmi1","bmi2","clflushopt","clwb","f16c","fma","gfni","mmx","movbe","pclmulqdq","popcnt","rdpid","rdrand","rdseed","sha_ni","sse","sse2","sse4_1","sse4_2","ssse3","vaes","vpclmulqdq","xsavec","xsaveopt"],"generation":0,"parents":["cascadelake","cannonlake"],"cpupart":""}},"compiler":{"name":"nvhpc","version":"25.11"},"namespace":"builtin","parameters":{"build_system":"autotools","pic":true,"python":false,"shared":true,"cflags":[],"cppflags":[],"cxxflags":[],"fflags":[],"ldflags":[],"ldlibs":[]},"package_hash":"squqo2aayigwxdusu3q3syojwit5gqdh6q4un576652hy4gytxcq====","dependencies":[{"name":"glibc","hash":"gn64ar57vc6pc5faj3l6kbwyy54srftz","parameters":{"deptypes":["link"],"virtuals":["libc"]}},{"name":"gmake","hash":"jm53zwquasrl54we3del5c5ligtc6cs7","parameters":{"deptypes":["build"],"virtuals":[]}},{"name":"libiconv","hash":"eaqmwgv2sz3iqdyjivjpkjccmups5tyu","parameters":{"deptypes":["build","link"],"virtuals":["iconv"]}},{"name":"pkgconf","hash":"dlgsuavgaoysqfaqwpusytfsuut52qsw","parameters":{"deptypes":["build"],"virtuals":["pkgconfig"]}},{"name":"xz","hash":"cacpcn2ay7athwmfnqotcjonjbk3apt6","parameters":{"deptypes":["build","link"],"virtuals":[]}},{"name":"zlib-ng","hash":"62izf37h4ad7qwfk7o3pvbi24i5awx6d","parameters":{"deptypes":["build","link"],"virtuals":["zlib-api"]}}],"hash":"4rticmsfdltzjbaveftfcxmlye6v64dd"},"jm53zwquasrl54we3del5c5ligtc6cs7":{"name":"gmake","version":"4.4.1","arch":{"platform":"linux","platform_os":"rhel8","target":{"name":"icelake","vendor":"GenuineIntel","features":["adx","aes","avx","avx2","avx512_bitalg","avx512_vbmi2","avx512_vnni","avx512_vpopcntdq","avx512bw","avx512cd","avx512dq","avx512f","avx512ifma","avx512vbmi","avx512vl","bmi1","bmi2","clflushopt","clwb","f16c","fma","gfni","mmx","movbe","pclmulqdq","popcnt","rdpid","rdrand","rdseed","sha_ni","sse","sse2","sse4_1","sse4_2","ssse3","vaes","vpclmulqdq","xsavec","xsaveopt"],"generation":0,"parents":["cascadelake","cannonlake"],"cpupart":""}},"compiler":{"name":"nvhpc","version":"25.11"},"namespace":"builtin","parameters":{"build_system":"generic","guile":false,"cflags":[],"cppflags":[],"cxxflags":[],"fflags":[],"ldflags":[],"ldlibs":[]},"package_hash":"ghstvqlc3r7kgiikwx24xhcxdxcqdk5viinrzgm2mssqigfonika====","dependencies":[{"name":"glibc","hash":"gn64ar57vc6pc5faj3l6kbwyy54srftz","parameters":{"deptypes":["link"],"virtuals":["libc"]}}],"hash":"jm53zwquasrl54we3del5c5ligtc6cs7"},"eaqmwgv2sz3iqdyjivjpkjccmups5tyu":{"name":"libiconv","version":"1.17","arch":{"platform":"linux","platform_os":"rhel8","target":{"name":"icelake","vendor":"GenuineIntel","features":["adx","aes","avx","avx2","avx512_bitalg","avx512_vbmi2","avx512_vnni","avx512_vpopcntdq","avx512bw","avx512cd","avx512dq","avx512f","avx512ifma","avx512vbmi","avx512vl","bmi1","bmi2","clflushopt","clwb","f16c","fma","gfni","mmx","movbe","pclmulqdq","popcnt","rdpid","rdrand","rdseed","sha_ni","sse","sse2","sse4_1","sse4_2","ssse3","vaes","vpclmulqdq","xsavec","xsaveopt"],"generation":0,"parents":["cascadelake","cannonlake"],"cpupart":""}},"compiler":{"name":"nvhpc","version":"25.11"},"namespace":"builtin","parameters":{"build_system":"autotools","libs":["shared","static"],"cflags":[],"cppflags":[],"cxxflags":[],"fflags":[],"ldflags":[],"ldlibs":[]},"package_hash":"hx2hgtfxuafavkaf2rp3hjq7ttx4zuoyareduhx25lb4a5b64sua====","dependencies":[{"name":"glibc","hash":"gn64ar57vc6pc5faj3l6kbwyy54srftz","parameters":{"deptypes":["link"],"virtuals":["libc"]}},{"name":"gmake","hash":"jm53zwquasrl54we3del5c5ligtc6cs7","parameters":{"deptypes":["build"],"virtuals":[]}}],"hash":"eaqmwgv2sz3iqdyjivjpkjccmups5tyu"},"dlgsuavgaoysqfaqwpusytfsuut52qsw":{"name":"pkgconf","version":"2.2.0","arch":{"platform":"linux","platform_os":"rhel8","target":{"name":"icelake","vendor":"GenuineIntel","features":["adx","aes","avx","avx2","avx512_bitalg","avx512_vbmi2","avx512_vnni","avx512_vpopcntdq","avx512bw","avx512cd","avx512dq","avx512f","avx512ifma","avx512vbmi","avx512vl","bmi1","bmi2","clflushopt","clwb","f16c","fma","gfni","mmx","movbe","pclmulqdq","popcnt","rdpid","rdrand","rdseed","sha_ni","sse","sse2","sse4_1","sse4_2","ssse3","vaes","vpclmulqdq","xsavec","xsaveopt"],"generation":0,"parents":["cascadelake","cannonlake"],"cpupart":""}},"compiler":{"name":"nvhpc","version":"25.11"},"namespace":"builtin","parameters":{"build_system":"autotools","cflags":[],"cppflags":[],"cxxflags":[],"fflags":[],"ldflags":[],"ldlibs":[]},"package_hash":"q2qey5otmyi3qvzrgsszi6gre5uaxd6z6zyh3zjv2vtgukavieoq====","dependencies":[{"name":"glibc","hash":"gn64ar57vc6pc5faj3l6kbwyy54srftz","parameters":{"deptypes":["link"],"virtuals":["libc"]}},{"name":"gmake","hash":"jm53zwquasrl54we3del5c5ligtc6cs7","parameters":{"deptypes":["build"],"virtuals":[]}}],"hash":"dlgsuavgaoysqfaqwpusytfsuut52qsw"},"cacpcn2ay7athwmfnqotcjonjbk3apt6":{"name":"xz","version":"5.4.6","arch":{"platform":"linux","platform_os":"rhel8","target":{"name":"icelake","vendor":"GenuineIntel","features":["adx","aes","avx","avx2","avx512_bitalg","avx512_vbmi2","avx512_vnni","avx512_vpopcntdq","avx512bw","avx512cd","avx512dq","avx512f","avx512ifma","avx512vbmi","avx512vl","bmi1","bmi2","clflushopt","clwb","f16c","fma","gfni","mmx","movbe","pclmulqdq","popcnt","rdpid","rdrand","rdseed","sha_ni","sse","sse2","sse4_1","sse4_2","ssse3","vaes","vpclmulqdq","xsavec","xsaveopt"],"generation":0,"parents":["cascadelake","cannonlake"],"cpupart":""}},"compiler":{"name":"nvhpc","version":"25.11"},"namespace":"builtin","parameters":{"build_system":"autotools","libs":["shared","static"],"pic":false,"cflags":[],"cppflags":[],"cxxflags":[],"fflags":[],"ldflags":[],"ldlibs":[]},"package_hash":"zt5vu2vph2v2qjwgdbe7btgcz7axpyalorcsqiuxhrg5grwgrrvq====","dependencies":[{"name":"glibc","hash":"gn64ar57vc6pc5faj3l6kbwyy54srftz","parameters":{"deptypes":["link"],"virtuals":["libc"]}},{"name":"gmake","hash":"jm53zwquasrl54we3del5c5ligtc6cs7","parameters":{"deptypes":["build"],"virtuals":[]}}],"hash":"cacpcn2ay7athwmfnqotcjonjbk3apt6"},"62izf37h4ad7qwfk7o3pvbi24i5awx6d":{"name":"zlib-ng","version":"2.1.6","arch":{"platform":"linux","platform_os":"rhel8","target":{"name":"icelake","vendor":"GenuineIntel","features":["adx","aes","avx","avx2","avx512_bitalg","avx512_vbmi2","avx512_vnni","avx512_vpopcntdq","avx512bw","avx512cd","avx512dq","avx512f","avx512ifma","avx512vbmi","avx512vl","bmi1","bmi2","clflushopt","clwb","f16c","fma","gfni","mmx","movbe","pclmulqdq","popcnt","rdpid","rdrand","rdseed","sha_ni","sse","sse2","sse4_1","sse4_2","ssse3","vaes","vpclmulqdq","xsavec","xsaveopt"],"generation":0,"parents":["cascadelake","cannonlake"],"cpupart":""}},"compiler":{"name":"nvhpc","version":"25.11"},"namespace":"builtin","parameters":{"build_system":"autotools","compat":true,"new_strategies":true,"opt":true,"patches":["71713d002e6ad5f1128d944c483940b359a52eeed515a67404b56fcb93f22752"],"pic":true,"shared":true,"cflags":[],"cppflags":[],"cxxflags":[],"fflags":[],"ldflags":[],"ldlibs":[]},"patches":["71713d002e6ad5f1128d944c483940b359a52eeed515a67404b56fcb93f22752"],"package_hash":"itm4a2zelgqypwgzhgfaeywevecetipf5p2ximnzmlfgcwjvnuoa====","dependencies":[{"name":"glibc","hash":"gn64ar57vc6pc5faj3l6kbwyy54srftz","parameters":{"deptypes":["link"],"virtuals":["libc"]}},{"name":"gmake","hash":"jm53zwquasrl54we3del5c5ligtc6cs7","parameters":{"deptypes":["build"],"virtuals":[]}}],"hash":"62izf37h4ad7qwfk7o3pvbi24i5awx6d"},"343vrrbdo7dqfv24xpettci62e4psgdh":{"name":"cudnn","version":"9.2.0.82-12","arch":{"platform":"linux","platform_os":"rhel8","target":{"name":"icelake","vendor":"GenuineIntel","features":["adx","aes","avx","avx2","avx512_bitalg","avx512_vbmi2","avx512_vnni","avx512_vpopcntdq","avx512bw","avx512cd","avx512dq","avx512f","avx512ifma","avx512vbmi","avx512vl","bmi1","bmi2","clflushopt","clwb","f16c","fma","gfni","mmx","movbe","pclmulqdq","popcnt","rdpid","rdrand","rdseed","sha_ni","sse","sse2","sse4_1","sse4_2","ssse3","vaes","vpclmulqdq","xsavec","xsaveopt"],"generation":0,"parents":["cascadelake","cannonlake"],"cpupart":""}},"compiler":{"name":"nvhpc","version":"25.11"},"namespace":"builtin","parameters":{"build_system":"generic","cflags":[],"cppflags":[],"cxxflags":[],"fflags":[],"ldflags":[],"ldlibs":[]},"package_hash":"uccfq4ldxnmkd3i3q2ulvefnbloxq4e666qelq5vwvexyeey2wcq====","dependencies":[{"name":"cuda","hash":"5bkw73bbquwl6ntmt2j4ox7j426xn22m","parameters":{"deptypes":["build","link"],"virtuals":[]}},{"name":"glibc","hash":"gn64ar57vc6pc5faj3l6kbwyy54srftz","parameters":{"deptypes":["link"],"virtuals":["libc"]}}],"hash":"343vrrbdo7dqfv24xpettci62e4psgdh"},"dznqput45gxrilnlfw56vsihscwgpwjj":{"name":"hdf5","version":"1.14.3","arch":{"platform":"linux","platform_os":"rhel8","target":{"name":"icelake","vendor":"GenuineIntel","features":["adx","aes","avx","avx2","avx512_bitalg","avx512_vbmi2","avx512_vnni","avx512_vpopcntdq","avx512bw","avx512cd","avx512dq","avx512f","avx512ifma","avx512vbmi","avx512vl","bmi1","bmi2","clflushopt","clwb","f16c","fma","gfni","mmx","movbe","pclmulqdq","popcnt","rdpid","rdrand","rdseed","sha_ni","sse","sse2","sse4_1","sse4_2","ssse3","vaes","vpclmulqdq","xsavec","xsaveopt"],"generation":0,"parents":["cascadelake","cannonlake"],"cpupart":""}},"compiler":{"name":"nvhpc","version":"25.11"},"namespace":"builtin","parameters":{"api":"default","build_system":"cmake","build_type":"Release","cxx":false,"fortran":true,"generator":"make","hl":true,"ipo":false,"java":false,"map":false,"mpi":true,"patches":["82088c8da2dcd8d138e60a1bb23f9fc203ea5f7bb40c698ca1d549b82dd40bc0"],"shared":true,"subfiling":false,"szip":false,"threadsafe":false,"tools":true,"cflags":[],"cppflags":[],"cxxflags":[],"fflags":[],"ldflags":[],"ldlibs":[]},"patches":["82088c8da2dcd8d138e60a1bb23f9fc203ea5f7bb40c698ca1d549b82dd40bc0"],"package_hash":"7ie3t5gzvrwgtdqckxavl6sx6j5rta2vakpiu7yyennwzpfrc5ta====","dependencies":[{"name":"cmake","hash":"4gukwav3otqufuydwmpotyhjwjyocuhh","parameters":{"deptypes":["build"],"virtuals":[]}},{"name":"glibc","hash":"gn64ar57vc6pc5faj3l6kbwyy54srftz","parameters":{"deptypes":["link"],"virtuals":["libc"]}},{"name":"gmake","hash":"jm53zwquasrl54we3del5c5ligtc6cs7","parameters":{"deptypes":["build"],"virtuals":[]}},{"name":"hpcx-mpi","hash":"bsrubqdukvbc556dldlipobx3pfffg4v","parameters":{"deptypes":["build","link"],"virtuals":["mpi"]}},{"name":"pkgconf","hash":"dlgsuavgaoysqfaqwpusytfsuut52qsw","parameters":{"deptypes":["run"],"virtuals":["pkgconfig"]}},{"name":"zlib-ng","hash":"62izf37h4ad7qwfk7o3pvbi24i5awx6d","parameters":{"deptypes":["build","link"],"virtuals":["zlib-api"]}}],"hash":"dznqput45gxrilnlfw56vsihscwgpwjj"},"4gukwav3otqufuydwmpotyhjwjyocuhh":{"name":"cmake","version":"4.1.2","arch":{"platform":"linux","platform_os":"rhel8","target":{"name":"icelake","vendor":"GenuineIntel","features":["adx","aes","avx","avx2","avx512_bitalg","avx512_vbmi2","avx512_vnni","avx512_vpopcntdq","avx512bw","avx512cd","avx512dq","avx512f","avx512ifma","avx512vbmi","avx512vl","bmi1","bmi2","clflushopt","clwb","f16c","fma","gfni","mmx","movbe","pclmulqdq","popcnt","rdpid","rdrand","rdseed","sha_ni","sse","sse2","sse4_1","sse4_2","ssse3","vaes","vpclmulqdq","xsavec","xsaveopt"],"generation":0,"parents":["cascadelake","cannonlake"],"cpupart":""}},"compiler":{"name":"gcc","version":"12.2.0"},"namespace":"deploy_dev_25_03","parameters":{"build_system":"generic","build_type":"Release","doc":false,"ncurses":true,"ownlibs":true,"qtgui":false,"cflags":[],"cppflags":[],"cxxflags":[],"fflags":[],"ldflags":[],"ldlibs":[]},"package_hash":"og7rreiur7zpuvx6d2xig6znmr5meaquvxhqotwoygefqxaglyha====","dependencies":[{"name":"curl","hash":"bqkqda33r5y7ki2n6bp6g6vdwd6itqdj","parameters":{"deptypes":["build","link"],"virtuals":[]}},{"name":"gcc-runtime","hash":"hfepulgwep2vial7ihx7o5dsqn4m3mt5","parameters":{"deptypes":["link"],"virtuals":[]}},{"name":"glibc","hash":"gn64ar57vc6pc5faj3l6kbwyy54srftz","parameters":{"deptypes":["link"],"virtuals":["libc"]}},{"name":"gmake","hash":"xodm3rj4ydlbyxifn24r3cueroiju5ul","parameters":{"deptypes":["build","link"],"virtuals":[]}},{"name":"ncurses","hash":"gzo7ldzhs2gmiizcdamzvkhuqli7idjz","parameters":{"deptypes":["build","link"],"virtuals":[]}},{"name":"zlib-ng","hash":"62izf37h4ad7qwfk7o3pvbi24i5awx6d","parameters":{"deptypes":["build","link"],"virtuals":["zlib-api"]}}],"hash":"4gukwav3otqufuydwmpotyhjwjyocuhh"},"bqkqda33r5y7ki2n6bp6g6vdwd6itqdj":{"name":"curl","version":"8.7.1","arch":{"platform":"linux","platform_os":"rhel8","target":{"name":"icelake","vendor":"GenuineIntel","features":["adx","aes","avx","avx2","avx512_bitalg","avx512_vbmi2","avx512_vnni","avx512_vpopcntdq","avx512bw","avx512cd","avx512dq","avx512f","avx512ifma","avx512vbmi","avx512vl","bmi1","bmi2","clflushopt","clwb","f16c","fma","gfni","mmx","movbe","pclmulqdq","popcnt","rdpid","rdrand","rdseed","sha_ni","sse","sse2","sse4_1","sse4_2","ssse3","vaes","vpclmulqdq","xsavec","xsaveopt"],"generation":0,"parents":["cascadelake","cannonlake"],"cpupart":""}},"compiler":{"name":"nvhpc","version":"25.11"},"namespace":"builtin","parameters":{"build_system":"autotools","gssapi":false,"ldap":false,"libidn2":false,"librtmp":false,"libs":["shared","static"],"libssh":false,"libssh2":false,"nghttp2":true,"tls":["openssl"],"cflags":[],"cppflags":[],"cxxflags":[],"fflags":[],"ldflags":[],"ldlibs":[]},"package_hash":"kcgsfmigaqmusztsy67k2gfkizipob2uj5o5yub2i4onsxph454q====","dependencies":[{"name":"glibc","hash":"gn64ar57vc6pc5faj3l6kbwyy54srftz","parameters":{"deptypes":["link"],"virtuals":["libc"]}},{"name":"gmake","hash":"jm53zwquasrl54we3del5c5ligtc6cs7","parameters":{"deptypes":["build"],"virtuals":[]}},{"name":"nghttp2","hash":"26yeazrywbwbly2zetgqwriaxkhvyynu","parameters":{"deptypes":["build","link"],"virtuals":[]}},{"name":"openssl","hash":"nbwdtv7db72452ecomb2ws3wldpea25t","parameters":{"deptypes":["build","link"],"virtuals":[]}},{"name":"perl","hash":"5qxsajamvridz64klpotjezsdk7wf2bc","parameters":{"deptypes":["build"],"virtuals":[]}},{"name":"pkgconf","hash":"dlgsuavgaoysqfaqwpusytfsuut52qsw","parameters":{"deptypes":["build"],"virtuals":["pkgconfig"]}},{"name":"zlib-ng","hash":"62izf37h4ad7qwfk7o3pvbi24i5awx6d","parameters":{"deptypes":["build","link"],"virtuals":["zlib-api"]}}],"hash":"bqkqda33r5y7ki2n6bp6g6vdwd6itqdj"},"26yeazrywbwbly2zetgqwriaxkhvyynu":{"name":"nghttp2","version":"1.57.0","arch":{"platform":"linux","platform_os":"rhel8","target":{"name":"icelake","vendor":"GenuineIntel","features":["adx","aes","avx","avx2","avx512_bitalg","avx512_vbmi2","avx512_vnni","avx512_vpopcntdq","avx512bw","avx512cd","avx512dq","avx512f","avx512ifma","avx512vbmi","avx512vl","bmi1","bmi2","clflushopt","clwb","f16c","fma","gfni","mmx","movbe","pclmulqdq","popcnt","rdpid","rdrand","rdseed","sha_ni","sse","sse2","sse4_1","sse4_2","ssse3","vaes","vpclmulqdq","xsavec","xsaveopt"],"generation":0,"parents":["cascadelake","cannonlake"],"cpupart":""}},"compiler":{"name":"nvhpc","version":"25.11"},"namespace":"builtin","parameters":{"build_system":"autotools","cflags":[],"cppflags":[],"cxxflags":[],"fflags":[],"ldflags":[],"ldlibs":[]},"package_hash":"an6j5vcr2fqzbz5rhpat55twtjz2zg63emluqnh2znach4lpivna====","dependencies":[{"name":"diffutils","hash":"n3mvn42op7gkibowla3zc6sh5pudc6hd","parameters":{"deptypes":["build"],"virtuals":[]}},{"name":"glibc","hash":"gn64ar57vc6pc5faj3l6kbwyy54srftz","parameters":{"deptypes":["link"],"virtuals":["libc"]}},{"name":"gmake","hash":"jm53zwquasrl54we3del5c5ligtc6cs7","parameters":{"deptypes":["build"],"virtuals":[]}},{"name":"pkgconf","hash":"dlgsuavgaoysqfaqwpusytfsuut52qsw","parameters":{"deptypes":["build"],"virtuals":["pkgconfig"]}}],"hash":"26yeazrywbwbly2zetgqwriaxkhvyynu"},"n3mvn42op7gkibowla3zc6sh5pudc6hd":{"name":"diffutils","version":"3.7","arch":{"platform":"linux","platform_os":"rhel8","target":{"name":"icelake","vendor":"GenuineIntel","features":["adx","aes","avx","avx2","avx512_bitalg","avx512_vbmi2","avx512_vnni","avx512_vpopcntdq","avx512bw","avx512cd","avx512dq","avx512f","avx512ifma","avx512vbmi","avx512vl","bmi1","bmi2","clflushopt","clwb","f16c","fma","gfni","mmx","movbe","pclmulqdq","popcnt","rdpid","rdrand","rdseed","sha_ni","sse","sse2","sse4_1","sse4_2","ssse3","vaes","vpclmulqdq","xsavec","xsaveopt"],"generation":0,"parents":["cascadelake","cannonlake"],"cpupart":""}},"compiler":{"name":"nvhpc","version":"25.11"},"namespace":"builtin","parameters":{"build_system":"autotools","patches":["6e42dc243f17aab29fd167f060f5bc1f08813e03368eb301b43c95d4b1386681"],"cflags":[],"cppflags":[],"cxxflags":[],"fflags":[],"ldflags":[],"ldlibs":[]},"patches":["6e42dc243f17aab29fd167f060f5bc1f08813e03368eb301b43c95d4b1386681"],"package_hash":"ovtu5csar2c2snu4ltmnbvb6knuki5pn73o6lrip5tg7qswzefjq====","dependencies":[{"name":"glibc","hash":"gn64ar57vc6pc5faj3l6kbwyy54srftz","parameters":{"deptypes":["link"],"virtuals":["libc"]}},{"name":"gmake","hash":"jm53zwquasrl54we3del5c5ligtc6cs7","parameters":{"deptypes":["build"],"virtuals":[]}},{"name":"libiconv","hash":"eaqmwgv2sz3iqdyjivjpkjccmups5tyu","parameters":{"deptypes":["build","link"],"virtuals":["iconv"]}}],"hash":"n3mvn42op7gkibowla3zc6sh5pudc6hd"},"nbwdtv7db72452ecomb2ws3wldpea25t":{"name":"openssl","version":"1.1.1k","arch":{"platform":"linux","platform_os":"rhel8","target":{"name":"icelake","vendor":"GenuineIntel","features":["adx","aes","avx","avx2","avx512_bitalg","avx512_vbmi2","avx512_vnni","avx512_vpopcntdq","avx512bw","avx512cd","avx512dq","avx512f","avx512ifma","avx512vbmi","avx512vl","bmi1","bmi2","clflushopt","clwb","f16c","fma","gfni","mmx","movbe","pclmulqdq","popcnt","rdpid","rdrand","rdseed","sha_ni","sse","sse2","sse4_1","sse4_2","ssse3","vaes","vpclmulqdq","xsavec","xsaveopt"],"generation":0,"parents":["cascadelake","cannonlake"],"cpupart":""}},"compiler":{"name":"nvhpc","version":"25.11"},"namespace":"builtin","parameters":{"build_system":"generic","certs":"mozilla","docs":false,"shared":true,"cflags":[],"cppflags":[],"cxxflags":[],"fflags":[],"ldflags":[],"ldlibs":[]},"external":{"path":"/usr","module":null,"extra_attributes":{}},"package_hash":"td2kidqyvtsrjfyaxyeokl4qjnxq22qiitump5bdrrrb2mcrinma====","hash":"nbwdtv7db72452ecomb2ws3wldpea25t"},"5qxsajamvridz64klpotjezsdk7wf2bc":{"name":"perl","version":"5.38.0","arch":{"platform":"linux","platform_os":"rhel8","target":{"name":"icelake","vendor":"GenuineIntel","features":["adx","aes","avx","avx2","avx512_bitalg","avx512_vbmi2","avx512_vnni","avx512_vpopcntdq","avx512bw","avx512cd","avx512dq","avx512f","avx512ifma","avx512vbmi","avx512vl","bmi1","bmi2","clflushopt","clwb","f16c","fma","gfni","mmx","movbe","pclmulqdq","popcnt","rdpid","rdrand","rdseed","sha_ni","sse","sse2","sse4_1","sse4_2","ssse3","vaes","vpclmulqdq","xsavec","xsaveopt"],"generation":0,"parents":["cascadelake","cannonlake"],"cpupart":""}},"compiler":{"name":"nvhpc","version":"25.11"},"namespace":"builtin","parameters":{"build_system":"generic","cpanm":true,"opcode":true,"open":true,"patches":["714e4d1c7496e6b23834e7c88da3d69139418860fbc488fe82fd226b450a4be7"],"shared":true,"threads":true,"cflags":[],"cppflags":[],"cxxflags":[],"fflags":[],"ldflags":[],"ldlibs":[]},"patches":["714e4d1c7496e6b23834e7c88da3d69139418860fbc488fe82fd226b450a4be7"],"package_hash":"ta4gjmwr42nirckhlozeuijm5sx4pvf76ydo7ee5ixwwcttrhxha====","dependencies":[{"name":"berkeley-db","hash":"3e6m7pfp24hgx44jxn2reximmu7jysjs","parameters":{"deptypes":["build","link"],"virtuals":[]}},{"name":"bzip2","hash":"7yemscenzgnwhjerzkd6ws2qkwnovnaa","parameters":{"deptypes":["build","link"],"virtuals":[]}},{"name":"gdbm","hash":"qohvsn37iko4faqypnjtvwjy4st7hiek","parameters":{"deptypes":["build","link"],"virtuals":[]}},{"name":"glibc","hash":"gn64ar57vc6pc5faj3l6kbwyy54srftz","parameters":{"deptypes":["link"],"virtuals":["libc"]}},{"name":"gmake","hash":"jm53zwquasrl54we3del5c5ligtc6cs7","parameters":{"deptypes":["build"],"virtuals":[]}},{"name":"zlib-ng","hash":"62izf37h4ad7qwfk7o3pvbi24i5awx6d","parameters":{"deptypes":["build","link"],"virtuals":["zlib-api"]}}],"hash":"5qxsajamvridz64klpotjezsdk7wf2bc"},"3e6m7pfp24hgx44jxn2reximmu7jysjs":{"name":"berkeley-db","version":"18.1.40","arch":{"platform":"linux","platform_os":"rhel8","target":{"name":"icelake","vendor":"GenuineIntel","features":["adx","aes","avx","avx2","avx512_bitalg","avx512_vbmi2","avx512_vnni","avx512_vpopcntdq","avx512bw","avx512cd","avx512dq","avx512f","avx512ifma","avx512vbmi","avx512vl","bmi1","bmi2","clflushopt","clwb","f16c","fma","gfni","mmx","movbe","pclmulqdq","popcnt","rdpid","rdrand","rdseed","sha_ni","sse","sse2","sse4_1","sse4_2","ssse3","vaes","vpclmulqdq","xsavec","xsaveopt"],"generation":0,"parents":["cascadelake","cannonlake"],"cpupart":""}},"compiler":{"name":"nvhpc","version":"25.11"},"namespace":"builtin","parameters":{"build_system":"autotools","cxx":true,"docs":false,"patches":["26090f418891757af46ac3b89a9f43d6eb5989f7a3dce3d1cfc99fba547203b3","b231fcc4d5cff05e5c3a4814f6a5af0e9a966428dc2176540d2c05aff41de522"],"stl":true,"cflags":[],"cppflags":[],"cxxflags":[],"fflags":[],"ldflags":[],"ldlibs":[]},"patches":["b231fcc4d5cff05e5c3a4814f6a5af0e9a966428dc2176540d2c05aff41de522","26090f418891757af46ac3b89a9f43d6eb5989f7a3dce3d1cfc99fba547203b3"],"package_hash":"h57ydfn33zevvzctzzioiiwjwe362izbbwncb6a26dfeno4y7tda====","dependencies":[{"name":"glibc","hash":"gn64ar57vc6pc5faj3l6kbwyy54srftz","parameters":{"deptypes":["link"],"virtuals":["libc"]}},{"name":"gmake","hash":"jm53zwquasrl54we3del5c5ligtc6cs7","parameters":{"deptypes":["build"],"virtuals":[]}}],"hash":"3e6m7pfp24hgx44jxn2reximmu7jysjs"},"7yemscenzgnwhjerzkd6ws2qkwnovnaa":{"name":"bzip2","version":"1.0.8","arch":{"platform":"linux","platform_os":"rhel8","target":{"name":"icelake","vendor":"GenuineIntel","features":["adx","aes","avx","avx2","avx512_bitalg","avx512_vbmi2","avx512_vnni","avx512_vpopcntdq","avx512bw","avx512cd","avx512dq","avx512f","avx512ifma","avx512vbmi","avx512vl","bmi1","bmi2","clflushopt","clwb","f16c","fma","gfni","mmx","movbe","pclmulqdq","popcnt","rdpid","rdrand","rdseed","sha_ni","sse","sse2","sse4_1","sse4_2","ssse3","vaes","vpclmulqdq","xsavec","xsaveopt"],"generation":0,"parents":["cascadelake","cannonlake"],"cpupart":""}},"compiler":{"name":"nvhpc","version":"25.11"},"namespace":"builtin","parameters":{"build_system":"generic","debug":false,"pic":false,"shared":true,"cflags":[],"cppflags":[],"cxxflags":[],"fflags":[],"ldflags":[],"ldlibs":[]},"package_hash":"wa33h4h2abj7tx5cndixz7bdwu5fspdaf2kjlqsinnearayw6fra====","dependencies":[{"name":"diffutils","hash":"n3mvn42op7gkibowla3zc6sh5pudc6hd","parameters":{"deptypes":["build"],"virtuals":[]}},{"name":"glibc","hash":"gn64ar57vc6pc5faj3l6kbwyy54srftz","parameters":{"deptypes":["link"],"virtuals":["libc"]}},{"name":"gmake","hash":"jm53zwquasrl54we3del5c5ligtc6cs7","parameters":{"deptypes":["build"],"virtuals":[]}}],"hash":"7yemscenzgnwhjerzkd6ws2qkwnovnaa"},"qohvsn37iko4faqypnjtvwjy4st7hiek":{"name":"gdbm","version":"1.23","arch":{"platform":"linux","platform_os":"rhel8","target":{"name":"icelake","vendor":"GenuineIntel","features":["adx","aes","avx","avx2","avx512_bitalg","avx512_vbmi2","avx512_vnni","avx512_vpopcntdq","avx512bw","avx512cd","avx512dq","avx512f","avx512ifma","avx512vbmi","avx512vl","bmi1","bmi2","clflushopt","clwb","f16c","fma","gfni","mmx","movbe","pclmulqdq","popcnt","rdpid","rdrand","rdseed","sha_ni","sse","sse2","sse4_1","sse4_2","ssse3","vaes","vpclmulqdq","xsavec","xsaveopt"],"generation":0,"parents":["cascadelake","cannonlake"],"cpupart":""}},"compiler":{"name":"nvhpc","version":"25.11"},"namespace":"builtin","parameters":{"build_system":"autotools","cflags":[],"cppflags":[],"cxxflags":[],"fflags":[],"ldflags":[],"ldlibs":[]},"package_hash":"liepxl6phlcxbgfmibxafhewtihlgaa4x3hko37ckqlafhxkrgdq====","dependencies":[{"name":"glibc","hash":"gn64ar57vc6pc5faj3l6kbwyy54srftz","parameters":{"deptypes":["link"],"virtuals":["libc"]}},{"name":"gmake","hash":"jm53zwquasrl54we3del5c5ligtc6cs7","parameters":{"deptypes":["build"],"virtuals":[]}},{"name":"readline","hash":"agex336bkudy7mhn4654wiyewxmzxsud","parameters":{"deptypes":["build","link"],"virtuals":[]}}],"hash":"qohvsn37iko4faqypnjtvwjy4st7hiek"},"agex336bkudy7mhn4654wiyewxmzxsud":{"name":"readline","version":"8.2","arch":{"platform":"linux","platform_os":"rhel8","target":{"name":"icelake","vendor":"GenuineIntel","features":["adx","aes","avx","avx2","avx512_bitalg","avx512_vbmi2","avx512_vnni","avx512_vpopcntdq","avx512bw","avx512cd","avx512dq","avx512f","avx512ifma","avx512vbmi","avx512vl","bmi1","bmi2","clflushopt","clwb","f16c","fma","gfni","mmx","movbe","pclmulqdq","popcnt","rdpid","rdrand","rdseed","sha_ni","sse","sse2","sse4_1","sse4_2","ssse3","vaes","vpclmulqdq","xsavec","xsaveopt"],"generation":0,"parents":["cascadelake","cannonlake"],"cpupart":""}},"compiler":{"name":"nvhpc","version":"25.11"},"namespace":"builtin","parameters":{"build_system":"autotools","patches":["bbf97f1ec40a929edab5aa81998c1e2ef435436c597754916e6a5868f273aff7"],"cflags":[],"cppflags":[],"cxxflags":[],"fflags":[],"ldflags":[],"ldlibs":[]},"patches":["bbf97f1ec40a929edab5aa81998c1e2ef435436c597754916e6a5868f273aff7"],"package_hash":"oww6dmr7xqgg6j7iiluonxbcl4irqnnrip4vfkjdwujncwnuhwuq====","dependencies":[{"name":"glibc","hash":"gn64ar57vc6pc5faj3l6kbwyy54srftz","parameters":{"deptypes":["link"],"virtuals":["libc"]}},{"name":"gmake","hash":"jm53zwquasrl54we3del5c5ligtc6cs7","parameters":{"deptypes":["build"],"virtuals":[]}},{"name":"ncurses","hash":"gzo7ldzhs2gmiizcdamzvkhuqli7idjz","parameters":{"deptypes":["build","link"],"virtuals":[]}}],"hash":"agex336bkudy7mhn4654wiyewxmzxsud"},"gzo7ldzhs2gmiizcdamzvkhuqli7idjz":{"name":"ncurses","version":"6.5","arch":{"platform":"linux","platform_os":"rhel8","target":{"name":"icelake","vendor":"GenuineIntel","features":["adx","aes","avx","avx2","avx512_bitalg","avx512_vbmi2","avx512_vnni","avx512_vpopcntdq","avx512bw","avx512cd","avx512dq","avx512f","avx512ifma","avx512vbmi","avx512vl","bmi1","bmi2","clflushopt","clwb","f16c","fma","gfni","mmx","movbe","pclmulqdq","popcnt","rdpid","rdrand","rdseed","sha_ni","sse","sse2","sse4_1","sse4_2","ssse3","vaes","vpclmulqdq","xsavec","xsaveopt"],"generation":0,"parents":["cascadelake","cannonlake"],"cpupart":""}},"compiler":{"name":"nvhpc","version":"25.11"},"namespace":"builtin","parameters":{"abi":"none","build_system":"autotools","patches":["7a351bc4953a4ab70dabdbea31c8db0c03d40ce505335f3b6687180dde24c535"],"symlinks":false,"termlib":true,"cflags":[],"cppflags":[],"cxxflags":[],"fflags":[],"ldflags":[],"ldlibs":[]},"patches":["7a351bc4953a4ab70dabdbea31c8db0c03d40ce505335f3b6687180dde24c535"],"package_hash":"rlqzqxoau3wwzu62x6qxlf4flon6b4n3p4zesnc6t2oyybrvnkwq====","dependencies":[{"name":"glibc","hash":"gn64ar57vc6pc5faj3l6kbwyy54srftz","parameters":{"deptypes":["link"],"virtuals":["libc"]}},{"name":"gmake","hash":"jm53zwquasrl54we3del5c5ligtc6cs7","parameters":{"deptypes":["build"],"virtuals":[]}},{"name":"pkgconf","hash":"dlgsuavgaoysqfaqwpusytfsuut52qsw","parameters":{"deptypes":["build"],"virtuals":["pkgconfig"]}}],"hash":"gzo7ldzhs2gmiizcdamzvkhuqli7idjz"},"hfepulgwep2vial7ihx7o5dsqn4m3mt5":{"name":"gcc-runtime","version":"12.2.0","arch":{"platform":"linux","platform_os":"rhel8","target":{"name":"icelake","vendor":"GenuineIntel","features":["adx","aes","avx","avx2","avx512_bitalg","avx512_vbmi2","avx512_vnni","avx512_vpopcntdq","avx512bw","avx512cd","avx512dq","avx512f","avx512ifma","avx512vbmi","avx512vl","bmi1","bmi2","clflushopt","clwb","f16c","fma","gfni","mmx","movbe","pclmulqdq","popcnt","rdpid","rdrand","rdseed","sha_ni","sse","sse2","sse4_1","sse4_2","ssse3","vaes","vpclmulqdq","xsavec","xsaveopt"],"generation":0,"parents":["cascadelake","cannonlake"],"cpupart":""}},"compiler":{"name":"gcc","version":"12.2.0"},"namespace":"builtin","parameters":{"build_system":"generic","cflags":[],"cppflags":[],"cxxflags":[],"fflags":[],"ldflags":[],"ldlibs":[]},"package_hash":"sbry3aldasmsm7cxonkbjh26n4h67jsb7ylzmrtjvxhnecjirboq====","dependencies":[{"name":"glibc","hash":"gn64ar57vc6pc5faj3l6kbwyy54srftz","parameters":{"deptypes":["link"],"virtuals":["libc"]}}],"hash":"hfepulgwep2vial7ihx7o5dsqn4m3mt5"},"xodm3rj4ydlbyxifn24r3cueroiju5ul":{"name":"gmake","version":"4.4.1","arch":{"platform":"linux","platform_os":"rhel8","target":{"name":"icelake","vendor":"GenuineIntel","features":["adx","aes","avx","avx2","avx512_bitalg","avx512_vbmi2","avx512_vnni","avx512_vpopcntdq","avx512bw","avx512cd","avx512dq","avx512f","avx512ifma","avx512vbmi","avx512vl","bmi1","bmi2","clflushopt","clwb","f16c","fma","gfni","mmx","movbe","pclmulqdq","popcnt","rdpid","rdrand","rdseed","sha_ni","sse","sse2","sse4_1","sse4_2","ssse3","vaes","vpclmulqdq","xsavec","xsaveopt"],"generation":0,"parents":["cascadelake","cannonlake"],"cpupart":""}},"compiler":{"name":"gcc","version":"12.2.0"},"namespace":"builtin","parameters":{"build_system":"generic","guile":false,"cflags":[],"cppflags":[],"cxxflags":[],"fflags":[],"ldflags":[],"ldlibs":[]},"package_hash":"ghstvqlc3r7kgiikwx24xhcxdxcqdk5viinrzgm2mssqigfonika====","dependencies":[{"name":"gcc-runtime","hash":"hfepulgwep2vial7ihx7o5dsqn4m3mt5","parameters":{"deptypes":["link"],"virtuals":[]}},{"name":"glibc","hash":"gn64ar57vc6pc5faj3l6kbwyy54srftz","parameters":{"deptypes":["link"],"virtuals":["libc"]}}],"hash":"xodm3rj4ydlbyxifn24r3cueroiju5ul"},"bsrubqdukvbc556dldlipobx3pfffg4v":{"name":"hpcx-mpi","version":"2.20","arch":{"platform":"linux","platform_os":"rhel8","target":{"name":"icelake","vendor":"GenuineIntel","features":["adx","aes","avx","avx2","avx512_bitalg","avx512_vbmi2","avx512_vnni","avx512_vpopcntdq","avx512bw","avx512cd","avx512dq","avx512f","avx512ifma","avx512vbmi","avx512vl","bmi1","bmi2","clflushopt","clwb","f16c","fma","gfni","mmx","movbe","pclmulqdq","popcnt","rdpid","rdrand","rdseed","sha_ni","sse","sse2","sse4_1","sse4_2","ssse3","vaes","vpclmulqdq","xsavec","xsaveopt"],"generation":0,"parents":["cascadelake","cannonlake"],"cpupart":""}},"compiler":{"name":"nvhpc","version":"25.11"},"namespace":"builtin","parameters":{"build_system":"generic","cflags":[],"cppflags":[],"cxxflags":[],"fflags":[],"ldflags":[],"ldlibs":[]},"external":{"path":"/leonardo/prod/spack/06/install/0.22/linux-rhel8-icelake/gcc-8.5.0/nvhpc-25.11-ayzlbce6ohpmv72ncfv4ogitmppp2usq/Linux_x86_64/25.11/comm_libs/12.9/hpcx/hpcx-2.20/ompi","module":null,"extra_attributes":{}},"package_hash":"uo4efuk5ikiudt7q7lf4exdoxjivlovexwm5chgaiwayb54std2a====","hash":"bsrubqdukvbc556dldlipobx3pfffg4v"},"7r4vm447qyfiw6uhrebyiigevmqyvazk":{"name":"nccl","version":"2.22.3-1","arch":{"platform":"linux","platform_os":"rhel8","target":{"name":"icelake","vendor":"GenuineIntel","features":["adx","aes","avx","avx2","avx512_bitalg","avx512_vbmi2","avx512_vnni","avx512_vpopcntdq","avx512bw","avx512cd","avx512dq","avx512f","avx512ifma","avx512vbmi","avx512vl","bmi1","bmi2","clflushopt","clwb","f16c","fma","gfni","mmx","movbe","pclmulqdq","popcnt","rdpid","rdrand","rdseed","sha_ni","sse","sse2","sse4_1","sse4_2","ssse3","vaes","vpclmulqdq","xsavec","xsaveopt"],"generation":0,"parents":["cascadelake","cannonlake"],"cpupart":""}},"compiler":{"name":"nvhpc","version":"25.11"},"namespace":"builtin","parameters":{"build_system":"makefile","cuda":true,"cuda_arch":["80"],"cflags":[],"cppflags":[],"cxxflags":[],"fflags":[],"ldflags":[],"ldlibs":[]},"package_hash":"wafqlwy5f6x3q7znilkcnzwqdeek32uvcspjwfydxerkiyrueiba====","dependencies":[{"name":"cuda","hash":"5bkw73bbquwl6ntmt2j4ox7j426xn22m","parameters":{"deptypes":["build","link"],"virtuals":[]}},{"name":"glibc","hash":"gn64ar57vc6pc5faj3l6kbwyy54srftz","parameters":{"deptypes":["link"],"virtuals":["libc"]}},{"name":"gmake","hash":"jm53zwquasrl54we3del5c5ligtc6cs7","parameters":{"deptypes":["build"],"virtuals":[]}},{"name":"rdma-core","hash":"qxzewarhq5xq6ay72zl3lguhc5byzzcd","parameters":{"deptypes":["build","link"],"virtuals":[]}}],"hash":"7r4vm447qyfiw6uhrebyiigevmqyvazk"},"qxzewarhq5xq6ay72zl3lguhc5byzzcd":{"name":"rdma-core","version":"43.0","arch":{"platform":"linux","platform_os":"rhel8","target":{"name":"icelake","vendor":"GenuineIntel","features":["adx","aes","avx","avx2","avx512_bitalg","avx512_vbmi2","avx512_vnni","avx512_vpopcntdq","avx512bw","avx512cd","avx512dq","avx512f","avx512ifma","avx512vbmi","avx512vl","bmi1","bmi2","clflushopt","clwb","f16c","fma","gfni","mmx","movbe","pclmulqdq","popcnt","rdpid","rdrand","rdseed","sha_ni","sse","sse2","sse4_1","sse4_2","ssse3","vaes","vpclmulqdq","xsavec","xsaveopt"],"generation":0,"parents":["cascadelake","cannonlake"],"cpupart":""}},"compiler":{"name":"nvhpc","version":"25.11"},"namespace":"builtin","parameters":{"build_system":"cmake","build_type":"Release","generator":"make","man_pages":true,"pyverbs":true,"static":true,"cflags":[],"cppflags":[],"cxxflags":[],"fflags":[],"ldflags":[],"ldlibs":[]},"external":{"path":"/usr","module":null,"extra_attributes":{}},"package_hash":"k5rsly5c2eph6bhfv26szozixcy6vucf22m2r3foipee3vejm7fa====","hash":"qxzewarhq5xq6ay72zl3lguhc5byzzcd"},"ji6tmtd4xmj5ypcz3imhm5fi2g3u7ygd":{"name":"netcdf-fortran","version":"4.6.1","arch":{"platform":"linux","platform_os":"rhel8","target":{"name":"icelake","vendor":"GenuineIntel","features":["adx","aes","avx","avx2","avx512_bitalg","avx512_vbmi2","avx512_vnni","avx512_vpopcntdq","avx512bw","avx512cd","avx512dq","avx512f","avx512ifma","avx512vbmi","avx512vl","bmi1","bmi2","clflushopt","clwb","f16c","fma","gfni","mmx","movbe","pclmulqdq","popcnt","rdpid","rdrand","rdseed","sha_ni","sse","sse2","sse4_1","sse4_2","ssse3","vaes","vpclmulqdq","xsavec","xsaveopt"],"generation":0,"parents":["cascadelake","cannonlake"],"cpupart":""}},"compiler":{"name":"nvhpc","version":"25.11"},"namespace":"builtin","parameters":{"build_system":"autotools","doc":false,"pic":true,"shared":true,"cflags":[],"cppflags":[],"cxxflags":[],"fflags":[],"ldflags":[],"ldlibs":[]},"package_hash":"fcaeawhahoo73oaxh5e3ow2aupi66xvdh6rv6gdv2eg5y3ndzqiq====","dependencies":[{"name":"glibc","hash":"gn64ar57vc6pc5faj3l6kbwyy54srftz","parameters":{"deptypes":["link"],"virtuals":["libc"]}},{"name":"gmake","hash":"jm53zwquasrl54we3del5c5ligtc6cs7","parameters":{"deptypes":["build"],"virtuals":[]}},{"name":"netcdf-c","hash":"rukoixswtjvezfqc4jct4za3ohojy7wb","parameters":{"deptypes":["build","link"],"virtuals":[]}}],"hash":"ji6tmtd4xmj5ypcz3imhm5fi2g3u7ygd"},"rukoixswtjvezfqc4jct4za3ohojy7wb":{"name":"netcdf-c","version":"4.9.2","arch":{"platform":"linux","platform_os":"rhel8","target":{"name":"icelake","vendor":"GenuineIntel","features":["adx","aes","avx","avx2","avx512_bitalg","avx512_vbmi2","avx512_vnni","avx512_vpopcntdq","avx512bw","avx512cd","avx512dq","avx512f","avx512ifma","avx512vbmi","avx512vl","bmi1","bmi2","clflushopt","clwb","f16c","fma","gfni","mmx","movbe","pclmulqdq","popcnt","rdpid","rdrand","rdseed","sha_ni","sse","sse2","sse4_1","sse4_2","ssse3","vaes","vpclmulqdq","xsavec","xsaveopt"],"generation":0,"parents":["cascadelake","cannonlake"],"cpupart":""}},"compiler":{"name":"nvhpc","version":"25.11"},"namespace":"builtin","parameters":{"blosc":false,"build_system":"autotools","byterange":false,"dap":false,"fsync":false,"hdf4":false,"jna":false,"mpi":true,"nczarr_zip":false,"optimize":true,"parallel-netcdf":false,"patches":["0161eb870fdfaf61be9d70132c9447a537320342366362e76b8460c823bf95ca"],"pic":true,"shared":true,"szip":false,"zstd":false,"cflags":[],"cppflags":[],"cxxflags":[],"fflags":[],"ldflags":[],"ldlibs":[]},"patches":["0161eb870fdfaf61be9d70132c9447a537320342366362e76b8460c823bf95ca"],"package_hash":"y74b5qjrdup27t3e6wcgbxcep6oxc2daiefmm3hwl7sox45osxha====","dependencies":[{"name":"bzip2","hash":"7yemscenzgnwhjerzkd6ws2qkwnovnaa","parameters":{"deptypes":["build","link"],"virtuals":[]}},{"name":"glibc","hash":"gn64ar57vc6pc5faj3l6kbwyy54srftz","parameters":{"deptypes":["link"],"virtuals":["libc"]}},{"name":"gmake","hash":"jm53zwquasrl54we3del5c5ligtc6cs7","parameters":{"deptypes":["build"],"virtuals":[]}},{"name":"hdf5","hash":"dznqput45gxrilnlfw56vsihscwgpwjj","parameters":{"deptypes":["build","link"],"virtuals":[]}},{"name":"hpcx-mpi","hash":"bsrubqdukvbc556dldlipobx3pfffg4v","parameters":{"deptypes":["build","link"],"virtuals":["mpi"]}},{"name":"zlib-ng","hash":"62izf37h4ad7qwfk7o3pvbi24i5awx6d","parameters":{"deptypes":["build","link"],"virtuals":["zlib-api"]}}],"hash":"rukoixswtjvezfqc4jct4za3ohojy7wb"},"xqhtkvdzqltrwa3ep37cwy3j4vzeykde":{"name":"nvhpc","version":"25.11","arch":{"platform":"linux","platform_os":"rhel8","target":{"name":"icelake","vendor":"GenuineIntel","features":["adx","aes","avx","avx2","avx512_bitalg","avx512_vbmi2","avx512_vnni","avx512_vpopcntdq","avx512bw","avx512cd","avx512dq","avx512f","avx512ifma","avx512vbmi","avx512vl","bmi1","bmi2","clflushopt","clwb","f16c","fma","gfni","mmx","movbe","pclmulqdq","popcnt","rdpid","rdrand","rdseed","sha_ni","sse","sse2","sse4_1","sse4_2","ssse3","vaes","vpclmulqdq","xsavec","xsaveopt"],"generation":0,"parents":["cascadelake","cannonlake"],"cpupart":""}},"compiler":{"name":"gcc","version":"12.2.0"},"namespace":"deploy_022_envs","parameters":{"blas":true,"build_system":"generic","default_cuda":"12.2","install_type":"single","lapack":true,"mpi":false,"cflags":[],"cppflags":[],"cxxflags":[],"fflags":[],"ldflags":[],"ldlibs":[]},"external":{"path":"/leonardo/prod/spack/06/install/0.22/linux-rhel8-icelake/gcc-8.5.0/nvhpc-25.11-ayzlbce6ohpmv72ncfv4ogitmppp2usq","module":["nvhpc/25.11"],"extra_attributes":{}},"package_hash":"xbu2okg7n6r675ho6vo544bkotrikleyor5fibfpn2lwc2zet7gq====","hash":"xqhtkvdzqltrwa3ep37cwy3j4vzeykde"},"j2oul2h4o6bqzll4ehv22upmg3q2uci6":{"name":"parallel-netcdf","version":"1.12.3","arch":{"platform":"linux","platform_os":"rhel8","target":{"name":"icelake","vendor":"GenuineIntel","features":["adx","aes","avx","avx2","avx512_bitalg","avx512_vbmi2","avx512_vnni","avx512_vpopcntdq","avx512bw","avx512cd","avx512dq","avx512f","avx512ifma","avx512vbmi","avx512vl","bmi1","bmi2","clflushopt","clwb","f16c","fma","gfni","mmx","movbe","pclmulqdq","popcnt","rdpid","rdrand","rdseed","sha_ni","sse","sse2","sse4_1","sse4_2","ssse3","vaes","vpclmulqdq","xsavec","xsaveopt"],"generation":0,"parents":["cascadelake","cannonlake"],"cpupart":""}},"compiler":{"name":"nvhpc","version":"25.11"},"namespace":"builtin","parameters":{"build_system":"autotools","burstbuffer":false,"cxx":true,"fortran":true,"pic":true,"shared":true,"cflags":[],"cppflags":[],"cxxflags":[],"fflags":[],"ldflags":[],"ldlibs":[]},"package_hash":"th5gt5332pthrwte4o2dlsgy6a7yd76ijxwgzzci7dgae636ybga====","dependencies":[{"name":"glibc","hash":"gn64ar57vc6pc5faj3l6kbwyy54srftz","parameters":{"deptypes":["link"],"virtuals":["libc"]}},{"name":"gmake","hash":"jm53zwquasrl54we3del5c5ligtc6cs7","parameters":{"deptypes":["build"],"virtuals":[]}},{"name":"hpcx-mpi","hash":"bsrubqdukvbc556dldlipobx3pfffg4v","parameters":{"deptypes":["build","link"],"virtuals":["mpi"]}},{"name":"m4","hash":"cjy23g6i5ftwjvvz2rqw4wa5wwpscivj","parameters":{"deptypes":["build"],"virtuals":[]}},{"name":"perl","hash":"5qxsajamvridz64klpotjezsdk7wf2bc","parameters":{"deptypes":["build"],"virtuals":[]}}],"hash":"j2oul2h4o6bqzll4ehv22upmg3q2uci6"},"cjy23g6i5ftwjvvz2rqw4wa5wwpscivj":{"name":"m4","version":"1.4.19","arch":{"platform":"linux","platform_os":"rhel8","target":{"name":"icelake","vendor":"GenuineIntel","features":["adx","aes","avx","avx2","avx512_bitalg","avx512_vbmi2","avx512_vnni","avx512_vpopcntdq","avx512bw","avx512cd","avx512dq","avx512f","avx512ifma","avx512vbmi","avx512vl","bmi1","bmi2","clflushopt","clwb","f16c","fma","gfni","mmx","movbe","pclmulqdq","popcnt","rdpid","rdrand","rdseed","sha_ni","sse","sse2","sse4_1","sse4_2","ssse3","vaes","vpclmulqdq","xsavec","xsaveopt"],"generation":0,"parents":["cascadelake","cannonlake"],"cpupart":""}},"compiler":{"name":"nvhpc","version":"25.11"},"namespace":"builtin","parameters":{"build_system":"autotools","patches":["6985830b7975e25a2ced4794c700a6bd64a86884748d913c1431249544697365","72bb1adbae19ab6cb787efd11997715af209d5478fca4e0c788a34a06dee12d8","9dc5fbd0d5cb1037ab1e6d0ecc74a30df218d0a94bdd5a02759a97f62daca573","bfdffa7c2eb01021d5849b36972c069693654ad826c1a20b53534009a4ec7a89"],"sigsegv":true,"cflags":[],"cppflags":[],"cxxflags":[],"fflags":[],"ldflags":[],"ldlibs":[]},"patches":["6985830b7975e25a2ced4794c700a6bd64a86884748d913c1431249544697365","72bb1adbae19ab6cb787efd11997715af209d5478fca4e0c788a34a06dee12d8","bfdffa7c2eb01021d5849b36972c069693654ad826c1a20b53534009a4ec7a89","9dc5fbd0d5cb1037ab1e6d0ecc74a30df218d0a94bdd5a02759a97f62daca573"],"package_hash":"uv3uvtcej7yfnhm6wa2cjuzmhfv3jzktfaiaw6kqnzpiqufat53q====","dependencies":[{"name":"diffutils","hash":"n3mvn42op7gkibowla3zc6sh5pudc6hd","parameters":{"deptypes":["build"],"virtuals":[]}},{"name":"glibc","hash":"gn64ar57vc6pc5faj3l6kbwyy54srftz","parameters":{"deptypes":["link"],"virtuals":["libc"]}},{"name":"gmake","hash":"jm53zwquasrl54we3del5c5ligtc6cs7","parameters":{"deptypes":["build"],"virtuals":[]}},{"name":"libsigsegv","hash":"7lyek7jyudzhtnvwwlagojajevt3wf7k","parameters":{"deptypes":["build","link"],"virtuals":[]}}],"hash":"cjy23g6i5ftwjvvz2rqw4wa5wwpscivj"},"7lyek7jyudzhtnvwwlagojajevt3wf7k":{"name":"libsigsegv","version":"2.14","arch":{"platform":"linux","platform_os":"rhel8","target":{"name":"icelake","vendor":"GenuineIntel","features":["adx","aes","avx","avx2","avx512_bitalg","avx512_vbmi2","avx512_vnni","avx512_vpopcntdq","avx512bw","avx512cd","avx512dq","avx512f","avx512ifma","avx512vbmi","avx512vl","bmi1","bmi2","clflushopt","clwb","f16c","fma","gfni","mmx","movbe","pclmulqdq","popcnt","rdpid","rdrand","rdseed","sha_ni","sse","sse2","sse4_1","sse4_2","ssse3","vaes","vpclmulqdq","xsavec","xsaveopt"],"generation":0,"parents":["cascadelake","cannonlake"],"cpupart":""}},"compiler":{"name":"nvhpc","version":"25.11"},"namespace":"builtin","parameters":{"build_system":"autotools","cflags":[],"cppflags":[],"cxxflags":[],"fflags":[],"ldflags":[],"ldlibs":[]},"package_hash":"ypp3sciaprcyojozq2c5gqugtewmr5ytjbfpycyhu6wivtky7rja====","dependencies":[{"name":"glibc","hash":"gn64ar57vc6pc5faj3l6kbwyy54srftz","parameters":{"deptypes":["link"],"virtuals":["libc"]}},{"name":"gmake","hash":"jm53zwquasrl54we3del5c5ligtc6cs7","parameters":{"deptypes":["build"],"virtuals":[]}}],"hash":"7lyek7jyudzhtnvwwlagojajevt3wf7k"}}}