{"_meta":{"file-type":"spack-lockfile","lockfile-version":5,"specfile-version":4},"spack":{"version":"0.22.2","type":"release"},"roots":[{"hash":"ou4y5pm4u3ot3q2q5kiz6qyoldesfltg","spec":"binutils@2.42%gcc@12.2.0"},{"hash":"hbzxb34lpdf6ndmkji3f3iuqltkv6hru","spec":"cuda@12.2.2%nvhpc@26.3"},{"hash":"y5nvzf6xbfbnuwvgco2fbve3uum4iy4q","spec":"cudnn@9.23.0.39-12%nvhpc@26.3"},{"hash":"vxvpo4lqarnok2twvvf2qzihr3w4ngnz","spec":"hdf5@1.14.3%nvhpc@26.3"},{"hash":"t2yx47egh5taxe5kaqxx23bkukr7elzj","spec":"nccl@2.22.3-1%nvhpc@26.3 cuda_arch=80"},{"hash":"4z7azizrg3n5242s7zsnvfhjbzrofbpb","spec":"netcdf-c@4.9.2%nvhpc@26.3"},{"hash":"fseq7i27jlkrfc6azw3qf6abfurt2ahd","spec":"netcdf-fortran@4.6.1%nvhpc@26.3"},{"hash":"kz4rfdln73od7nqm6eutscfygcmvb6jq","spec":"nvhpc@26.3%gcc@12.2.0+blas+lapack~mpi default_cuda=12.2"},{"hash":"osugjkvn7r5k6tt7dqyeddk7vt5mzc7u","spec":"parallel-netcdf@1.12.3%nvhpc@26.3"}],"concrete_specs":{"ou4y5pm4u3ot3q2q5kiz6qyoldesfltg":{"name":"binutils","version":"2.42","arch":{"platform":"linux","platform_os":"rhel8","target":{"name":"icelake","vendor":"GenuineIntel","features":["adx","aes","avx","avx2","avx512_bitalg","avx512_vbmi2","avx512_vnni","avx512_vpopcntdq","avx512bw","avx512cd","avx512dq","avx512f","avx512ifma","avx512vbmi","avx512vl","bmi1","bmi2","clflushopt","clwb","f16c","fma","gfni","mmx","movbe","pclmulqdq","popcnt","rdpid","rdrand","rdseed","sha_ni","sse","sse2","sse4_1","sse4_2","ssse3","vaes","vpclmulqdq","xsavec","xsaveopt"],"generation":0,"parents":["cascadelake","cannonlake"],"cpupart":""}},"compiler":{"name":"gcc","version":"12.2.0"},"namespace":"builtin","parameters":{"build_system":"autotools","compress_debug_sections":"zlib","gas":true,"gold":false,"gprofng":false,"headers":false,"interwork":false,"ld":true,"libiberty":false,"libs":["shared","static"],"lto":false,"nls":false,"pgo":false,"plugins":true,"cflags":[],"cppflags":[],"cxxflags":[],"fflags":[],"ldflags":[],"ldlibs":[]},"package_hash":"t3opynkwr3j3bpdsiyxgx4ilrzevgxfstwbx25pqbtw6wwlrylzq====","dependencies":[{"name":"diffutils","hash":"kbwn7tgnn5zpxkgyntdebdavrab4fs46","parameters":{"deptypes":["build"],"virtuals":[]}},{"name":"gcc-runtime","hash":"wym2hljqmkc6j27af7cw7ptdfr53ztoq","parameters":{"deptypes":["link"],"virtuals":[]}},{"name":"glibc","hash":"cv3b2k4kem4eshrz7blta6sh5w2r7ajp","parameters":{"deptypes":["link"],"virtuals":["libc"]}},{"name":"gmake","hash":"grgfnoojy2jrl7tkr2xtrqcvpunaz7vt","parameters":{"deptypes":["build"],"virtuals":[]}},{"name":"pkgconf","hash":"pohnm3bvve53ktu2ppcx2hm6frebj7u6","parameters":{"deptypes":["build"],"virtuals":["pkgconfig"]}},{"name":"zlib-ng","hash":"4aooqceaon7jpboopadqndidfyxww7sv","parameters":{"deptypes":["build","link"],"virtuals":["zlib-api"]}},{"name":"zstd","hash":"n3546nix4umlw7j6u3hu55ai7otzmyly","parameters":{"deptypes":["build","link"],"virtuals":[]}}],"hash":"ou4y5pm4u3ot3q2q5kiz6qyoldesfltg"},"kbwn7tgnn5zpxkgyntdebdavrab4fs46":{"name":"diffutils","version":"3.7","arch":{"platform":"linux","platform_os":"rhel8","target":{"name":"icelake","vendor":"GenuineIntel","features":["adx","aes","avx","avx2","avx512_bitalg","avx512_vbmi2","avx512_vnni","avx512_vpopcntdq","avx512bw","avx512cd","avx512dq","avx512f","avx512ifma","avx512vbmi","avx512vl","bmi1","bmi2","clflushopt","clwb","f16c","fma","gfni","mmx","movbe","pclmulqdq","popcnt","rdpid","rdrand","rdseed","sha_ni","sse","sse2","sse4_1","sse4_2","ssse3","vaes","vpclmulqdq","xsavec","xsaveopt"],"generation":0,"parents":["cascadelake","cannonlake"],"cpupart":""}},"compiler":{"name":"nvhpc","version":"26.3"},"namespace":"builtin","parameters":{"build_system":"autotools","patches":["6e42dc243f17aab29fd167f060f5bc1f08813e03368eb301b43c95d4b1386681"],"cflags":[],"cppflags":[],"cxxflags":[],"fflags":[],"ldflags":[],"ldlibs":[]},"patches":["6e42dc243f17aab29fd167f060f5bc1f08813e03368eb301b43c95d4b1386681"],"package_hash":"ovtu5csar2c2snu4ltmnbvb6knuki5pn73o6lrip5tg7qswzefjq====","dependencies":[{"name":"glibc","hash":"cv3b2k4kem4eshrz7blta6sh5w2r7ajp","parameters":{"deptypes":["link"],"virtuals":["libc"]}},{"name":"gmake","hash":"2vviymcqppnynwxnd6drawmganyskwp4","parameters":{"deptypes":["build"],"virtuals":[]}},{"name":"libiconv","hash":"tywl2mk5b2dbg7imkc5byzlpa6jxjsxn","parameters":{"deptypes":["build","link"],"virtuals":["iconv"]}}],"hash":"kbwn7tgnn5zpxkgyntdebdavrab4fs46"},"cv3b2k4kem4eshrz7blta6sh5w2r7ajp":{"name":"glibc","version":"2.28","arch":{"platform":"linux","platform_os":"rhel8","target":{"name":"icelake","vendor":"GenuineIntel","features":["adx","aes","avx","avx2","avx512_bitalg","avx512_vbmi2","avx512_vnni","avx512_vpopcntdq","avx512bw","avx512cd","avx512dq","avx512f","avx512ifma","avx512vbmi","avx512vl","bmi1","bmi2","clflushopt","clwb","f16c","fma","gfni","mmx","movbe","pclmulqdq","popcnt","rdpid","rdrand","rdseed","sha_ni","sse","sse2","sse4_1","sse4_2","ssse3","vaes","vpclmulqdq","xsavec","xsaveopt"],"generation":0,"parents":["cascadelake","cannonlake"],"cpupart":""}},"compiler":{"name":"nvhpc","version":"26.3"},"namespace":"builtin","parameters":{"build_system":"autotools","cflags":[],"cppflags":[],"cxxflags":[],"fflags":[],"ldflags":[],"ldlibs":[]},"external":{"path":"/usr","module":null,"extra_attributes":{}},"package_hash":"riktbfk2yybad7tgbvdkntk5c5msjcm5pk3x7naszgbvfm57h4rq====","hash":"cv3b2k4kem4eshrz7blta6sh5w2r7ajp"},"2vviymcqppnynwxnd6drawmganyskwp4":{"name":"gmake","version":"4.4.1","arch":{"platform":"linux","platform_os":"rhel8","target":{"name":"icelake","vendor":"GenuineIntel","features":["adx","aes","avx","avx2","avx512_bitalg","avx512_vbmi2","avx512_vnni","avx512_vpopcntdq","avx512bw","avx512cd","avx512dq","avx512f","avx512ifma","avx512vbmi","avx512vl","bmi1","bmi2","clflushopt","clwb","f16c","fma","gfni","mmx","movbe","pclmulqdq","popcnt","rdpid","rdrand","rdseed","sha_ni","sse","sse2","sse4_1","sse4_2","ssse3","vaes","vpclmulqdq","xsavec","xsaveopt"],"generation":0,"parents":["cascadelake","cannonlake"],"cpupart":""}},"compiler":{"name":"nvhpc","version":"26.3"},"namespace":"builtin","parameters":{"build_system":"generic","guile":false,"cflags":[],"cppflags":[],"cxxflags":[],"fflags":[],"ldflags":[],"ldlibs":[]},"package_hash":"ghstvqlc3r7kgiikwx24xhcxdxcqdk5viinrzgm2mssqigfonika====","dependencies":[{"name":"glibc","hash":"cv3b2k4kem4eshrz7blta6sh5w2r7ajp","parameters":{"deptypes":["link"],"virtuals":["libc"]}}],"hash":"2vviymcqppnynwxnd6drawmganyskwp4"},"tywl2mk5b2dbg7imkc5byzlpa6jxjsxn":{"name":"libiconv","version":"1.17","arch":{"platform":"linux","platform_os":"rhel8","target":{"name":"icelake","vendor":"GenuineIntel","features":["adx","aes","avx","avx2","avx512_bitalg","avx512_vbmi2","avx512_vnni","avx512_vpopcntdq","avx512bw","avx512cd","avx512dq","avx512f","avx512ifma","avx512vbmi","avx512vl","bmi1","bmi2","clflushopt","clwb","f16c","fma","gfni","mmx","movbe","pclmulqdq","popcnt","rdpid","rdrand","rdseed","sha_ni","sse","sse2","sse4_1","sse4_2","ssse3","vaes","vpclmulqdq","xsavec","xsaveopt"],"generation":0,"parents":["cascadelake","cannonlake"],"cpupart":""}},"compiler":{"name":"nvhpc","version":"26.3"},"namespace":"builtin","parameters":{"build_system":"autotools","libs":["shared","static"],"cflags":[],"cppflags":[],"cxxflags":[],"fflags":[],"ldflags":[],"ldlibs":[]},"package_hash":"hx2hgtfxuafavkaf2rp3hjq7ttx4zuoyareduhx25lb4a5b64sua====","dependencies":[{"name":"glibc","hash":"cv3b2k4kem4eshrz7blta6sh5w2r7ajp","parameters":{"deptypes":["link"],"virtuals":["libc"]}},{"name":"gmake","hash":"2vviymcqppnynwxnd6drawmganyskwp4","parameters":{"deptypes":["build"],"virtuals":[]}}],"hash":"tywl2mk5b2dbg7imkc5byzlpa6jxjsxn"},"wym2hljqmkc6j27af7cw7ptdfr53ztoq":{"name":"gcc-runtime","version":"12.2.0","arch":{"platform":"linux","platform_os":"rhel8","target":{"name":"icelake","vendor":"GenuineIntel","features":["adx","aes","avx","avx2","avx512_bitalg","avx512_vbmi2","avx512_vnni","avx512_vpopcntdq","avx512bw","avx512cd","avx512dq","avx512f","avx512ifma","avx512vbmi","avx512vl","bmi1","bmi2","clflushopt","clwb","f16c","fma","gfni","mmx","movbe","pclmulqdq","popcnt","rdpid","rdrand","rdseed","sha_ni","sse","sse2","sse4_1","sse4_2","ssse3","vaes","vpclmulqdq","xsavec","xsaveopt"],"generation":0,"parents":["cascadelake","cannonlake"],"cpupart":""}},"compiler":{"name":"gcc","version":"12.2.0"},"namespace":"builtin","parameters":{"build_system":"generic","cflags":[],"cppflags":[],"cxxflags":[],"fflags":[],"ldflags":[],"ldlibs":[]},"package_hash":"sbry3aldasmsm7cxonkbjh26n4h67jsb7ylzmrtjvxhnecjirboq====","dependencies":[{"name":"glibc","hash":"cv3b2k4kem4eshrz7blta6sh5w2r7ajp","parameters":{"deptypes":["link"],"virtuals":["libc"]}}],"hash":"wym2hljqmkc6j27af7cw7ptdfr53ztoq"},"grgfnoojy2jrl7tkr2xtrqcvpunaz7vt":{"name":"gmake","version":"4.4.1","arch":{"platform":"linux","platform_os":"rhel8","target":{"name":"icelake","vendor":"GenuineIntel","features":["adx","aes","avx","avx2","avx512_bitalg","avx512_vbmi2","avx512_vnni","avx512_vpopcntdq","avx512bw","avx512cd","avx512dq","avx512f","avx512ifma","avx512vbmi","avx512vl","bmi1","bmi2","clflushopt","clwb","f16c","fma","gfni","mmx","movbe","pclmulqdq","popcnt","rdpid","rdrand","rdseed","sha_ni","sse","sse2","sse4_1","sse4_2","ssse3","vaes","vpclmulqdq","xsavec","xsaveopt"],"generation":0,"parents":["cascadelake","cannonlake"],"cpupart":""}},"compiler":{"name":"gcc","version":"12.2.0"},"namespace":"builtin","parameters":{"build_system":"generic","guile":false,"cflags":[],"cppflags":[],"cxxflags":[],"fflags":[],"ldflags":[],"ldlibs":[]},"package_hash":"ghstvqlc3r7kgiikwx24xhcxdxcqdk5viinrzgm2mssqigfonika====","dependencies":[{"name":"gcc-runtime","hash":"wym2hljqmkc6j27af7cw7ptdfr53ztoq","parameters":{"deptypes":["link"],"virtuals":[]}},{"name":"glibc","hash":"cv3b2k4kem4eshrz7blta6sh5w2r7ajp","parameters":{"deptypes":["link"],"virtuals":["libc"]}}],"hash":"grgfnoojy2jrl7tkr2xtrqcvpunaz7vt"},"pohnm3bvve53ktu2ppcx2hm6frebj7u6":{"name":"pkgconf","version":"2.2.0","arch":{"platform":"linux","platform_os":"rhel8","target":{"name":"icelake","vendor":"GenuineIntel","features":["adx","aes","avx","avx2","avx512_bitalg","avx512_vbmi2","avx512_vnni","avx512_vpopcntdq","avx512bw","avx512cd","avx512dq","avx512f","avx512ifma","avx512vbmi","avx512vl","bmi1","bmi2","clflushopt","clwb","f16c","fma","gfni","mmx","movbe","pclmulqdq","popcnt","rdpid","rdrand","rdseed","sha_ni","sse","sse2","sse4_1","sse4_2","ssse3","vaes","vpclmulqdq","xsavec","xsaveopt"],"generation":0,"parents":["cascadelake","cannonlake"],"cpupart":""}},"compiler":{"name":"nvhpc","version":"26.3"},"namespace":"builtin","parameters":{"build_system":"autotools","cflags":[],"cppflags":[],"cxxflags":[],"fflags":[],"ldflags":[],"ldlibs":[]},"package_hash":"q2qey5otmyi3qvzrgsszi6gre5uaxd6z6zyh3zjv2vtgukavieoq====","dependencies":[{"name":"glibc","hash":"cv3b2k4kem4eshrz7blta6sh5w2r7ajp","parameters":{"deptypes":["link"],"virtuals":["libc"]}},{"name":"gmake","hash":"2vviymcqppnynwxnd6drawmganyskwp4","parameters":{"deptypes":["build"],"virtuals":[]}}],"hash":"pohnm3bvve53ktu2ppcx2hm6frebj7u6"},"4aooqceaon7jpboopadqndidfyxww7sv":{"name":"zlib-ng","version":"2.1.6","arch":{"platform":"linux","platform_os":"rhel8","target":{"name":"icelake","vendor":"GenuineIntel","features":["adx","aes","avx","avx2","avx512_bitalg","avx512_vbmi2","avx512_vnni","avx512_vpopcntdq","avx512bw","avx512cd","avx512dq","avx512f","avx512ifma","avx512vbmi","avx512vl","bmi1","bmi2","clflushopt","clwb","f16c","fma","gfni","mmx","movbe","pclmulqdq","popcnt","rdpid","rdrand","rdseed","sha_ni","sse","sse2","sse4_1","sse4_2","ssse3","vaes","vpclmulqdq","xsavec","xsaveopt"],"generation":0,"parents":["cascadelake","cannonlake"],"cpupart":""}},"compiler":{"name":"nvhpc","version":"26.3"},"namespace":"builtin","parameters":{"build_system":"autotools","compat":true,"new_strategies":true,"opt":true,"patches":["71713d002e6ad5f1128d944c483940b359a52eeed515a67404b56fcb93f22752"],"pic":true,"shared":true,"cflags":[],"cppflags":[],"cxxflags":[],"fflags":[],"ldflags":[],"ldlibs":[]},"patches":["71713d002e6ad5f1128d944c483940b359a52eeed515a67404b56fcb93f22752"],"package_hash":"itm4a2zelgqypwgzhgfaeywevecetipf5p2ximnzmlfgcwjvnuoa====","dependencies":[{"name":"glibc","hash":"cv3b2k4kem4eshrz7blta6sh5w2r7ajp","parameters":{"deptypes":["link"],"virtuals":["libc"]}},{"name":"gmake","hash":"2vviymcqppnynwxnd6drawmganyskwp4","parameters":{"deptypes":["build"],"virtuals":[]}}],"hash":"4aooqceaon7jpboopadqndidfyxww7sv"},"n3546nix4umlw7j6u3hu55ai7otzmyly":{"name":"zstd","version":"1.5.6","arch":{"platform":"linux","platform_os":"rhel8","target":{"name":"icelake","vendor":"GenuineIntel","features":["adx","aes","avx","avx2","avx512_bitalg","avx512_vbmi2","avx512_vnni","avx512_vpopcntdq","avx512bw","avx512cd","avx512dq","avx512f","avx512ifma","avx512vbmi","avx512vl","bmi1","bmi2","clflushopt","clwb","f16c","fma","gfni","mmx","movbe","pclmulqdq","popcnt","rdpid","rdrand","rdseed","sha_ni","sse","sse2","sse4_1","sse4_2","ssse3","vaes","vpclmulqdq","xsavec","xsaveopt"],"generation":0,"parents":["cascadelake","cannonlake"],"cpupart":""}},"compiler":{"name":"gcc","version":"12.2.0"},"namespace":"builtin","parameters":{"build_system":"makefile","libs":["shared","static"],"programs":false,"cflags":[],"cppflags":[],"cxxflags":[],"fflags":[],"ldflags":[],"ldlibs":[]},"package_hash":"uvmrov4c6unft6o4yd3jk3uqvweua3uhwdli4sw7h5wvklaf5t3q====","dependencies":[{"name":"gcc-runtime","hash":"wym2hljqmkc6j27af7cw7ptdfr53ztoq","parameters":{"deptypes":["link"],"virtuals":[]}},{"name":"glibc","hash":"cv3b2k4kem4eshrz7blta6sh5w2r7ajp","parameters":{"deptypes":["link"],"virtuals":["libc"]}},{"name":"gmake","hash":"grgfnoojy2jrl7tkr2xtrqcvpunaz7vt","parameters":{"deptypes":["build"],"virtuals":[]}}],"hash":"n3546nix4umlw7j6u3hu55ai7otzmyly"},"hbzxb34lpdf6ndmkji3f3iuqltkv6hru":{"name":"cuda","version":"12.2.2","arch":{"platform":"linux","platform_os":"rhel8","target":{"name":"icelake","vendor":"GenuineIntel","features":["adx","aes","avx","avx2","avx512_bitalg","avx512_vbmi2","avx512_vnni","avx512_vpopcntdq","avx512bw","avx512cd","avx512dq","avx512f","avx512ifma","avx512vbmi","avx512vl","bmi1","bmi2","clflushopt","clwb","f16c","fma","gfni","mmx","movbe","pclmulqdq","popcnt","rdpid","rdrand","rdseed","sha_ni","sse","sse2","sse4_1","sse4_2","ssse3","vaes","vpclmulqdq","xsavec","xsaveopt"],"generation":0,"parents":["cascadelake","cannonlake"],"cpupart":""}},"compiler":{"name":"nvhpc","version":"26.3"},"namespace":"builtin","parameters":{"allow-unsupported-compilers":false,"build_system":"generic","compat":false,"cupti":false,"dev":false,"samples":false,"cflags":[],"cppflags":[],"cxxflags":[],"fflags":[],"ldflags":[],"ldlibs":[]},"package_hash":"cx2d623vizmhv7u4uhi6n3epmva6huaao3nkxiokurapfht67vha====","dependencies":[{"name":"glibc","hash":"cv3b2k4kem4eshrz7blta6sh5w2r7ajp","parameters":{"deptypes":["link"],"virtuals":["libc"]}},{"name":"libxml2","hash":"hd5tn2lbfzrhoo3jxlrgrgfh2r527dqb","parameters":{"deptypes":["build","link"],"virtuals":[]}}],"hash":"hbzxb34lpdf6ndmkji3f3iuqltkv6hru"},"hd5tn2lbfzrhoo3jxlrgrgfh2r527dqb":{"name":"libxml2","version":"2.10.3","arch":{"platform":"linux","platform_os":"rhel8","target":{"name":"icelake","vendor":"GenuineIntel","features":["adx","aes","avx","avx2","avx512_bitalg","avx512_vbmi2","avx512_vnni","avx512_vpopcntdq","avx512bw","avx512cd","avx512dq","avx512f","avx512ifma","avx512vbmi","avx512vl","bmi1","bmi2","clflushopt","clwb","f16c","fma","gfni","mmx","movbe","pclmulqdq","popcnt","rdpid","rdrand","rdseed","sha_ni","sse","sse2","sse4_1","sse4_2","ssse3","vaes","vpclmulqdq","xsavec","xsaveopt"],"generation":0,"parents":["cascadelake","cannonlake"],"cpupart":""}},"compiler":{"name":"nvhpc","version":"26.3"},"namespace":"builtin","parameters":{"build_system":"autotools","pic":true,"python":false,"shared":true,"cflags":[],"cppflags":[],"cxxflags":[],"fflags":[],"ldflags":[],"ldlibs":[]},"package_hash":"squqo2aayigwxdusu3q3syojwit5gqdh6q4un576652hy4gytxcq====","dependencies":[{"name":"glibc","hash":"cv3b2k4kem4eshrz7blta6sh5w2r7ajp","parameters":{"deptypes":["link"],"virtuals":["libc"]}},{"name":"gmake","hash":"2vviymcqppnynwxnd6drawmganyskwp4","parameters":{"deptypes":["build"],"virtuals":[]}},{"name":"libiconv","hash":"tywl2mk5b2dbg7imkc5byzlpa6jxjsxn","parameters":{"deptypes":["build","link"],"virtuals":["iconv"]}},{"name":"pkgconf","hash":"pohnm3bvve53ktu2ppcx2hm6frebj7u6","parameters":{"deptypes":["build"],"virtuals":["pkgconfig"]}},{"name":"xz","hash":"vpgoski6jrrczfgvife5b72wg2bru2wz","parameters":{"deptypes":["build","link"],"virtuals":[]}},{"name":"zlib-ng","hash":"4aooqceaon7jpboopadqndidfyxww7sv","parameters":{"deptypes":["build","link"],"virtuals":["zlib-api"]}}],"hash":"hd5tn2lbfzrhoo3jxlrgrgfh2r527dqb"},"vpgoski6jrrczfgvife5b72wg2bru2wz":{"name":"xz","version":"5.4.6","arch":{"platform":"linux","platform_os":"rhel8","target":{"name":"icelake","vendor":"GenuineIntel","features":["adx","aes","avx","avx2","avx512_bitalg","avx512_vbmi2","avx512_vnni","avx512_vpopcntdq","avx512bw","avx512cd","avx512dq","avx512f","avx512ifma","avx512vbmi","avx512vl","bmi1","bmi2","clflushopt","clwb","f16c","fma","gfni","mmx","movbe","pclmulqdq","popcnt","rdpid","rdrand","rdseed","sha_ni","sse","sse2","sse4_1","sse4_2","ssse3","vaes","vpclmulqdq","xsavec","xsaveopt"],"generation":0,"parents":["cascadelake","cannonlake"],"cpupart":""}},"compiler":{"name":"nvhpc","version":"26.3"},"namespace":"builtin","parameters":{"build_system":"autotools","libs":["shared","static"],"pic":false,"cflags":[],"cppflags":[],"cxxflags":[],"fflags":[],"ldflags":[],"ldlibs":[]},"package_hash":"zt5vu2vph2v2qjwgdbe7btgcz7axpyalorcsqiuxhrg5grwgrrvq====","dependencies":[{"name":"glibc","hash":"cv3b2k4kem4eshrz7blta6sh5w2r7ajp","parameters":{"deptypes":["link"],"virtuals":["libc"]}},{"name":"gmake","hash":"2vviymcqppnynwxnd6drawmganyskwp4","parameters":{"deptypes":["build"],"virtuals":[]}}],"hash":"vpgoski6jrrczfgvife5b72wg2bru2wz"},"y5nvzf6xbfbnuwvgco2fbve3uum4iy4q":{"name":"cudnn","version":"9.23.0.39-12","arch":{"platform":"linux","platform_os":"rhel8","target":{"name":"icelake","vendor":"GenuineIntel","features":["adx","aes","avx","avx2","avx512_bitalg","avx512_vbmi2","avx512_vnni","avx512_vpopcntdq","avx512bw","avx512cd","avx512dq","avx512f","avx512ifma","avx512vbmi","avx512vl","bmi1","bmi2","clflushopt","clwb","f16c","fma","gfni","mmx","movbe","pclmulqdq","popcnt","rdpid","rdrand","rdseed","sha_ni","sse","sse2","sse4_1","sse4_2","ssse3","vaes","vpclmulqdq","xsavec","xsaveopt"],"generation":0,"parents":["cascadelake","cannonlake"],"cpupart":""}},"compiler":{"name":"nvhpc","version":"26.3"},"namespace":"nvhpc_cuda_booster","parameters":{"build_system":"generic","cflags":[],"cppflags":[],"cxxflags":[],"fflags":[],"ldflags":[],"ldlibs":[]},"package_hash":"pv7tcmcbd7xiheulgvmahn52uznkgo6zrbiduvjwbwr7yzfpj3dq====","dependencies":[{"name":"cuda","hash":"hbzxb34lpdf6ndmkji3f3iuqltkv6hru","parameters":{"deptypes":["build","link"],"virtuals":[]}},{"name":"glibc","hash":"cv3b2k4kem4eshrz7blta6sh5w2r7ajp","parameters":{"deptypes":["link"],"virtuals":["libc"]}}],"hash":"y5nvzf6xbfbnuwvgco2fbve3uum4iy4q"},"vxvpo4lqarnok2twvvf2qzihr3w4ngnz":{"name":"hdf5","version":"1.14.3","arch":{"platform":"linux","platform_os":"rhel8","target":{"name":"icelake","vendor":"GenuineIntel","features":["adx","aes","avx","avx2","avx512_bitalg","avx512_vbmi2","avx512_vnni","avx512_vpopcntdq","avx512bw","avx512cd","avx512dq","avx512f","avx512ifma","avx512vbmi","avx512vl","bmi1","bmi2","clflushopt","clwb","f16c","fma","gfni","mmx","movbe","pclmulqdq","popcnt","rdpid","rdrand","rdseed","sha_ni","sse","sse2","sse4_1","sse4_2","ssse3","vaes","vpclmulqdq","xsavec","xsaveopt"],"generation":0,"parents":["cascadelake","cannonlake"],"cpupart":""}},"compiler":{"name":"nvhpc","version":"26.3"},"namespace":"builtin","parameters":{"api":"default","build_system":"cmake","build_type":"Release","cxx":false,"fortran":true,"generator":"make","hl":true,"ipo":false,"java":false,"map":false,"mpi":true,"patches":["82088c8da2dcd8d138e60a1bb23f9fc203ea5f7bb40c698ca1d549b82dd40bc0"],"shared":true,"subfiling":false,"szip":false,"threadsafe":false,"tools":true,"cflags":[],"cppflags":[],"cxxflags":[],"fflags":[],"ldflags":[],"ldlibs":[]},"patches":["82088c8da2dcd8d138e60a1bb23f9fc203ea5f7bb40c698ca1d549b82dd40bc0"],"package_hash":"agy4xm555oj33ediefaytqwk3fbihnnb6r3nfkzeph3p7qtnr5ua====","dependencies":[{"name":"cmake","hash":"teuwtczkrg72cxwxlslrwyiomiqt3anq","parameters":{"deptypes":["build"],"virtuals":[]}},{"name":"glibc","hash":"cv3b2k4kem4eshrz7blta6sh5w2r7ajp","parameters":{"deptypes":["link"],"virtuals":["libc"]}},{"name":"gmake","hash":"2vviymcqppnynwxnd6drawmganyskwp4","parameters":{"deptypes":["build"],"virtuals":[]}},{"name":"hpcx-mpi","hash":"hfsgr6sguz4gvxhxaojomenjp5p7mx6t","parameters":{"deptypes":["build","link"],"virtuals":["mpi"]}},{"name":"pkgconf","hash":"pohnm3bvve53ktu2ppcx2hm6frebj7u6","parameters":{"deptypes":["run"],"virtuals":["pkgconfig"]}},{"name":"zlib-ng","hash":"4aooqceaon7jpboopadqndidfyxww7sv","parameters":{"deptypes":["build","link"],"virtuals":["zlib-api"]}}],"hash":"vxvpo4lqarnok2twvvf2qzihr3w4ngnz"},"teuwtczkrg72cxwxlslrwyiomiqt3anq":{"name":"cmake","version":"4.1.2","arch":{"platform":"linux","platform_os":"rhel8","target":{"name":"icelake","vendor":"GenuineIntel","features":["adx","aes","avx","avx2","avx512_bitalg","avx512_vbmi2","avx512_vnni","avx512_vpopcntdq","avx512bw","avx512cd","avx512dq","avx512f","avx512ifma","avx512vbmi","avx512vl","bmi1","bmi2","clflushopt","clwb","f16c","fma","gfni","mmx","movbe","pclmulqdq","popcnt","rdpid","rdrand","rdseed","sha_ni","sse","sse2","sse4_1","sse4_2","ssse3","vaes","vpclmulqdq","xsavec","xsaveopt"],"generation":0,"parents":["cascadelake","cannonlake"],"cpupart":""}},"compiler":{"name":"gcc","version":"12.2.0"},"namespace":"deploy_dev_25_03","parameters":{"build_system":"generic","build_type":"Release","doc":false,"ncurses":true,"ownlibs":true,"qtgui":false,"cflags":[],"cppflags":[],"cxxflags":[],"fflags":[],"ldflags":[],"ldlibs":[]},"package_hash":"og7rreiur7zpuvx6d2xig6znmr5meaquvxhqotwoygefqxaglyha====","dependencies":[{"name":"curl","hash":"eso3z4dpswi5uy35kw62oiaiesuut4dj","parameters":{"deptypes":["build","link"],"virtuals":[]}},{"name":"gcc-runtime","hash":"wym2hljqmkc6j27af7cw7ptdfr53ztoq","parameters":{"deptypes":["link"],"virtuals":[]}},{"name":"glibc","hash":"cv3b2k4kem4eshrz7blta6sh5w2r7ajp","parameters":{"deptypes":["link"],"virtuals":["libc"]}},{"name":"gmake","hash":"grgfnoojy2jrl7tkr2xtrqcvpunaz7vt","parameters":{"deptypes":["build","link"],"virtuals":[]}},{"name":"ncurses","hash":"3m6inticclvlt2rybcb65pzzrh3sxxwx","parameters":{"deptypes":["build","link"],"virtuals":[]}},{"name":"zlib-ng","hash":"4aooqceaon7jpboopadqndidfyxww7sv","parameters":{"deptypes":["build","link"],"virtuals":["zlib-api"]}}],"hash":"teuwtczkrg72cxwxlslrwyiomiqt3anq"},"eso3z4dpswi5uy35kw62oiaiesuut4dj":{"name":"curl","version":"8.7.1","arch":{"platform":"linux","platform_os":"rhel8","target":{"name":"icelake","vendor":"GenuineIntel","features":["adx","aes","avx","avx2","avx512_bitalg","avx512_vbmi2","avx512_vnni","avx512_vpopcntdq","avx512bw","avx512cd","avx512dq","avx512f","avx512ifma","avx512vbmi","avx512vl","bmi1","bmi2","clflushopt","clwb","f16c","fma","gfni","mmx","movbe","pclmulqdq","popcnt","rdpid","rdrand","rdseed","sha_ni","sse","sse2","sse4_1","sse4_2","ssse3","vaes","vpclmulqdq","xsavec","xsaveopt"],"generation":0,"parents":["cascadelake","cannonlake"],"cpupart":""}},"compiler":{"name":"nvhpc","version":"26.3"},"namespace":"builtin","parameters":{"build_system":"autotools","gssapi":false,"ldap":false,"libidn2":false,"librtmp":false,"libs":["shared","static"],"libssh":false,"libssh2":false,"nghttp2":true,"tls":["openssl"],"cflags":[],"cppflags":[],"cxxflags":[],"fflags":[],"ldflags":[],"ldlibs":[]},"package_hash":"kcgsfmigaqmusztsy67k2gfkizipob2uj5o5yub2i4onsxph454q====","dependencies":[{"name":"glibc","hash":"cv3b2k4kem4eshrz7blta6sh5w2r7ajp","parameters":{"deptypes":["link"],"virtuals":["libc"]}},{"name":"gmake","hash":"2vviymcqppnynwxnd6drawmganyskwp4","parameters":{"deptypes":["build"],"virtuals":[]}},{"name":"nghttp2","hash":"sfjcg3foxdw426siwt5lp7br2jwr65kh","parameters":{"deptypes":["build","link"],"virtuals":[]}},{"name":"openssl","hash":"u43qbymel6dglidoervub6k3dbxh5j23","parameters":{"deptypes":["build","link"],"virtuals":[]}},{"name":"perl","hash":"oca2i6vdsysvztv6huwrcej6jd7o2yh2","parameters":{"deptypes":["build"],"virtuals":[]}},{"name":"pkgconf","hash":"pohnm3bvve53ktu2ppcx2hm6frebj7u6","parameters":{"deptypes":["build"],"virtuals":["pkgconfig"]}},{"name":"zlib-ng","hash":"4aooqceaon7jpboopadqndidfyxww7sv","parameters":{"deptypes":["build","link"],"virtuals":["zlib-api"]}}],"hash":"eso3z4dpswi5uy35kw62oiaiesuut4dj"},"sfjcg3foxdw426siwt5lp7br2jwr65kh":{"name":"nghttp2","version":"1.57.0","arch":{"platform":"linux","platform_os":"rhel8","target":{"name":"icelake","vendor":"GenuineIntel","features":["adx","aes","avx","avx2","avx512_bitalg","avx512_vbmi2","avx512_vnni","avx512_vpopcntdq","avx512bw","avx512cd","avx512dq","avx512f","avx512ifma","avx512vbmi","avx512vl","bmi1","bmi2","clflushopt","clwb","f16c","fma","gfni","mmx","movbe","pclmulqdq","popcnt","rdpid","rdrand","rdseed","sha_ni","sse","sse2","sse4_1","sse4_2","ssse3","vaes","vpclmulqdq","xsavec","xsaveopt"],"generation":0,"parents":["cascadelake","cannonlake"],"cpupart":""}},"compiler":{"name":"nvhpc","version":"26.3"},"namespace":"builtin","parameters":{"build_system":"autotools","cflags":[],"cppflags":[],"cxxflags":[],"fflags":[],"ldflags":[],"ldlibs":[]},"package_hash":"an6j5vcr2fqzbz5rhpat55twtjz2zg63emluqnh2znach4lpivna====","dependencies":[{"name":"diffutils","hash":"kbwn7tgnn5zpxkgyntdebdavrab4fs46","parameters":{"deptypes":["build"],"virtuals":[]}},{"name":"glibc","hash":"cv3b2k4kem4eshrz7blta6sh5w2r7ajp","parameters":{"deptypes":["link"],"virtuals":["libc"]}},{"name":"gmake","hash":"2vviymcqppnynwxnd6drawmganyskwp4","parameters":{"deptypes":["build"],"virtuals":[]}},{"name":"pkgconf","hash":"pohnm3bvve53ktu2ppcx2hm6frebj7u6","parameters":{"deptypes":["build"],"virtuals":["pkgconfig"]}}],"hash":"sfjcg3foxdw426siwt5lp7br2jwr65kh"},"u43qbymel6dglidoervub6k3dbxh5j23":{"name":"openssl","version":"1.1.1k","arch":{"platform":"linux","platform_os":"rhel8","target":{"name":"icelake","vendor":"GenuineIntel","features":["adx","aes","avx","avx2","avx512_bitalg","avx512_vbmi2","avx512_vnni","avx512_vpopcntdq","avx512bw","avx512cd","avx512dq","avx512f","avx512ifma","avx512vbmi","avx512vl","bmi1","bmi2","clflushopt","clwb","f16c","fma","gfni","mmx","movbe","pclmulqdq","popcnt","rdpid","rdrand","rdseed","sha_ni","sse","sse2","sse4_1","sse4_2","ssse3","vaes","vpclmulqdq","xsavec","xsaveopt"],"generation":0,"parents":["cascadelake","cannonlake"],"cpupart":""}},"compiler":{"name":"nvhpc","version":"26.3"},"namespace":"builtin","parameters":{"build_system":"generic","certs":"mozilla","docs":false,"shared":true,"cflags":[],"cppflags":[],"cxxflags":[],"fflags":[],"ldflags":[],"ldlibs":[]},"external":{"path":"/usr","module":null,"extra_attributes":{}},"package_hash":"td2kidqyvtsrjfyaxyeokl4qjnxq22qiitump5bdrrrb2mcrinma====","hash":"u43qbymel6dglidoervub6k3dbxh5j23"},"oca2i6vdsysvztv6huwrcej6jd7o2yh2":{"name":"perl","version":"5.38.0","arch":{"platform":"linux","platform_os":"rhel8","target":{"name":"icelake","vendor":"GenuineIntel","features":["adx","aes","avx","avx2","avx512_bitalg","avx512_vbmi2","avx512_vnni","avx512_vpopcntdq","avx512bw","avx512cd","avx512dq","avx512f","avx512ifma","avx512vbmi","avx512vl","bmi1","bmi2","clflushopt","clwb","f16c","fma","gfni","mmx","movbe","pclmulqdq","popcnt","rdpid","rdrand","rdseed","sha_ni","sse","sse2","sse4_1","sse4_2","ssse3","vaes","vpclmulqdq","xsavec","xsaveopt"],"generation":0,"parents":["cascadelake","cannonlake"],"cpupart":""}},"compiler":{"name":"nvhpc","version":"26.3"},"namespace":"builtin","parameters":{"build_system":"generic","cpanm":true,"opcode":true,"open":true,"patches":["714e4d1c7496e6b23834e7c88da3d69139418860fbc488fe82fd226b450a4be7"],"shared":true,"threads":true,"cflags":[],"cppflags":[],"cxxflags":[],"fflags":[],"ldflags":[],"ldlibs":[]},"patches":["714e4d1c7496e6b23834e7c88da3d69139418860fbc488fe82fd226b450a4be7"],"package_hash":"ta4gjmwr42nirckhlozeuijm5sx4pvf76ydo7ee5ixwwcttrhxha====","dependencies":[{"name":"berkeley-db","hash":"f7qstvzw4tewpmvzat643rib67o4ssrd","parameters":{"deptypes":["build","link"],"virtuals":[]}},{"name":"bzip2","hash":"6j4corvdcestzl2nuoqoashuyqij3boa","parameters":{"deptypes":["build","link"],"virtuals":[]}},{"name":"gdbm","hash":"t5i35ddwj5vlm6bcvvzwdztyzdxnup7v","parameters":{"deptypes":["build","link"],"virtuals":[]}},{"name":"glibc","hash":"cv3b2k4kem4eshrz7blta6sh5w2r7ajp","parameters":{"deptypes":["link"],"virtuals":["libc"]}},{"name":"gmake","hash":"2vviymcqppnynwxnd6drawmganyskwp4","parameters":{"deptypes":["build"],"virtuals":[]}},{"name":"zlib-ng","hash":"4aooqceaon7jpboopadqndidfyxww7sv","parameters":{"deptypes":["build","link"],"virtuals":["zlib-api"]}}],"hash":"oca2i6vdsysvztv6huwrcej6jd7o2yh2"},"f7qstvzw4tewpmvzat643rib67o4ssrd":{"name":"berkeley-db","version":"18.1.40","arch":{"platform":"linux","platform_os":"rhel8","target":{"name":"icelake","vendor":"GenuineIntel","features":["adx","aes","avx","avx2","avx512_bitalg","avx512_vbmi2","avx512_vnni","avx512_vpopcntdq","avx512bw","avx512cd","avx512dq","avx512f","avx512ifma","avx512vbmi","avx512vl","bmi1","bmi2","clflushopt","clwb","f16c","fma","gfni","mmx","movbe","pclmulqdq","popcnt","rdpid","rdrand","rdseed","sha_ni","sse","sse2","sse4_1","sse4_2","ssse3","vaes","vpclmulqdq","xsavec","xsaveopt"],"generation":0,"parents":["cascadelake","cannonlake"],"cpupart":""}},"compiler":{"name":"nvhpc","version":"26.3"},"namespace":"builtin","parameters":{"build_system":"autotools","cxx":true,"docs":false,"patches":["26090f418891757af46ac3b89a9f43d6eb5989f7a3dce3d1cfc99fba547203b3","b231fcc4d5cff05e5c3a4814f6a5af0e9a966428dc2176540d2c05aff41de522"],"stl":true,"cflags":[],"cppflags":[],"cxxflags":[],"fflags":[],"ldflags":[],"ldlibs":[]},"patches":["b231fcc4d5cff05e5c3a4814f6a5af0e9a966428dc2176540d2c05aff41de522","26090f418891757af46ac3b89a9f43d6eb5989f7a3dce3d1cfc99fba547203b3"],"package_hash":"h57ydfn33zevvzctzzioiiwjwe362izbbwncb6a26dfeno4y7tda====","dependencies":[{"name":"glibc","hash":"cv3b2k4kem4eshrz7blta6sh5w2r7ajp","parameters":{"deptypes":["link"],"virtuals":["libc"]}},{"name":"gmake","hash":"2vviymcqppnynwxnd6drawmganyskwp4","parameters":{"deptypes":["build"],"virtuals":[]}}],"hash":"f7qstvzw4tewpmvzat643rib67o4ssrd"},"6j4corvdcestzl2nuoqoashuyqij3boa":{"name":"bzip2","version":"1.0.8","arch":{"platform":"linux","platform_os":"rhel8","target":{"name":"icelake","vendor":"GenuineIntel","features":["adx","aes","avx","avx2","avx512_bitalg","avx512_vbmi2","avx512_vnni","avx512_vpopcntdq","avx512bw","avx512cd","avx512dq","avx512f","avx512ifma","avx512vbmi","avx512vl","bmi1","bmi2","clflushopt","clwb","f16c","fma","gfni","mmx","movbe","pclmulqdq","popcnt","rdpid","rdrand","rdseed","sha_ni","sse","sse2","sse4_1","sse4_2","ssse3","vaes","vpclmulqdq","xsavec","xsaveopt"],"generation":0,"parents":["cascadelake","cannonlake"],"cpupart":""}},"compiler":{"name":"nvhpc","version":"26.3"},"namespace":"builtin","parameters":{"build_system":"generic","debug":false,"pic":false,"shared":true,"cflags":[],"cppflags":[],"cxxflags":[],"fflags":[],"ldflags":[],"ldlibs":[]},"package_hash":"wa33h4h2abj7tx5cndixz7bdwu5fspdaf2kjlqsinnearayw6fra====","dependencies":[{"name":"diffutils","hash":"kbwn7tgnn5zpxkgyntdebdavrab4fs46","parameters":{"deptypes":["build"],"virtuals":[]}},{"name":"glibc","hash":"cv3b2k4kem4eshrz7blta6sh5w2r7ajp","parameters":{"deptypes":["link"],"virtuals":["libc"]}},{"name":"gmake","hash":"2vviymcqppnynwxnd6drawmganyskwp4","parameters":{"deptypes":["build"],"virtuals":[]}}],"hash":"6j4corvdcestzl2nuoqoashuyqij3boa"},"t5i35ddwj5vlm6bcvvzwdztyzdxnup7v":{"name":"gdbm","version":"1.23","arch":{"platform":"linux","platform_os":"rhel8","target":{"name":"icelake","vendor":"GenuineIntel","features":["adx","aes","avx","avx2","avx512_bitalg","avx512_vbmi2","avx512_vnni","avx512_vpopcntdq","avx512bw","avx512cd","avx512dq","avx512f","avx512ifma","avx512vbmi","avx512vl","bmi1","bmi2","clflushopt","clwb","f16c","fma","gfni","mmx","movbe","pclmulqdq","popcnt","rdpid","rdrand","rdseed","sha_ni","sse","sse2","sse4_1","sse4_2","ssse3","vaes","vpclmulqdq","xsavec","xsaveopt"],"generation":0,"parents":["cascadelake","cannonlake"],"cpupart":""}},"compiler":{"name":"nvhpc","version":"26.3"},"namespace":"builtin","parameters":{"build_system":"autotools","cflags":[],"cppflags":[],"cxxflags":[],"fflags":[],"ldflags":[],"ldlibs":[]},"package_hash":"liepxl6phlcxbgfmibxafhewtihlgaa4x3hko37ckqlafhxkrgdq====","dependencies":[{"name":"glibc","hash":"cv3b2k4kem4eshrz7blta6sh5w2r7ajp","parameters":{"deptypes":["link"],"virtuals":["libc"]}},{"name":"gmake","hash":"2vviymcqppnynwxnd6drawmganyskwp4","parameters":{"deptypes":["build"],"virtuals":[]}},{"name":"readline","hash":"jkgpjln6rq7sbiut7fmuaexarl7ejpyk","parameters":{"deptypes":["build","link"],"virtuals":[]}}],"hash":"t5i35ddwj5vlm6bcvvzwdztyzdxnup7v"},"jkgpjln6rq7sbiut7fmuaexarl7ejpyk":{"name":"readline","version":"8.2","arch":{"platform":"linux","platform_os":"rhel8","target":{"name":"icelake","vendor":"GenuineIntel","features":["adx","aes","avx","avx2","avx512_bitalg","avx512_vbmi2","avx512_vnni","avx512_vpopcntdq","avx512bw","avx512cd","avx512dq","avx512f","avx512ifma","avx512vbmi","avx512vl","bmi1","bmi2","clflushopt","clwb","f16c","fma","gfni","mmx","movbe","pclmulqdq","popcnt","rdpid","rdrand","rdseed","sha_ni","sse","sse2","sse4_1","sse4_2","ssse3","vaes","vpclmulqdq","xsavec","xsaveopt"],"generation":0,"parents":["cascadelake","cannonlake"],"cpupart":""}},"compiler":{"name":"nvhpc","version":"26.3"},"namespace":"builtin","parameters":{"build_system":"autotools","patches":["bbf97f1ec40a929edab5aa81998c1e2ef435436c597754916e6a5868f273aff7"],"cflags":[],"cppflags":[],"cxxflags":[],"fflags":[],"ldflags":[],"ldlibs":[]},"patches":["bbf97f1ec40a929edab5aa81998c1e2ef435436c597754916e6a5868f273aff7"],"package_hash":"oww6dmr7xqgg6j7iiluonxbcl4irqnnrip4vfkjdwujncwnuhwuq====","dependencies":[{"name":"glibc","hash":"cv3b2k4kem4eshrz7blta6sh5w2r7ajp","parameters":{"deptypes":["link"],"virtuals":["libc"]}},{"name":"gmake","hash":"2vviymcqppnynwxnd6drawmganyskwp4","parameters":{"deptypes":["build"],"virtuals":[]}},{"name":"ncurses","hash":"3m6inticclvlt2rybcb65pzzrh3sxxwx","parameters":{"deptypes":["build","link"],"virtuals":[]}}],"hash":"jkgpjln6rq7sbiut7fmuaexarl7ejpyk"},"3m6inticclvlt2rybcb65pzzrh3sxxwx":{"name":"ncurses","version":"6.5","arch":{"platform":"linux","platform_os":"rhel8","target":{"name":"icelake","vendor":"GenuineIntel","features":["adx","aes","avx","avx2","avx512_bitalg","avx512_vbmi2","avx512_vnni","avx512_vpopcntdq","avx512bw","avx512cd","avx512dq","avx512f","avx512ifma","avx512vbmi","avx512vl","bmi1","bmi2","clflushopt","clwb","f16c","fma","gfni","mmx","movbe","pclmulqdq","popcnt","rdpid","rdrand","rdseed","sha_ni","sse","sse2","sse4_1","sse4_2","ssse3","vaes","vpclmulqdq","xsavec","xsaveopt"],"generation":0,"parents":["cascadelake","cannonlake"],"cpupart":""}},"compiler":{"name":"nvhpc","version":"26.3"},"namespace":"builtin","parameters":{"abi":"none","build_system":"autotools","patches":["7a351bc4953a4ab70dabdbea31c8db0c03d40ce505335f3b6687180dde24c535"],"symlinks":false,"termlib":true,"cflags":[],"cppflags":[],"cxxflags":[],"fflags":[],"ldflags":[],"ldlibs":[]},"patches":["7a351bc4953a4ab70dabdbea31c8db0c03d40ce505335f3b6687180dde24c535"],"package_hash":"rlqzqxoau3wwzu62x6qxlf4flon6b4n3p4zesnc6t2oyybrvnkwq====","dependencies":[{"name":"glibc","hash":"cv3b2k4kem4eshrz7blta6sh5w2r7ajp","parameters":{"deptypes":["link"],"virtuals":["libc"]}},{"name":"gmake","hash":"2vviymcqppnynwxnd6drawmganyskwp4","parameters":{"deptypes":["build"],"virtuals":[]}},{"name":"pkgconf","hash":"pohnm3bvve53ktu2ppcx2hm6frebj7u6","parameters":{"deptypes":["build"],"virtuals":["pkgconfig"]}}],"hash":"3m6inticclvlt2rybcb65pzzrh3sxxwx"},"hfsgr6sguz4gvxhxaojomenjp5p7mx6t":{"name":"hpcx-mpi","version":"2.20","arch":{"platform":"linux","platform_os":"rhel8","target":{"name":"icelake","vendor":"GenuineIntel","features":["adx","aes","avx","avx2","avx512_bitalg","avx512_vbmi2","avx512_vnni","avx512_vpopcntdq","avx512bw","avx512cd","avx512dq","avx512f","avx512ifma","avx512vbmi","avx512vl","bmi1","bmi2","clflushopt","clwb","f16c","fma","gfni","mmx","movbe","pclmulqdq","popcnt","rdpid","rdrand","rdseed","sha_ni","sse","sse2","sse4_1","sse4_2","ssse3","vaes","vpclmulqdq","xsavec","xsaveopt"],"generation":0,"parents":["cascadelake","cannonlake"],"cpupart":""}},"compiler":{"name":"nvhpc","version":"26.3"},"namespace":"builtin","parameters":{"build_system":"generic","cflags":[],"cppflags":[],"cxxflags":[],"fflags":[],"ldflags":[],"ldlibs":[]},"external":{"path":"/leonardo_work/ICT26_MHPC_0/franco/spack-install/env-nvhpc-26.3-hpcx-2.20/linux-rhel8-icelake/gcc-12.2.0/nvhpc-26.3-e2lv6bo2xk2zpw4hoilvgnpbxw3d6zyr/Linux_x86_64/26.3/comm_libs/12.9/hpcx/hpcx-2.20/ompi","module":null,"extra_attributes":{}},"package_hash":"uo4efuk5ikiudt7q7lf4exdoxjivlovexwm5chgaiwayb54std2a====","hash":"hfsgr6sguz4gvxhxaojomenjp5p7mx6t"},"t2yx47egh5taxe5kaqxx23bkukr7elzj":{"name":"nccl","version":"2.22.3-1","arch":{"platform":"linux","platform_os":"rhel8","target":{"name":"icelake","vendor":"GenuineIntel","features":["adx","aes","avx","avx2","avx512_bitalg","avx512_vbmi2","avx512_vnni","avx512_vpopcntdq","avx512bw","avx512cd","avx512dq","avx512f","avx512ifma","avx512vbmi","avx512vl","bmi1","bmi2","clflushopt","clwb","f16c","fma","gfni","mmx","movbe","pclmulqdq","popcnt","rdpid","rdrand","rdseed","sha_ni","sse","sse2","sse4_1","sse4_2","ssse3","vaes","vpclmulqdq","xsavec","xsaveopt"],"generation":0,"parents":["cascadelake","cannonlake"],"cpupart":""}},"compiler":{"name":"nvhpc","version":"26.3"},"namespace":"builtin","parameters":{"build_system":"makefile","cuda":true,"cuda_arch":["80"],"cflags":[],"cppflags":[],"cxxflags":[],"fflags":[],"ldflags":[],"ldlibs":[]},"package_hash":"wafqlwy5f6x3q7znilkcnzwqdeek32uvcspjwfydxerkiyrueiba====","dependencies":[{"name":"cuda","hash":"hbzxb34lpdf6ndmkji3f3iuqltkv6hru","parameters":{"deptypes":["build","link"],"virtuals":[]}},{"name":"glibc","hash":"cv3b2k4kem4eshrz7blta6sh5w2r7ajp","parameters":{"deptypes":["link"],"virtuals":["libc"]}},{"name":"gmake","hash":"2vviymcqppnynwxnd6drawmganyskwp4","parameters":{"deptypes":["build"],"virtuals":[]}},{"name":"rdma-core","hash":"6km4m5aactyjvv3qunxyk5damli7vjeb","parameters":{"deptypes":["build","link"],"virtuals":[]}}],"hash":"t2yx47egh5taxe5kaqxx23bkukr7elzj"},"6km4m5aactyjvv3qunxyk5damli7vjeb":{"name":"rdma-core","version":"43.0","arch":{"platform":"linux","platform_os":"rhel8","target":{"name":"icelake","vendor":"GenuineIntel","features":["adx","aes","avx","avx2","avx512_bitalg","avx512_vbmi2","avx512_vnni","avx512_vpopcntdq","avx512bw","avx512cd","avx512dq","avx512f","avx512ifma","avx512vbmi","avx512vl","bmi1","bmi2","clflushopt","clwb","f16c","fma","gfni","mmx","movbe","pclmulqdq","popcnt","rdpid","rdrand","rdseed","sha_ni","sse","sse2","sse4_1","sse4_2","ssse3","vaes","vpclmulqdq","xsavec","xsaveopt"],"generation":0,"parents":["cascadelake","cannonlake"],"cpupart":""}},"compiler":{"name":"nvhpc","version":"26.3"},"namespace":"builtin","parameters":{"build_system":"cmake","build_type":"Release","generator":"make","man_pages":true,"pyverbs":true,"static":true,"cflags":[],"cppflags":[],"cxxflags":[],"fflags":[],"ldflags":[],"ldlibs":[]},"external":{"path":"/usr","module":null,"extra_attributes":{}},"package_hash":"k5rsly5c2eph6bhfv26szozixcy6vucf22m2r3foipee3vejm7fa====","hash":"6km4m5aactyjvv3qunxyk5damli7vjeb"},"4z7azizrg3n5242s7zsnvfhjbzrofbpb":{"name":"netcdf-c","version":"4.9.2","arch":{"platform":"linux","platform_os":"rhel8","target":{"name":"icelake","vendor":"GenuineIntel","features":["adx","aes","avx","avx2","avx512_bitalg","avx512_vbmi2","avx512_vnni","avx512_vpopcntdq","avx512bw","avx512cd","avx512dq","avx512f","avx512ifma","avx512vbmi","avx512vl","bmi1","bmi2","clflushopt","clwb","f16c","fma","gfni","mmx","movbe","pclmulqdq","popcnt","rdpid","rdrand","rdseed","sha_ni","sse","sse2","sse4_1","sse4_2","ssse3","vaes","vpclmulqdq","xsavec","xsaveopt"],"generation":0,"parents":["cascadelake","cannonlake"],"cpupart":""}},"compiler":{"name":"nvhpc","version":"26.3"},"namespace":"builtin","parameters":{"blosc":false,"build_system":"autotools","byterange":false,"dap":false,"fsync":false,"hdf4":false,"jna":false,"mpi":true,"nczarr_zip":false,"optimize":true,"parallel-netcdf":false,"patches":["0161eb870fdfaf61be9d70132c9447a537320342366362e76b8460c823bf95ca"],"pic":true,"shared":true,"szip":false,"zstd":false,"cflags":[],"cppflags":[],"cxxflags":[],"fflags":[],"ldflags":[],"ldlibs":[]},"patches":["0161eb870fdfaf61be9d70132c9447a537320342366362e76b8460c823bf95ca"],"package_hash":"y74b5qjrdup27t3e6wcgbxcep6oxc2daiefmm3hwl7sox45osxha====","dependencies":[{"name":"bzip2","hash":"6j4corvdcestzl2nuoqoashuyqij3boa","parameters":{"deptypes":["build","link"],"virtuals":[]}},{"name":"glibc","hash":"cv3b2k4kem4eshrz7blta6sh5w2r7ajp","parameters":{"deptypes":["link"],"virtuals":["libc"]}},{"name":"gmake","hash":"2vviymcqppnynwxnd6drawmganyskwp4","parameters":{"deptypes":["build"],"virtuals":[]}},{"name":"hdf5","hash":"vxvpo4lqarnok2twvvf2qzihr3w4ngnz","parameters":{"deptypes":["build","link"],"virtuals":[]}},{"name":"hpcx-mpi","hash":"hfsgr6sguz4gvxhxaojomenjp5p7mx6t","parameters":{"deptypes":["build","link"],"virtuals":["mpi"]}},{"name":"zlib-ng","hash":"4aooqceaon7jpboopadqndidfyxww7sv","parameters":{"deptypes":["build","link"],"virtuals":["zlib-api"]}}],"hash":"4z7azizrg3n5242s7zsnvfhjbzrofbpb"},"fseq7i27jlkrfc6azw3qf6abfurt2ahd":{"name":"netcdf-fortran","version":"4.6.1","arch":{"platform":"linux","platform_os":"rhel8","target":{"name":"icelake","vendor":"GenuineIntel","features":["adx","aes","avx","avx2","avx512_bitalg","avx512_vbmi2","avx512_vnni","avx512_vpopcntdq","avx512bw","avx512cd","avx512dq","avx512f","avx512ifma","avx512vbmi","avx512vl","bmi1","bmi2","clflushopt","clwb","f16c","fma","gfni","mmx","movbe","pclmulqdq","popcnt","rdpid","rdrand","rdseed","sha_ni","sse","sse2","sse4_1","sse4_2","ssse3","vaes","vpclmulqdq","xsavec","xsaveopt"],"generation":0,"parents":["cascadelake","cannonlake"],"cpupart":""}},"compiler":{"name":"nvhpc","version":"26.3"},"namespace":"builtin","parameters":{"build_system":"autotools","doc":false,"pic":true,"shared":true,"cflags":[],"cppflags":[],"cxxflags":[],"fflags":[],"ldflags":[],"ldlibs":[]},"package_hash":"fcaeawhahoo73oaxh5e3ow2aupi66xvdh6rv6gdv2eg5y3ndzqiq====","dependencies":[{"name":"glibc","hash":"cv3b2k4kem4eshrz7blta6sh5w2r7ajp","parameters":{"deptypes":["link"],"virtuals":["libc"]}},{"name":"gmake","hash":"2vviymcqppnynwxnd6drawmganyskwp4","parameters":{"deptypes":["build"],"virtuals":[]}},{"name":"netcdf-c","hash":"4z7azizrg3n5242s7zsnvfhjbzrofbpb","parameters":{"deptypes":["build","link"],"virtuals":[]}}],"hash":"fseq7i27jlkrfc6azw3qf6abfurt2ahd"},"kz4rfdln73od7nqm6eutscfygcmvb6jq":{"name":"nvhpc","version":"26.3","arch":{"platform":"linux","platform_os":"rhel8","target":{"name":"icelake","vendor":"GenuineIntel","features":["adx","aes","avx","avx2","avx512_bitalg","avx512_vbmi2","avx512_vnni","avx512_vpopcntdq","avx512bw","avx512cd","avx512dq","avx512f","avx512ifma","avx512vbmi","avx512vl","bmi1","bmi2","clflushopt","clwb","f16c","fma","gfni","mmx","movbe","pclmulqdq","popcnt","rdpid","rdrand","rdseed","sha_ni","sse","sse2","sse4_1","sse4_2","ssse3","vaes","vpclmulqdq","xsavec","xsaveopt"],"generation":0,"parents":["cascadelake","cannonlake"],"cpupart":""}},"compiler":{"name":"gcc","version":"12.2.0"},"namespace":"nvhpc_cuda_booster","parameters":{"blas":true,"build_system":"generic","default_cuda":"12.2","install_type":"single","lapack":true,"mpi":false,"cflags":[],"cppflags":[],"cxxflags":[],"fflags":[],"ldflags":[],"ldlibs":[]},"external":{"path":"/leonardo_work/ICT26_MHPC_0/franco/spack-install/env-nvhpc-26.3-hpcx-2.20/linux-rhel8-icelake/gcc-12.2.0/nvhpc-26.3-e2lv6bo2xk2zpw4hoilvgnpbxw3d6zyr","module":null,"extra_attributes":{}},"package_hash":"brieajenfq5vo6eaaxjt65irjizszlpxgvtyn4hbsw5ainelho7a====","hash":"kz4rfdln73od7nqm6eutscfygcmvb6jq"},"osugjkvn7r5k6tt7dqyeddk7vt5mzc7u":{"name":"parallel-netcdf","version":"1.12.3","arch":{"platform":"linux","platform_os":"rhel8","target":{"name":"icelake","vendor":"GenuineIntel","features":["adx","aes","avx","avx2","avx512_bitalg","avx512_vbmi2","avx512_vnni","avx512_vpopcntdq","avx512bw","avx512cd","avx512dq","avx512f","avx512ifma","avx512vbmi","avx512vl","bmi1","bmi2","clflushopt","clwb","f16c","fma","gfni","mmx","movbe","pclmulqdq","popcnt","rdpid","rdrand","rdseed","sha_ni","sse","sse2","sse4_1","sse4_2","ssse3","vaes","vpclmulqdq","xsavec","xsaveopt"],"generation":0,"parents":["cascadelake","cannonlake"],"cpupart":""}},"compiler":{"name":"nvhpc","version":"26.3"},"namespace":"builtin","parameters":{"build_system":"autotools","burstbuffer":false,"cxx":true,"fortran":true,"pic":true,"shared":true,"cflags":[],"cppflags":[],"cxxflags":[],"fflags":[],"ldflags":[],"ldlibs":[]},"package_hash":"th5gt5332pthrwte4o2dlsgy6a7yd76ijxwgzzci7dgae636ybga====","dependencies":[{"name":"glibc","hash":"cv3b2k4kem4eshrz7blta6sh5w2r7ajp","parameters":{"deptypes":["link"],"virtuals":["libc"]}},{"name":"gmake","hash":"2vviymcqppnynwxnd6drawmganyskwp4","parameters":{"deptypes":["build"],"virtuals":[]}},{"name":"hpcx-mpi","hash":"hfsgr6sguz4gvxhxaojomenjp5p7mx6t","parameters":{"deptypes":["build","link"],"virtuals":["mpi"]}},{"name":"m4","hash":"se7d2koiqpsgdrb7jlbwz4v2dohrrjqw","parameters":{"deptypes":["build"],"virtuals":[]}},{"name":"perl","hash":"oca2i6vdsysvztv6huwrcej6jd7o2yh2","parameters":{"deptypes":["build"],"virtuals":[]}}],"hash":"osugjkvn7r5k6tt7dqyeddk7vt5mzc7u"},"se7d2koiqpsgdrb7jlbwz4v2dohrrjqw":{"name":"m4","version":"1.4.19","arch":{"platform":"linux","platform_os":"rhel8","target":{"name":"icelake","vendor":"GenuineIntel","features":["adx","aes","avx","avx2","avx512_bitalg","avx512_vbmi2","avx512_vnni","avx512_vpopcntdq","avx512bw","avx512cd","avx512dq","avx512f","avx512ifma","avx512vbmi","avx512vl","bmi1","bmi2","clflushopt","clwb","f16c","fma","gfni","mmx","movbe","pclmulqdq","popcnt","rdpid","rdrand","rdseed","sha_ni","sse","sse2","sse4_1","sse4_2","ssse3","vaes","vpclmulqdq","xsavec","xsaveopt"],"generation":0,"parents":["cascadelake","cannonlake"],"cpupart":""}},"compiler":{"name":"nvhpc","version":"26.3"},"namespace":"builtin","parameters":{"build_system":"autotools","patches":["6985830b7975e25a2ced4794c700a6bd64a86884748d913c1431249544697365","72bb1adbae19ab6cb787efd11997715af209d5478fca4e0c788a34a06dee12d8","9dc5fbd0d5cb1037ab1e6d0ecc74a30df218d0a94bdd5a02759a97f62daca573","bfdffa7c2eb01021d5849b36972c069693654ad826c1a20b53534009a4ec7a89"],"sigsegv":true,"cflags":[],"cppflags":[],"cxxflags":[],"fflags":[],"ldflags":[],"ldlibs":[]},"patches":["6985830b7975e25a2ced4794c700a6bd64a86884748d913c1431249544697365","72bb1adbae19ab6cb787efd11997715af209d5478fca4e0c788a34a06dee12d8","bfdffa7c2eb01021d5849b36972c069693654ad826c1a20b53534009a4ec7a89","9dc5fbd0d5cb1037ab1e6d0ecc74a30df218d0a94bdd5a02759a97f62daca573"],"package_hash":"uv3uvtcej7yfnhm6wa2cjuzmhfv3jzktfaiaw6kqnzpiqufat53q====","dependencies":[{"name":"diffutils","hash":"kbwn7tgnn5zpxkgyntdebdavrab4fs46","parameters":{"deptypes":["build"],"virtuals":[]}},{"name":"glibc","hash":"cv3b2k4kem4eshrz7blta6sh5w2r7ajp","parameters":{"deptypes":["link"],"virtuals":["libc"]}},{"name":"gmake","hash":"2vviymcqppnynwxnd6drawmganyskwp4","parameters":{"deptypes":["build"],"virtuals":[]}},{"name":"libsigsegv","hash":"dpvkojuyxjlrbidza3q5yv3xceyqlit2","parameters":{"deptypes":["build","link"],"virtuals":[]}}],"hash":"se7d2koiqpsgdrb7jlbwz4v2dohrrjqw"},"dpvkojuyxjlrbidza3q5yv3xceyqlit2":{"name":"libsigsegv","version":"2.14","arch":{"platform":"linux","platform_os":"rhel8","target":{"name":"icelake","vendor":"GenuineIntel","features":["adx","aes","avx","avx2","avx512_bitalg","avx512_vbmi2","avx512_vnni","avx512_vpopcntdq","avx512bw","avx512cd","avx512dq","avx512f","avx512ifma","avx512vbmi","avx512vl","bmi1","bmi2","clflushopt","clwb","f16c","fma","gfni","mmx","movbe","pclmulqdq","popcnt","rdpid","rdrand","rdseed","sha_ni","sse","sse2","sse4_1","sse4_2","ssse3","vaes","vpclmulqdq","xsavec","xsaveopt"],"generation":0,"parents":["cascadelake","cannonlake"],"cpupart":""}},"compiler":{"name":"nvhpc","version":"26.3"},"namespace":"builtin","parameters":{"build_system":"autotools","cflags":[],"cppflags":[],"cxxflags":[],"fflags":[],"ldflags":[],"ldlibs":[]},"package_hash":"ypp3sciaprcyojozq2c5gqugtewmr5ytjbfpycyhu6wivtky7rja====","dependencies":[{"name":"glibc","hash":"cv3b2k4kem4eshrz7blta6sh5w2r7ajp","parameters":{"deptypes":["link"],"virtuals":["libc"]}},{"name":"gmake","hash":"2vviymcqppnynwxnd6drawmganyskwp4","parameters":{"deptypes":["build"],"virtuals":[]}}],"hash":"dpvkojuyxjlrbidza3q5yv3xceyqlit2"}}}