{"_meta":{"file-type":"spack-lockfile","lockfile-version":5,"specfile-version":4},"spack":{"version":"0.22.2","type":"release"},"roots":[{"hash":"vma55nqrszg7ybmvdjbhwn2cbxqq3o7k","spec":"binutils@2.42%gcc@12.2.0"},{"hash":"e2lv6bo2xk2zpw4hoilvgnpbxw3d6zyr","spec":"nvhpc@26.3%gcc@12.2.0+blas+lapack~mpi default_cuda=12.2"}],"concrete_specs":{"vma55nqrszg7ybmvdjbhwn2cbxqq3o7k":{"name":"binutils","version":"2.42","arch":{"platform":"linux","platform_os":"rhel8","target":{"name":"icelake","vendor":"GenuineIntel","features":["adx","aes","avx","avx2","avx512_bitalg","avx512_vbmi2","avx512_vnni","avx512_vpopcntdq","avx512bw","avx512cd","avx512dq","avx512f","avx512ifma","avx512vbmi","avx512vl","bmi1","bmi2","clflushopt","clwb","f16c","fma","gfni","mmx","movbe","pclmulqdq","popcnt","rdpid","rdrand","rdseed","sha_ni","sse","sse2","sse4_1","sse4_2","ssse3","vaes","vpclmulqdq","xsavec","xsaveopt"],"generation":0,"parents":["cascadelake","cannonlake"],"cpupart":""}},"compiler":{"name":"gcc","version":"12.2.0"},"namespace":"builtin","parameters":{"build_system":"autotools","compress_debug_sections":"zlib","gas":true,"gold":false,"gprofng":false,"headers":false,"interwork":false,"ld":true,"libiberty":false,"libs":["shared","static"],"lto":false,"nls":false,"pgo":false,"plugins":true,"cflags":[],"cppflags":[],"cxxflags":[],"fflags":[],"ldflags":[],"ldlibs":[]},"package_hash":"t3opynkwr3j3bpdsiyxgx4ilrzevgxfstwbx25pqbtw6wwlrylzq====","dependencies":[{"name":"diffutils","hash":"hksr4ketoyufzjhrwu75xqvg5xhqnwxt","parameters":{"deptypes":["build"],"virtuals":[]}},{"name":"gcc-runtime","hash":"dqfwf7yjtbtdzllj66jx6suk34ir2ct3","parameters":{"deptypes":["link"],"virtuals":[]}},{"name":"glibc","hash":"gi6mmtiyx72crixwqwqgtnp3o4syj3n3","parameters":{"deptypes":["link"],"virtuals":["libc"]}},{"name":"gmake","hash":"cdudzevu2q5rgl6dbdwsrf5xvocjr2qv","parameters":{"deptypes":["build"],"virtuals":[]}},{"name":"pkgconf","hash":"kzyu2feynzbzivshdoqwp55id6u6kdfb","parameters":{"deptypes":["build"],"virtuals":["pkgconfig"]}},{"name":"zlib-ng","hash":"n7hbr57rvifrdq6o7ubinabh6ll563yl","parameters":{"deptypes":["build","link"],"virtuals":["zlib-api"]}},{"name":"zstd","hash":"bybzdhzps26l3vjtca3m5pytuiwzqaac","parameters":{"deptypes":["build","link"],"virtuals":[]}}],"hash":"vma55nqrszg7ybmvdjbhwn2cbxqq3o7k"},"hksr4ketoyufzjhrwu75xqvg5xhqnwxt":{"name":"diffutils","version":"3.10","arch":{"platform":"linux","platform_os":"rhel8","target":{"name":"icelake","vendor":"GenuineIntel","features":["adx","aes","avx","avx2","avx512_bitalg","avx512_vbmi2","avx512_vnni","avx512_vpopcntdq","avx512bw","avx512cd","avx512dq","avx512f","avx512ifma","avx512vbmi","avx512vl","bmi1","bmi2","clflushopt","clwb","f16c","fma","gfni","mmx","movbe","pclmulqdq","popcnt","rdpid","rdrand","rdseed","sha_ni","sse","sse2","sse4_1","sse4_2","ssse3","vaes","vpclmulqdq","xsavec","xsaveopt"],"generation":0,"parents":["cascadelake","cannonlake"],"cpupart":""}},"compiler":{"name":"gcc","version":"12.2.0"},"namespace":"builtin","parameters":{"build_system":"autotools","cflags":[],"cppflags":[],"cxxflags":[],"fflags":[],"ldflags":[],"ldlibs":[]},"package_hash":"kbmzdy7mgklc24qx55cvx7kq7hceby2yav4fnf64gfdo7epdghwa====","dependencies":[{"name":"gcc-runtime","hash":"dqfwf7yjtbtdzllj66jx6suk34ir2ct3","parameters":{"deptypes":["link"],"virtuals":[]}},{"name":"glibc","hash":"gi6mmtiyx72crixwqwqgtnp3o4syj3n3","parameters":{"deptypes":["link"],"virtuals":["libc"]}},{"name":"gmake","hash":"cdudzevu2q5rgl6dbdwsrf5xvocjr2qv","parameters":{"deptypes":["build"],"virtuals":[]}},{"name":"libiconv","hash":"7y7uep6pell4oam42uix2ei4ucg5a7uv","parameters":{"deptypes":["build","link"],"virtuals":["iconv"]}}],"hash":"hksr4ketoyufzjhrwu75xqvg5xhqnwxt"},"dqfwf7yjtbtdzllj66jx6suk34ir2ct3":{"name":"gcc-runtime","version":"12.2.0","arch":{"platform":"linux","platform_os":"rhel8","target":{"name":"icelake","vendor":"GenuineIntel","features":["adx","aes","avx","avx2","avx512_bitalg","avx512_vbmi2","avx512_vnni","avx512_vpopcntdq","avx512bw","avx512cd","avx512dq","avx512f","avx512ifma","avx512vbmi","avx512vl","bmi1","bmi2","clflushopt","clwb","f16c","fma","gfni","mmx","movbe","pclmulqdq","popcnt","rdpid","rdrand","rdseed","sha_ni","sse","sse2","sse4_1","sse4_2","ssse3","vaes","vpclmulqdq","xsavec","xsaveopt"],"generation":0,"parents":["cascadelake","cannonlake"],"cpupart":""}},"compiler":{"name":"gcc","version":"12.2.0"},"namespace":"builtin","parameters":{"build_system":"generic","cflags":[],"cppflags":[],"cxxflags":[],"fflags":[],"ldflags":[],"ldlibs":[]},"package_hash":"sbry3aldasmsm7cxonkbjh26n4h67jsb7ylzmrtjvxhnecjirboq====","dependencies":[{"name":"glibc","hash":"gi6mmtiyx72crixwqwqgtnp3o4syj3n3","parameters":{"deptypes":["link"],"virtuals":["libc"]}}],"hash":"dqfwf7yjtbtdzllj66jx6suk34ir2ct3"},"gi6mmtiyx72crixwqwqgtnp3o4syj3n3":{"name":"glibc","version":"2.28","arch":{"platform":"linux","platform_os":"rhel8","target":{"name":"icelake","vendor":"GenuineIntel","features":["adx","aes","avx","avx2","avx512_bitalg","avx512_vbmi2","avx512_vnni","avx512_vpopcntdq","avx512bw","avx512cd","avx512dq","avx512f","avx512ifma","avx512vbmi","avx512vl","bmi1","bmi2","clflushopt","clwb","f16c","fma","gfni","mmx","movbe","pclmulqdq","popcnt","rdpid","rdrand","rdseed","sha_ni","sse","sse2","sse4_1","sse4_2","ssse3","vaes","vpclmulqdq","xsavec","xsaveopt"],"generation":0,"parents":["cascadelake","cannonlake"],"cpupart":""}},"compiler":{"name":"gcc","version":"12.2.0"},"namespace":"builtin","parameters":{"build_system":"autotools","cflags":[],"cppflags":[],"cxxflags":[],"fflags":[],"ldflags":[],"ldlibs":[]},"external":{"path":"/usr","module":null,"extra_attributes":{}},"package_hash":"riktbfk2yybad7tgbvdkntk5c5msjcm5pk3x7naszgbvfm57h4rq====","hash":"gi6mmtiyx72crixwqwqgtnp3o4syj3n3"},"cdudzevu2q5rgl6dbdwsrf5xvocjr2qv":{"name":"gmake","version":"4.4.1","arch":{"platform":"linux","platform_os":"rhel8","target":{"name":"icelake","vendor":"GenuineIntel","features":["adx","aes","avx","avx2","avx512_bitalg","avx512_vbmi2","avx512_vnni","avx512_vpopcntdq","avx512bw","avx512cd","avx512dq","avx512f","avx512ifma","avx512vbmi","avx512vl","bmi1","bmi2","clflushopt","clwb","f16c","fma","gfni","mmx","movbe","pclmulqdq","popcnt","rdpid","rdrand","rdseed","sha_ni","sse","sse2","sse4_1","sse4_2","ssse3","vaes","vpclmulqdq","xsavec","xsaveopt"],"generation":0,"parents":["cascadelake","cannonlake"],"cpupart":""}},"compiler":{"name":"gcc","version":"12.2.0"},"namespace":"builtin","parameters":{"build_system":"generic","guile":false,"cflags":[],"cppflags":[],"cxxflags":[],"fflags":[],"ldflags":[],"ldlibs":[]},"package_hash":"ghstvqlc3r7kgiikwx24xhcxdxcqdk5viinrzgm2mssqigfonika====","dependencies":[{"name":"gcc-runtime","hash":"dqfwf7yjtbtdzllj66jx6suk34ir2ct3","parameters":{"deptypes":["link"],"virtuals":[]}},{"name":"glibc","hash":"gi6mmtiyx72crixwqwqgtnp3o4syj3n3","parameters":{"deptypes":["link"],"virtuals":["libc"]}}],"hash":"cdudzevu2q5rgl6dbdwsrf5xvocjr2qv"},"7y7uep6pell4oam42uix2ei4ucg5a7uv":{"name":"libiconv","version":"1.17","arch":{"platform":"linux","platform_os":"rhel8","target":{"name":"icelake","vendor":"GenuineIntel","features":["adx","aes","avx","avx2","avx512_bitalg","avx512_vbmi2","avx512_vnni","avx512_vpopcntdq","avx512bw","avx512cd","avx512dq","avx512f","avx512ifma","avx512vbmi","avx512vl","bmi1","bmi2","clflushopt","clwb","f16c","fma","gfni","mmx","movbe","pclmulqdq","popcnt","rdpid","rdrand","rdseed","sha_ni","sse","sse2","sse4_1","sse4_2","ssse3","vaes","vpclmulqdq","xsavec","xsaveopt"],"generation":0,"parents":["cascadelake","cannonlake"],"cpupart":""}},"compiler":{"name":"gcc","version":"12.2.0"},"namespace":"builtin","parameters":{"build_system":"autotools","libs":["shared","static"],"cflags":[],"cppflags":[],"cxxflags":[],"fflags":[],"ldflags":[],"ldlibs":[]},"package_hash":"hx2hgtfxuafavkaf2rp3hjq7ttx4zuoyareduhx25lb4a5b64sua====","dependencies":[{"name":"gcc-runtime","hash":"dqfwf7yjtbtdzllj66jx6suk34ir2ct3","parameters":{"deptypes":["link"],"virtuals":[]}},{"name":"glibc","hash":"gi6mmtiyx72crixwqwqgtnp3o4syj3n3","parameters":{"deptypes":["link"],"virtuals":["libc"]}},{"name":"gmake","hash":"cdudzevu2q5rgl6dbdwsrf5xvocjr2qv","parameters":{"deptypes":["build"],"virtuals":[]}}],"hash":"7y7uep6pell4oam42uix2ei4ucg5a7uv"},"kzyu2feynzbzivshdoqwp55id6u6kdfb":{"name":"pkgconf","version":"2.2.0","arch":{"platform":"linux","platform_os":"rhel8","target":{"name":"icelake","vendor":"GenuineIntel","features":["adx","aes","avx","avx2","avx512_bitalg","avx512_vbmi2","avx512_vnni","avx512_vpopcntdq","avx512bw","avx512cd","avx512dq","avx512f","avx512ifma","avx512vbmi","avx512vl","bmi1","bmi2","clflushopt","clwb","f16c","fma","gfni","mmx","movbe","pclmulqdq","popcnt","rdpid","rdrand","rdseed","sha_ni","sse","sse2","sse4_1","sse4_2","ssse3","vaes","vpclmulqdq","xsavec","xsaveopt"],"generation":0,"parents":["cascadelake","cannonlake"],"cpupart":""}},"compiler":{"name":"gcc","version":"12.2.0"},"namespace":"builtin","parameters":{"build_system":"autotools","cflags":[],"cppflags":[],"cxxflags":[],"fflags":[],"ldflags":[],"ldlibs":[]},"package_hash":"q2qey5otmyi3qvzrgsszi6gre5uaxd6z6zyh3zjv2vtgukavieoq====","dependencies":[{"name":"gcc-runtime","hash":"dqfwf7yjtbtdzllj66jx6suk34ir2ct3","parameters":{"deptypes":["link"],"virtuals":[]}},{"name":"glibc","hash":"gi6mmtiyx72crixwqwqgtnp3o4syj3n3","parameters":{"deptypes":["link"],"virtuals":["libc"]}},{"name":"gmake","hash":"cdudzevu2q5rgl6dbdwsrf5xvocjr2qv","parameters":{"deptypes":["build"],"virtuals":[]}}],"hash":"kzyu2feynzbzivshdoqwp55id6u6kdfb"},"n7hbr57rvifrdq6o7ubinabh6ll563yl":{"name":"zlib-ng","version":"2.1.6","arch":{"platform":"linux","platform_os":"rhel8","target":{"name":"icelake","vendor":"GenuineIntel","features":["adx","aes","avx","avx2","avx512_bitalg","avx512_vbmi2","avx512_vnni","avx512_vpopcntdq","avx512bw","avx512cd","avx512dq","avx512f","avx512ifma","avx512vbmi","avx512vl","bmi1","bmi2","clflushopt","clwb","f16c","fma","gfni","mmx","movbe","pclmulqdq","popcnt","rdpid","rdrand","rdseed","sha_ni","sse","sse2","sse4_1","sse4_2","ssse3","vaes","vpclmulqdq","xsavec","xsaveopt"],"generation":0,"parents":["cascadelake","cannonlake"],"cpupart":""}},"compiler":{"name":"gcc","version":"12.2.0"},"namespace":"builtin","parameters":{"build_system":"autotools","compat":true,"new_strategies":true,"opt":true,"pic":true,"shared":true,"cflags":[],"cppflags":[],"cxxflags":[],"fflags":[],"ldflags":[],"ldlibs":[]},"package_hash":"mulfc7ykutrxflhqn3h6pqypexmggje35ldj6ekqxn53zdhrkpuq====","dependencies":[{"name":"gcc-runtime","hash":"dqfwf7yjtbtdzllj66jx6suk34ir2ct3","parameters":{"deptypes":["link"],"virtuals":[]}},{"name":"glibc","hash":"gi6mmtiyx72crixwqwqgtnp3o4syj3n3","parameters":{"deptypes":["link"],"virtuals":["libc"]}},{"name":"gmake","hash":"cdudzevu2q5rgl6dbdwsrf5xvocjr2qv","parameters":{"deptypes":["build"],"virtuals":[]}}],"hash":"n7hbr57rvifrdq6o7ubinabh6ll563yl"},"bybzdhzps26l3vjtca3m5pytuiwzqaac":{"name":"zstd","version":"1.5.6","arch":{"platform":"linux","platform_os":"rhel8","target":{"name":"icelake","vendor":"GenuineIntel","features":["adx","aes","avx","avx2","avx512_bitalg","avx512_vbmi2","avx512_vnni","avx512_vpopcntdq","avx512bw","avx512cd","avx512dq","avx512f","avx512ifma","avx512vbmi","avx512vl","bmi1","bmi2","clflushopt","clwb","f16c","fma","gfni","mmx","movbe","pclmulqdq","popcnt","rdpid","rdrand","rdseed","sha_ni","sse","sse2","sse4_1","sse4_2","ssse3","vaes","vpclmulqdq","xsavec","xsaveopt"],"generation":0,"parents":["cascadelake","cannonlake"],"cpupart":""}},"compiler":{"name":"gcc","version":"12.2.0"},"namespace":"builtin","parameters":{"build_system":"makefile","libs":["shared","static"],"programs":false,"cflags":[],"cppflags":[],"cxxflags":[],"fflags":[],"ldflags":[],"ldlibs":[]},"package_hash":"uvmrov4c6unft6o4yd3jk3uqvweua3uhwdli4sw7h5wvklaf5t3q====","dependencies":[{"name":"gcc-runtime","hash":"dqfwf7yjtbtdzllj66jx6suk34ir2ct3","parameters":{"deptypes":["link"],"virtuals":[]}},{"name":"glibc","hash":"gi6mmtiyx72crixwqwqgtnp3o4syj3n3","parameters":{"deptypes":["link"],"virtuals":["libc"]}},{"name":"gmake","hash":"cdudzevu2q5rgl6dbdwsrf5xvocjr2qv","parameters":{"deptypes":["build"],"virtuals":[]}}],"hash":"bybzdhzps26l3vjtca3m5pytuiwzqaac"},"e2lv6bo2xk2zpw4hoilvgnpbxw3d6zyr":{"name":"nvhpc","version":"26.3","arch":{"platform":"linux","platform_os":"rhel8","target":{"name":"icelake","vendor":"GenuineIntel","features":["adx","aes","avx","avx2","avx512_bitalg","avx512_vbmi2","avx512_vnni","avx512_vpopcntdq","avx512bw","avx512cd","avx512dq","avx512f","avx512ifma","avx512vbmi","avx512vl","bmi1","bmi2","clflushopt","clwb","f16c","fma","gfni","mmx","movbe","pclmulqdq","popcnt","rdpid","rdrand","rdseed","sha_ni","sse","sse2","sse4_1","sse4_2","ssse3","vaes","vpclmulqdq","xsavec","xsaveopt"],"generation":0,"parents":["cascadelake","cannonlake"],"cpupart":""}},"compiler":{"name":"gcc","version":"12.2.0"},"namespace":"nvhpc_cuda_booster","parameters":{"blas":true,"build_system":"generic","default_cuda":"12.2","install_type":"single","lapack":true,"mpi":false,"cflags":[],"cppflags":[],"cxxflags":[],"fflags":[],"ldflags":[],"ldlibs":[]},"package_hash":"brieajenfq5vo6eaaxjt65irjizszlpxgvtyn4hbsw5ainelho7a====","dependencies":[{"name":"gcc-runtime","hash":"dqfwf7yjtbtdzllj66jx6suk34ir2ct3","parameters":{"deptypes":["link"],"virtuals":[]}},{"name":"glibc","hash":"gi6mmtiyx72crixwqwqgtnp3o4syj3n3","parameters":{"deptypes":["link"],"virtuals":["libc"]}}],"hash":"e2lv6bo2xk2zpw4hoilvgnpbxw3d6zyr"}}}