{"_meta":{"file-type":"spack-lockfile","lockfile-version":5,"specfile-version":4},"spack":{"version":"0.22.2","type":"release"},"roots":[{"hash":"vma55nqrszg7ybmvdjbhwn2cbxqq3o7k","spec":"binutils@2.42%gcc@12.2.0"},{"hash":"zaxjegs3plo7d2opkrcf6y4ou5xwt7iz","spec":"cuda@12.9%nvhpc@26.3"},{"hash":"m7yru2npd7cj6q3aiglle5cz4wurvr5d","spec":"cudnn@9.23.0.39-12%nvhpc@26.3 ^cuda@12.9"},{"hash":"pwhotfwqfcibdpybgnnr2bdo6dlisjn5","spec":"gdrcopy@2.5.1%nvhpc@26.3+cuda cuda_arch=80 ^cuda@12.9"},{"hash":"x46wped3tyem7mtugwl3j6cfwryke257","spec":"hdf5@1.14.3%nvhpc@26.3"},{"hash":"vrad44epfzi4iqyxados3wufgzgoxhoe","spec":"nccl@2.22.3-1%nvhpc@26.3 cuda_arch=80 ^cuda@12.9"},{"hash":"s42v3n27uc7wnijbhjvnysnkgmmq7glm","spec":"netcdf-c@4.9.2%nvhpc@26.3"},{"hash":"pwoz2niretptzrirp2il3mkfqd7tczhl","spec":"netcdf-fortran@4.6.1%nvhpc@26.3"},{"hash":"cfwwtq6y4ukwx42jilyj3qisjmx7wrzb","spec":"nvhpc@26.3%gcc@12.2.0+blas+lapack~mpi default_cuda=12.9"},{"hash":"bz5kcv4iyvmslgrlriq6h34ruuf3guqa","spec":"parallel-netcdf@1.12.3%nvhpc@26.3"}],"concrete_specs":{"vma55nqrszg7ybmvdjbhwn2cbxqq3o7k":{"name":"binutils","version":"2.42","arch":{"platform":"linux","platform_os":"rhel8","target":{"name":"icelake","vendor":"GenuineIntel","features":["adx","aes","avx","avx2","avx512_bitalg","avx512_vbmi2","avx512_vnni","avx512_vpopcntdq","avx512bw","avx512cd","avx512dq","avx512f","avx512ifma","avx512vbmi","avx512vl","bmi1","bmi2","clflushopt","clwb","f16c","fma","gfni","mmx","movbe","pclmulqdq","popcnt","rdpid","rdrand","rdseed","sha_ni","sse","sse2","sse4_1","sse4_2","ssse3","vaes","vpclmulqdq","xsavec","xsaveopt"],"generation":0,"parents":["cascadelake","cannonlake"],"cpupart":""}},"compiler":{"name":"gcc","version":"12.2.0"},"namespace":"builtin","parameters":{"build_system":"autotools","compress_debug_sections":"zlib","gas":true,"gold":false,"gprofng":false,"headers":false,"interwork":false,"ld":true,"libiberty":false,"libs":["shared","static"],"lto":false,"nls":false,"pgo":false,"plugins":true,"cflags":[],"cppflags":[],"cxxflags":[],"fflags":[],"ldflags":[],"ldlibs":[]},"package_hash":"t3opynkwr3j3bpdsiyxgx4ilrzevgxfstwbx25pqbtw6wwlrylzq====","dependencies":[{"name":"diffutils","hash":"hksr4ketoyufzjhrwu75xqvg5xhqnwxt","parameters":{"deptypes":["build"],"virtuals":[]}},{"name":"gcc-runtime","hash":"dqfwf7yjtbtdzllj66jx6suk34ir2ct3","parameters":{"deptypes":["link"],"virtuals":[]}},{"name":"glibc","hash":"gi6mmtiyx72crixwqwqgtnp3o4syj3n3","parameters":{"deptypes":["link"],"virtuals":["libc"]}},{"name":"gmake","hash":"cdudzevu2q5rgl6dbdwsrf5xvocjr2qv","parameters":{"deptypes":["build"],"virtuals":[]}},{"name":"pkgconf","hash":"kzyu2feynzbzivshdoqwp55id6u6kdfb","parameters":{"deptypes":["build"],"virtuals":["pkgconfig"]}},{"name":"zlib-ng","hash":"n7hbr57rvifrdq6o7ubinabh6ll563yl","parameters":{"deptypes":["build","link"],"virtuals":["zlib-api"]}},{"name":"zstd","hash":"bybzdhzps26l3vjtca3m5pytuiwzqaac","parameters":{"deptypes":["build","link"],"virtuals":[]}}],"hash":"vma55nqrszg7ybmvdjbhwn2cbxqq3o7k"},"hksr4ketoyufzjhrwu75xqvg5xhqnwxt":{"name":"diffutils","version":"3.10","arch":{"platform":"linux","platform_os":"rhel8","target":{"name":"icelake","vendor":"GenuineIntel","features":["adx","aes","avx","avx2","avx512_bitalg","avx512_vbmi2","avx512_vnni","avx512_vpopcntdq","avx512bw","avx512cd","avx512dq","avx512f","avx512ifma","avx512vbmi","avx512vl","bmi1","bmi2","clflushopt","clwb","f16c","fma","gfni","mmx","movbe","pclmulqdq","popcnt","rdpid","rdrand","rdseed","sha_ni","sse","sse2","sse4_1","sse4_2","ssse3","vaes","vpclmulqdq","xsavec","xsaveopt"],"generation":0,"parents":["cascadelake","cannonlake"],"cpupart":""}},"compiler":{"name":"gcc","version":"12.2.0"},"namespace":"builtin","parameters":{"build_system":"autotools","cflags":[],"cppflags":[],"cxxflags":[],"fflags":[],"ldflags":[],"ldlibs":[]},"package_hash":"kbmzdy7mgklc24qx55cvx7kq7hceby2yav4fnf64gfdo7epdghwa====","dependencies":[{"name":"gcc-runtime","hash":"dqfwf7yjtbtdzllj66jx6suk34ir2ct3","parameters":{"deptypes":["link"],"virtuals":[]}},{"name":"glibc","hash":"gi6mmtiyx72crixwqwqgtnp3o4syj3n3","parameters":{"deptypes":["link"],"virtuals":["libc"]}},{"name":"gmake","hash":"cdudzevu2q5rgl6dbdwsrf5xvocjr2qv","parameters":{"deptypes":["build"],"virtuals":[]}},{"name":"libiconv","hash":"7y7uep6pell4oam42uix2ei4ucg5a7uv","parameters":{"deptypes":["build","link"],"virtuals":["iconv"]}}],"hash":"hksr4ketoyufzjhrwu75xqvg5xhqnwxt"},"dqfwf7yjtbtdzllj66jx6suk34ir2ct3":{"name":"gcc-runtime","version":"12.2.0","arch":{"platform":"linux","platform_os":"rhel8","target":{"name":"icelake","vendor":"GenuineIntel","features":["adx","aes","avx","avx2","avx512_bitalg","avx512_vbmi2","avx512_vnni","avx512_vpopcntdq","avx512bw","avx512cd","avx512dq","avx512f","avx512ifma","avx512vbmi","avx512vl","bmi1","bmi2","clflushopt","clwb","f16c","fma","gfni","mmx","movbe","pclmulqdq","popcnt","rdpid","rdrand","rdseed","sha_ni","sse","sse2","sse4_1","sse4_2","ssse3","vaes","vpclmulqdq","xsavec","xsaveopt"],"generation":0,"parents":["cascadelake","cannonlake"],"cpupart":""}},"compiler":{"name":"gcc","version":"12.2.0"},"namespace":"builtin","parameters":{"build_system":"generic","cflags":[],"cppflags":[],"cxxflags":[],"fflags":[],"ldflags":[],"ldlibs":[]},"package_hash":"sbry3aldasmsm7cxonkbjh26n4h67jsb7ylzmrtjvxhnecjirboq====","dependencies":[{"name":"glibc","hash":"gi6mmtiyx72crixwqwqgtnp3o4syj3n3","parameters":{"deptypes":["link"],"virtuals":["libc"]}}],"hash":"dqfwf7yjtbtdzllj66jx6suk34ir2ct3"},"gi6mmtiyx72crixwqwqgtnp3o4syj3n3":{"name":"glibc","version":"2.28","arch":{"platform":"linux","platform_os":"rhel8","target":{"name":"icelake","vendor":"GenuineIntel","features":["adx","aes","avx","avx2","avx512_bitalg","avx512_vbmi2","avx512_vnni","avx512_vpopcntdq","avx512bw","avx512cd","avx512dq","avx512f","avx512ifma","avx512vbmi","avx512vl","bmi1","bmi2","clflushopt","clwb","f16c","fma","gfni","mmx","movbe","pclmulqdq","popcnt","rdpid","rdrand","rdseed","sha_ni","sse","sse2","sse4_1","sse4_2","ssse3","vaes","vpclmulqdq","xsavec","xsaveopt"],"generation":0,"parents":["cascadelake","cannonlake"],"cpupart":""}},"compiler":{"name":"gcc","version":"12.2.0"},"namespace":"builtin","parameters":{"build_system":"autotools","cflags":[],"cppflags":[],"cxxflags":[],"fflags":[],"ldflags":[],"ldlibs":[]},"external":{"path":"/usr","module":null,"extra_attributes":{}},"package_hash":"riktbfk2yybad7tgbvdkntk5c5msjcm5pk3x7naszgbvfm57h4rq====","hash":"gi6mmtiyx72crixwqwqgtnp3o4syj3n3"},"cdudzevu2q5rgl6dbdwsrf5xvocjr2qv":{"name":"gmake","version":"4.4.1","arch":{"platform":"linux","platform_os":"rhel8","target":{"name":"icelake","vendor":"GenuineIntel","features":["adx","aes","avx","avx2","avx512_bitalg","avx512_vbmi2","avx512_vnni","avx512_vpopcntdq","avx512bw","avx512cd","avx512dq","avx512f","avx512ifma","avx512vbmi","avx512vl","bmi1","bmi2","clflushopt","clwb","f16c","fma","gfni","mmx","movbe","pclmulqdq","popcnt","rdpid","rdrand","rdseed","sha_ni","sse","sse2","sse4_1","sse4_2","ssse3","vaes","vpclmulqdq","xsavec","xsaveopt"],"generation":0,"parents":["cascadelake","cannonlake"],"cpupart":""}},"compiler":{"name":"gcc","version":"12.2.0"},"namespace":"builtin","parameters":{"build_system":"generic","guile":false,"cflags":[],"cppflags":[],"cxxflags":[],"fflags":[],"ldflags":[],"ldlibs":[]},"package_hash":"ghstvqlc3r7kgiikwx24xhcxdxcqdk5viinrzgm2mssqigfonika====","dependencies":[{"name":"gcc-runtime","hash":"dqfwf7yjtbtdzllj66jx6suk34ir2ct3","parameters":{"deptypes":["link"],"virtuals":[]}},{"name":"glibc","hash":"gi6mmtiyx72crixwqwqgtnp3o4syj3n3","parameters":{"deptypes":["link"],"virtuals":["libc"]}}],"hash":"cdudzevu2q5rgl6dbdwsrf5xvocjr2qv"},"7y7uep6pell4oam42uix2ei4ucg5a7uv":{"name":"libiconv","version":"1.17","arch":{"platform":"linux","platform_os":"rhel8","target":{"name":"icelake","vendor":"GenuineIntel","features":["adx","aes","avx","avx2","avx512_bitalg","avx512_vbmi2","avx512_vnni","avx512_vpopcntdq","avx512bw","avx512cd","avx512dq","avx512f","avx512ifma","avx512vbmi","avx512vl","bmi1","bmi2","clflushopt","clwb","f16c","fma","gfni","mmx","movbe","pclmulqdq","popcnt","rdpid","rdrand","rdseed","sha_ni","sse","sse2","sse4_1","sse4_2","ssse3","vaes","vpclmulqdq","xsavec","xsaveopt"],"generation":0,"parents":["cascadelake","cannonlake"],"cpupart":""}},"compiler":{"name":"gcc","version":"12.2.0"},"namespace":"builtin","parameters":{"build_system":"autotools","libs":["shared","static"],"cflags":[],"cppflags":[],"cxxflags":[],"fflags":[],"ldflags":[],"ldlibs":[]},"package_hash":"hx2hgtfxuafavkaf2rp3hjq7ttx4zuoyareduhx25lb4a5b64sua====","dependencies":[{"name":"gcc-runtime","hash":"dqfwf7yjtbtdzllj66jx6suk34ir2ct3","parameters":{"deptypes":["link"],"virtuals":[]}},{"name":"glibc","hash":"gi6mmtiyx72crixwqwqgtnp3o4syj3n3","parameters":{"deptypes":["link"],"virtuals":["libc"]}},{"name":"gmake","hash":"cdudzevu2q5rgl6dbdwsrf5xvocjr2qv","parameters":{"deptypes":["build"],"virtuals":[]}}],"hash":"7y7uep6pell4oam42uix2ei4ucg5a7uv"},"kzyu2feynzbzivshdoqwp55id6u6kdfb":{"name":"pkgconf","version":"2.2.0","arch":{"platform":"linux","platform_os":"rhel8","target":{"name":"icelake","vendor":"GenuineIntel","features":["adx","aes","avx","avx2","avx512_bitalg","avx512_vbmi2","avx512_vnni","avx512_vpopcntdq","avx512bw","avx512cd","avx512dq","avx512f","avx512ifma","avx512vbmi","avx512vl","bmi1","bmi2","clflushopt","clwb","f16c","fma","gfni","mmx","movbe","pclmulqdq","popcnt","rdpid","rdrand","rdseed","sha_ni","sse","sse2","sse4_1","sse4_2","ssse3","vaes","vpclmulqdq","xsavec","xsaveopt"],"generation":0,"parents":["cascadelake","cannonlake"],"cpupart":""}},"compiler":{"name":"gcc","version":"12.2.0"},"namespace":"builtin","parameters":{"build_system":"autotools","cflags":[],"cppflags":[],"cxxflags":[],"fflags":[],"ldflags":[],"ldlibs":[]},"package_hash":"q2qey5otmyi3qvzrgsszi6gre5uaxd6z6zyh3zjv2vtgukavieoq====","dependencies":[{"name":"gcc-runtime","hash":"dqfwf7yjtbtdzllj66jx6suk34ir2ct3","parameters":{"deptypes":["link"],"virtuals":[]}},{"name":"glibc","hash":"gi6mmtiyx72crixwqwqgtnp3o4syj3n3","parameters":{"deptypes":["link"],"virtuals":["libc"]}},{"name":"gmake","hash":"cdudzevu2q5rgl6dbdwsrf5xvocjr2qv","parameters":{"deptypes":["build"],"virtuals":[]}}],"hash":"kzyu2feynzbzivshdoqwp55id6u6kdfb"},"n7hbr57rvifrdq6o7ubinabh6ll563yl":{"name":"zlib-ng","version":"2.1.6","arch":{"platform":"linux","platform_os":"rhel8","target":{"name":"icelake","vendor":"GenuineIntel","features":["adx","aes","avx","avx2","avx512_bitalg","avx512_vbmi2","avx512_vnni","avx512_vpopcntdq","avx512bw","avx512cd","avx512dq","avx512f","avx512ifma","avx512vbmi","avx512vl","bmi1","bmi2","clflushopt","clwb","f16c","fma","gfni","mmx","movbe","pclmulqdq","popcnt","rdpid","rdrand","rdseed","sha_ni","sse","sse2","sse4_1","sse4_2","ssse3","vaes","vpclmulqdq","xsavec","xsaveopt"],"generation":0,"parents":["cascadelake","cannonlake"],"cpupart":""}},"compiler":{"name":"gcc","version":"12.2.0"},"namespace":"builtin","parameters":{"build_system":"autotools","compat":true,"new_strategies":true,"opt":true,"pic":true,"shared":true,"cflags":[],"cppflags":[],"cxxflags":[],"fflags":[],"ldflags":[],"ldlibs":[]},"package_hash":"mulfc7ykutrxflhqn3h6pqypexmggje35ldj6ekqxn53zdhrkpuq====","dependencies":[{"name":"gcc-runtime","hash":"dqfwf7yjtbtdzllj66jx6suk34ir2ct3","parameters":{"deptypes":["link"],"virtuals":[]}},{"name":"glibc","hash":"gi6mmtiyx72crixwqwqgtnp3o4syj3n3","parameters":{"deptypes":["link"],"virtuals":["libc"]}},{"name":"gmake","hash":"cdudzevu2q5rgl6dbdwsrf5xvocjr2qv","parameters":{"deptypes":["build"],"virtuals":[]}}],"hash":"n7hbr57rvifrdq6o7ubinabh6ll563yl"},"bybzdhzps26l3vjtca3m5pytuiwzqaac":{"name":"zstd","version":"1.5.6","arch":{"platform":"linux","platform_os":"rhel8","target":{"name":"icelake","vendor":"GenuineIntel","features":["adx","aes","avx","avx2","avx512_bitalg","avx512_vbmi2","avx512_vnni","avx512_vpopcntdq","avx512bw","avx512cd","avx512dq","avx512f","avx512ifma","avx512vbmi","avx512vl","bmi1","bmi2","clflushopt","clwb","f16c","fma","gfni","mmx","movbe","pclmulqdq","popcnt","rdpid","rdrand","rdseed","sha_ni","sse","sse2","sse4_1","sse4_2","ssse3","vaes","vpclmulqdq","xsavec","xsaveopt"],"generation":0,"parents":["cascadelake","cannonlake"],"cpupart":""}},"compiler":{"name":"gcc","version":"12.2.0"},"namespace":"builtin","parameters":{"build_system":"makefile","libs":["shared","static"],"programs":false,"cflags":[],"cppflags":[],"cxxflags":[],"fflags":[],"ldflags":[],"ldlibs":[]},"package_hash":"uvmrov4c6unft6o4yd3jk3uqvweua3uhwdli4sw7h5wvklaf5t3q====","dependencies":[{"name":"gcc-runtime","hash":"dqfwf7yjtbtdzllj66jx6suk34ir2ct3","parameters":{"deptypes":["link"],"virtuals":[]}},{"name":"glibc","hash":"gi6mmtiyx72crixwqwqgtnp3o4syj3n3","parameters":{"deptypes":["link"],"virtuals":["libc"]}},{"name":"gmake","hash":"cdudzevu2q5rgl6dbdwsrf5xvocjr2qv","parameters":{"deptypes":["build"],"virtuals":[]}}],"hash":"bybzdhzps26l3vjtca3m5pytuiwzqaac"},"zaxjegs3plo7d2opkrcf6y4ou5xwt7iz":{"name":"cuda","version":"12.9","arch":{"platform":"linux","platform_os":"rhel8","target":{"name":"icelake","vendor":"GenuineIntel","features":["adx","aes","avx","avx2","avx512_bitalg","avx512_vbmi2","avx512_vnni","avx512_vpopcntdq","avx512bw","avx512cd","avx512dq","avx512f","avx512ifma","avx512vbmi","avx512vl","bmi1","bmi2","clflushopt","clwb","f16c","fma","gfni","mmx","movbe","pclmulqdq","popcnt","rdpid","rdrand","rdseed","sha_ni","sse","sse2","sse4_1","sse4_2","ssse3","vaes","vpclmulqdq","xsavec","xsaveopt"],"generation":0,"parents":["cascadelake","cannonlake"],"cpupart":""}},"compiler":{"name":"nvhpc","version":"26.3"},"namespace":"builtin","parameters":{"allow-unsupported-compilers":false,"build_system":"generic","compat":false,"cupti":false,"dev":false,"samples":false,"cflags":[],"cppflags":[],"cxxflags":[],"fflags":[],"ldflags":[],"ldlibs":[]},"external":{"path":"/leonardo_work/ICT26_MHPC_0/franco/spack-install/env-nvhpc-26.3-hpcx-2.20/linux-rhel8-icelake/gcc-12.2.0/nvhpc-26.3-e2lv6bo2xk2zpw4hoilvgnpbxw3d6zyr/Linux_x86_64/26.3/cuda/12.9","module":null,"extra_attributes":{}},"package_hash":"4fbhqblcqydlhodla4kc7aqvdvvby6wifml3i5oc2ywslmtikrkq====","hash":"zaxjegs3plo7d2opkrcf6y4ou5xwt7iz"},"m7yru2npd7cj6q3aiglle5cz4wurvr5d":{"name":"cudnn","version":"9.23.0.39-12","arch":{"platform":"linux","platform_os":"rhel8","target":{"name":"icelake","vendor":"GenuineIntel","features":["adx","aes","avx","avx2","avx512_bitalg","avx512_vbmi2","avx512_vnni","avx512_vpopcntdq","avx512bw","avx512cd","avx512dq","avx512f","avx512ifma","avx512vbmi","avx512vl","bmi1","bmi2","clflushopt","clwb","f16c","fma","gfni","mmx","movbe","pclmulqdq","popcnt","rdpid","rdrand","rdseed","sha_ni","sse","sse2","sse4_1","sse4_2","ssse3","vaes","vpclmulqdq","xsavec","xsaveopt"],"generation":0,"parents":["cascadelake","cannonlake"],"cpupart":""}},"compiler":{"name":"nvhpc","version":"26.3"},"namespace":"nvhpc_cuda_booster","parameters":{"build_system":"generic","cflags":[],"cppflags":[],"cxxflags":[],"fflags":[],"ldflags":[],"ldlibs":[]},"package_hash":"pv7tcmcbd7xiheulgvmahn52uznkgo6zrbiduvjwbwr7yzfpj3dq====","dependencies":[{"name":"cuda","hash":"zaxjegs3plo7d2opkrcf6y4ou5xwt7iz","parameters":{"deptypes":["build","link"],"virtuals":[]}},{"name":"glibc","hash":"gi6mmtiyx72crixwqwqgtnp3o4syj3n3","parameters":{"deptypes":["link"],"virtuals":["libc"]}}],"hash":"m7yru2npd7cj6q3aiglle5cz4wurvr5d"},"pwhotfwqfcibdpybgnnr2bdo6dlisjn5":{"name":"gdrcopy","version":"2.5.1","arch":{"platform":"linux","platform_os":"rhel8","target":{"name":"icelake","vendor":"GenuineIntel","features":["adx","aes","avx","avx2","avx512_bitalg","avx512_vbmi2","avx512_vnni","avx512_vpopcntdq","avx512bw","avx512cd","avx512dq","avx512f","avx512ifma","avx512vbmi","avx512vl","bmi1","bmi2","clflushopt","clwb","f16c","fma","gfni","mmx","movbe","pclmulqdq","popcnt","rdpid","rdrand","rdseed","sha_ni","sse","sse2","sse4_1","sse4_2","ssse3","vaes","vpclmulqdq","xsavec","xsaveopt"],"generation":0,"parents":["cascadelake","cannonlake"],"cpupart":""}},"compiler":{"name":"nvhpc","version":"26.3"},"namespace":"nvhpc_cuda_booster","parameters":{"build_system":"makefile","cuda":true,"cuda_arch":["80"],"cflags":[],"cppflags":[],"cxxflags":[],"fflags":[],"ldflags":[],"ldlibs":[]},"package_hash":"bzafolys5y2od6edspumv6oxdxw5e5blcwju6ku2tcomcn67pfoq====","dependencies":[{"name":"check","hash":"rqx5goywok3czo3su23w6kznkr2jm7ah","parameters":{"deptypes":["build","link"],"virtuals":[]}},{"name":"cuda","hash":"zaxjegs3plo7d2opkrcf6y4ou5xwt7iz","parameters":{"deptypes":["build","link"],"virtuals":[]}},{"name":"glibc","hash":"gi6mmtiyx72crixwqwqgtnp3o4syj3n3","parameters":{"deptypes":["link"],"virtuals":["libc"]}},{"name":"gmake","hash":"meulfk5h6pl5ebo5vennmana6fiofitz","parameters":{"deptypes":["build"],"virtuals":[]}}],"hash":"pwhotfwqfcibdpybgnnr2bdo6dlisjn5"},"rqx5goywok3czo3su23w6kznkr2jm7ah":{"name":"check","version":"0.15.2","arch":{"platform":"linux","platform_os":"rhel8","target":{"name":"icelake","vendor":"GenuineIntel","features":["adx","aes","avx","avx2","avx512_bitalg","avx512_vbmi2","avx512_vnni","avx512_vpopcntdq","avx512bw","avx512cd","avx512dq","avx512f","avx512ifma","avx512vbmi","avx512vl","bmi1","bmi2","clflushopt","clwb","f16c","fma","gfni","mmx","movbe","pclmulqdq","popcnt","rdpid","rdrand","rdseed","sha_ni","sse","sse2","sse4_1","sse4_2","ssse3","vaes","vpclmulqdq","xsavec","xsaveopt"],"generation":0,"parents":["cascadelake","cannonlake"],"cpupart":""}},"compiler":{"name":"nvhpc","version":"26.3"},"namespace":"builtin","parameters":{"build_system":"autotools","cflags":[],"cppflags":[],"cxxflags":[],"fflags":[],"ldflags":[],"ldlibs":[]},"package_hash":"ukv2fwdvpl3lf3myu2dmuwg6bblzkzkncn2nlz3bmluakv77uc7q====","dependencies":[{"name":"glibc","hash":"gi6mmtiyx72crixwqwqgtnp3o4syj3n3","parameters":{"deptypes":["link"],"virtuals":["libc"]}},{"name":"gmake","hash":"meulfk5h6pl5ebo5vennmana6fiofitz","parameters":{"deptypes":["build"],"virtuals":[]}}],"hash":"rqx5goywok3czo3su23w6kznkr2jm7ah"},"meulfk5h6pl5ebo5vennmana6fiofitz":{"name":"gmake","version":"4.4.1","arch":{"platform":"linux","platform_os":"rhel8","target":{"name":"icelake","vendor":"GenuineIntel","features":["adx","aes","avx","avx2","avx512_bitalg","avx512_vbmi2","avx512_vnni","avx512_vpopcntdq","avx512bw","avx512cd","avx512dq","avx512f","avx512ifma","avx512vbmi","avx512vl","bmi1","bmi2","clflushopt","clwb","f16c","fma","gfni","mmx","movbe","pclmulqdq","popcnt","rdpid","rdrand","rdseed","sha_ni","sse","sse2","sse4_1","sse4_2","ssse3","vaes","vpclmulqdq","xsavec","xsaveopt"],"generation":0,"parents":["cascadelake","cannonlake"],"cpupart":""}},"compiler":{"name":"nvhpc","version":"26.3"},"namespace":"builtin","parameters":{"build_system":"generic","guile":false,"cflags":[],"cppflags":[],"cxxflags":[],"fflags":[],"ldflags":[],"ldlibs":[]},"package_hash":"ghstvqlc3r7kgiikwx24xhcxdxcqdk5viinrzgm2mssqigfonika====","dependencies":[{"name":"glibc","hash":"gi6mmtiyx72crixwqwqgtnp3o4syj3n3","parameters":{"deptypes":["link"],"virtuals":["libc"]}}],"hash":"meulfk5h6pl5ebo5vennmana6fiofitz"},"x46wped3tyem7mtugwl3j6cfwryke257":{"name":"hdf5","version":"1.14.3","arch":{"platform":"linux","platform_os":"rhel8","target":{"name":"icelake","vendor":"GenuineIntel","features":["adx","aes","avx","avx2","avx512_bitalg","avx512_vbmi2","avx512_vnni","avx512_vpopcntdq","avx512bw","avx512cd","avx512dq","avx512f","avx512ifma","avx512vbmi","avx512vl","bmi1","bmi2","clflushopt","clwb","f16c","fma","gfni","mmx","movbe","pclmulqdq","popcnt","rdpid","rdrand","rdseed","sha_ni","sse","sse2","sse4_1","sse4_2","ssse3","vaes","vpclmulqdq","xsavec","xsaveopt"],"generation":0,"parents":["cascadelake","cannonlake"],"cpupart":""}},"compiler":{"name":"nvhpc","version":"26.3"},"namespace":"builtin","parameters":{"api":"default","build_system":"cmake","build_type":"Release","cxx":false,"fortran":true,"generator":"make","hl":true,"ipo":false,"java":false,"map":false,"mpi":true,"patches":["82088c8da2dcd8d138e60a1bb23f9fc203ea5f7bb40c698ca1d549b82dd40bc0"],"shared":true,"subfiling":false,"szip":false,"threadsafe":false,"tools":true,"cflags":[],"cppflags":[],"cxxflags":[],"fflags":[],"ldflags":[],"ldlibs":[]},"patches":["82088c8da2dcd8d138e60a1bb23f9fc203ea5f7bb40c698ca1d549b82dd40bc0"],"package_hash":"7ie3t5gzvrwgtdqckxavl6sx6j5rta2vakpiu7yyennwzpfrc5ta====","dependencies":[{"name":"cmake","hash":"wufvwu2fbg77mn3ofvb267yx6nnmwolg","parameters":{"deptypes":["build"],"virtuals":[]}},{"name":"glibc","hash":"gi6mmtiyx72crixwqwqgtnp3o4syj3n3","parameters":{"deptypes":["link"],"virtuals":["libc"]}},{"name":"gmake","hash":"meulfk5h6pl5ebo5vennmana6fiofitz","parameters":{"deptypes":["build"],"virtuals":[]}},{"name":"hpcx-mpi","hash":"w7orkn4bavl5hiqj23b4wxpi35a2gaxi","parameters":{"deptypes":["build","link"],"virtuals":["mpi"]}},{"name":"pkgconf","hash":"kzyu2feynzbzivshdoqwp55id6u6kdfb","parameters":{"deptypes":["run"],"virtuals":["pkgconfig"]}},{"name":"zlib-ng","hash":"n7hbr57rvifrdq6o7ubinabh6ll563yl","parameters":{"deptypes":["build","link"],"virtuals":["zlib-api"]}}],"hash":"x46wped3tyem7mtugwl3j6cfwryke257"},"wufvwu2fbg77mn3ofvb267yx6nnmwolg":{"name":"cmake","version":"4.1.2","arch":{"platform":"linux","platform_os":"rhel8","target":{"name":"icelake","vendor":"GenuineIntel","features":["adx","aes","avx","avx2","avx512_bitalg","avx512_vbmi2","avx512_vnni","avx512_vpopcntdq","avx512bw","avx512cd","avx512dq","avx512f","avx512ifma","avx512vbmi","avx512vl","bmi1","bmi2","clflushopt","clwb","f16c","fma","gfni","mmx","movbe","pclmulqdq","popcnt","rdpid","rdrand","rdseed","sha_ni","sse","sse2","sse4_1","sse4_2","ssse3","vaes","vpclmulqdq","xsavec","xsaveopt"],"generation":0,"parents":["cascadelake","cannonlake"],"cpupart":""}},"compiler":{"name":"gcc","version":"12.2.0"},"namespace":"deploy_dev_25_03","parameters":{"build_system":"generic","build_type":"Release","doc":false,"ncurses":true,"ownlibs":true,"qtgui":false,"cflags":[],"cppflags":[],"cxxflags":[],"fflags":[],"ldflags":[],"ldlibs":[]},"package_hash":"og7rreiur7zpuvx6d2xig6znmr5meaquvxhqotwoygefqxaglyha====","dependencies":[{"name":"curl","hash":"iekgoaerblpfbkci7f37c7ttv6od5vxd","parameters":{"deptypes":["build","link"],"virtuals":[]}},{"name":"gcc-runtime","hash":"dqfwf7yjtbtdzllj66jx6suk34ir2ct3","parameters":{"deptypes":["link"],"virtuals":[]}},{"name":"glibc","hash":"gi6mmtiyx72crixwqwqgtnp3o4syj3n3","parameters":{"deptypes":["link"],"virtuals":["libc"]}},{"name":"gmake","hash":"cdudzevu2q5rgl6dbdwsrf5xvocjr2qv","parameters":{"deptypes":["build","link"],"virtuals":[]}},{"name":"ncurses","hash":"kqejjchouvjx2vr6bk5bb5vukovdkyfo","parameters":{"deptypes":["build","link"],"virtuals":[]}},{"name":"zlib-ng","hash":"n7hbr57rvifrdq6o7ubinabh6ll563yl","parameters":{"deptypes":["build","link"],"virtuals":["zlib-api"]}}],"hash":"wufvwu2fbg77mn3ofvb267yx6nnmwolg"},"iekgoaerblpfbkci7f37c7ttv6od5vxd":{"name":"curl","version":"8.7.1","arch":{"platform":"linux","platform_os":"rhel8","target":{"name":"icelake","vendor":"GenuineIntel","features":["adx","aes","avx","avx2","avx512_bitalg","avx512_vbmi2","avx512_vnni","avx512_vpopcntdq","avx512bw","avx512cd","avx512dq","avx512f","avx512ifma","avx512vbmi","avx512vl","bmi1","bmi2","clflushopt","clwb","f16c","fma","gfni","mmx","movbe","pclmulqdq","popcnt","rdpid","rdrand","rdseed","sha_ni","sse","sse2","sse4_1","sse4_2","ssse3","vaes","vpclmulqdq","xsavec","xsaveopt"],"generation":0,"parents":["cascadelake","cannonlake"],"cpupart":""}},"compiler":{"name":"gcc","version":"12.2.0"},"namespace":"builtin","parameters":{"build_system":"autotools","gssapi":false,"ldap":false,"libidn2":false,"librtmp":false,"libs":["shared","static"],"libssh":false,"libssh2":false,"nghttp2":true,"tls":["openssl"],"cflags":[],"cppflags":[],"cxxflags":[],"fflags":[],"ldflags":[],"ldlibs":[]},"package_hash":"kcgsfmigaqmusztsy67k2gfkizipob2uj5o5yub2i4onsxph454q====","dependencies":[{"name":"gcc-runtime","hash":"dqfwf7yjtbtdzllj66jx6suk34ir2ct3","parameters":{"deptypes":["link"],"virtuals":[]}},{"name":"glibc","hash":"gi6mmtiyx72crixwqwqgtnp3o4syj3n3","parameters":{"deptypes":["link"],"virtuals":["libc"]}},{"name":"gmake","hash":"cdudzevu2q5rgl6dbdwsrf5xvocjr2qv","parameters":{"deptypes":["build"],"virtuals":[]}},{"name":"nghttp2","hash":"mlfwujwcu7pqc3ginxyeafczom6oqvse","parameters":{"deptypes":["build","link"],"virtuals":[]}},{"name":"openssl","hash":"ydao4juci2uiekbsmcbvhk52z73emg2z","parameters":{"deptypes":["build","link"],"virtuals":[]}},{"name":"perl","hash":"cne32vidfcsmbf3o4azw6jebte6pxvb3","parameters":{"deptypes":["build"],"virtuals":[]}},{"name":"pkgconf","hash":"kzyu2feynzbzivshdoqwp55id6u6kdfb","parameters":{"deptypes":["build"],"virtuals":["pkgconfig"]}},{"name":"zlib-ng","hash":"n7hbr57rvifrdq6o7ubinabh6ll563yl","parameters":{"deptypes":["build","link"],"virtuals":["zlib-api"]}}],"hash":"iekgoaerblpfbkci7f37c7ttv6od5vxd"},"mlfwujwcu7pqc3ginxyeafczom6oqvse":{"name":"nghttp2","version":"1.57.0","arch":{"platform":"linux","platform_os":"rhel8","target":{"name":"icelake","vendor":"GenuineIntel","features":["adx","aes","avx","avx2","avx512_bitalg","avx512_vbmi2","avx512_vnni","avx512_vpopcntdq","avx512bw","avx512cd","avx512dq","avx512f","avx512ifma","avx512vbmi","avx512vl","bmi1","bmi2","clflushopt","clwb","f16c","fma","gfni","mmx","movbe","pclmulqdq","popcnt","rdpid","rdrand","rdseed","sha_ni","sse","sse2","sse4_1","sse4_2","ssse3","vaes","vpclmulqdq","xsavec","xsaveopt"],"generation":0,"parents":["cascadelake","cannonlake"],"cpupart":""}},"compiler":{"name":"gcc","version":"12.2.0"},"namespace":"builtin","parameters":{"build_system":"autotools","cflags":[],"cppflags":[],"cxxflags":[],"fflags":[],"ldflags":[],"ldlibs":[]},"package_hash":"an6j5vcr2fqzbz5rhpat55twtjz2zg63emluqnh2znach4lpivna====","dependencies":[{"name":"diffutils","hash":"hksr4ketoyufzjhrwu75xqvg5xhqnwxt","parameters":{"deptypes":["build"],"virtuals":[]}},{"name":"gcc-runtime","hash":"dqfwf7yjtbtdzllj66jx6suk34ir2ct3","parameters":{"deptypes":["link"],"virtuals":[]}},{"name":"glibc","hash":"gi6mmtiyx72crixwqwqgtnp3o4syj3n3","parameters":{"deptypes":["link"],"virtuals":["libc"]}},{"name":"gmake","hash":"cdudzevu2q5rgl6dbdwsrf5xvocjr2qv","parameters":{"deptypes":["build"],"virtuals":[]}},{"name":"pkgconf","hash":"kzyu2feynzbzivshdoqwp55id6u6kdfb","parameters":{"deptypes":["build"],"virtuals":["pkgconfig"]}}],"hash":"mlfwujwcu7pqc3ginxyeafczom6oqvse"},"ydao4juci2uiekbsmcbvhk52z73emg2z":{"name":"openssl","version":"1.1.1k","arch":{"platform":"linux","platform_os":"rhel8","target":{"name":"icelake","vendor":"GenuineIntel","features":["adx","aes","avx","avx2","avx512_bitalg","avx512_vbmi2","avx512_vnni","avx512_vpopcntdq","avx512bw","avx512cd","avx512dq","avx512f","avx512ifma","avx512vbmi","avx512vl","bmi1","bmi2","clflushopt","clwb","f16c","fma","gfni","mmx","movbe","pclmulqdq","popcnt","rdpid","rdrand","rdseed","sha_ni","sse","sse2","sse4_1","sse4_2","ssse3","vaes","vpclmulqdq","xsavec","xsaveopt"],"generation":0,"parents":["cascadelake","cannonlake"],"cpupart":""}},"compiler":{"name":"gcc","version":"12.2.0"},"namespace":"builtin","parameters":{"build_system":"generic","certs":"mozilla","docs":false,"shared":true,"cflags":[],"cppflags":[],"cxxflags":[],"fflags":[],"ldflags":[],"ldlibs":[]},"external":{"path":"/usr","module":null,"extra_attributes":{}},"package_hash":"td2kidqyvtsrjfyaxyeokl4qjnxq22qiitump5bdrrrb2mcrinma====","hash":"ydao4juci2uiekbsmcbvhk52z73emg2z"},"cne32vidfcsmbf3o4azw6jebte6pxvb3":{"name":"perl","version":"5.38.0","arch":{"platform":"linux","platform_os":"rhel8","target":{"name":"icelake","vendor":"GenuineIntel","features":["adx","aes","avx","avx2","avx512_bitalg","avx512_vbmi2","avx512_vnni","avx512_vpopcntdq","avx512bw","avx512cd","avx512dq","avx512f","avx512ifma","avx512vbmi","avx512vl","bmi1","bmi2","clflushopt","clwb","f16c","fma","gfni","mmx","movbe","pclmulqdq","popcnt","rdpid","rdrand","rdseed","sha_ni","sse","sse2","sse4_1","sse4_2","ssse3","vaes","vpclmulqdq","xsavec","xsaveopt"],"generation":0,"parents":["cascadelake","cannonlake"],"cpupart":""}},"compiler":{"name":"gcc","version":"12.2.0"},"namespace":"builtin","parameters":{"build_system":"generic","cpanm":true,"opcode":true,"open":true,"patches":["714e4d1c7496e6b23834e7c88da3d69139418860fbc488fe82fd226b450a4be7"],"shared":true,"threads":true,"cflags":[],"cppflags":[],"cxxflags":[],"fflags":[],"ldflags":[],"ldlibs":[]},"patches":["714e4d1c7496e6b23834e7c88da3d69139418860fbc488fe82fd226b450a4be7"],"package_hash":"ta4gjmwr42nirckhlozeuijm5sx4pvf76ydo7ee5ixwwcttrhxha====","dependencies":[{"name":"berkeley-db","hash":"dm2u7rngrhj42qy4jzseo5zyr2gwqbh5","parameters":{"deptypes":["build","link"],"virtuals":[]}},{"name":"bzip2","hash":"5pl6uput3nizl2xqysdhxhjhcwe322os","parameters":{"deptypes":["build","link"],"virtuals":[]}},{"name":"gcc-runtime","hash":"dqfwf7yjtbtdzllj66jx6suk34ir2ct3","parameters":{"deptypes":["link"],"virtuals":[]}},{"name":"gdbm","hash":"6dldyywenrstkaxdzokzmxqjagdryrsn","parameters":{"deptypes":["build","link"],"virtuals":[]}},{"name":"glibc","hash":"gi6mmtiyx72crixwqwqgtnp3o4syj3n3","parameters":{"deptypes":["link"],"virtuals":["libc"]}},{"name":"gmake","hash":"cdudzevu2q5rgl6dbdwsrf5xvocjr2qv","parameters":{"deptypes":["build"],"virtuals":[]}},{"name":"zlib-ng","hash":"n7hbr57rvifrdq6o7ubinabh6ll563yl","parameters":{"deptypes":["build","link"],"virtuals":["zlib-api"]}}],"hash":"cne32vidfcsmbf3o4azw6jebte6pxvb3"},"dm2u7rngrhj42qy4jzseo5zyr2gwqbh5":{"name":"berkeley-db","version":"18.1.40","arch":{"platform":"linux","platform_os":"rhel8","target":{"name":"icelake","vendor":"GenuineIntel","features":["adx","aes","avx","avx2","avx512_bitalg","avx512_vbmi2","avx512_vnni","avx512_vpopcntdq","avx512bw","avx512cd","avx512dq","avx512f","avx512ifma","avx512vbmi","avx512vl","bmi1","bmi2","clflushopt","clwb","f16c","fma","gfni","mmx","movbe","pclmulqdq","popcnt","rdpid","rdrand","rdseed","sha_ni","sse","sse2","sse4_1","sse4_2","ssse3","vaes","vpclmulqdq","xsavec","xsaveopt"],"generation":0,"parents":["cascadelake","cannonlake"],"cpupart":""}},"compiler":{"name":"gcc","version":"12.2.0"},"namespace":"builtin","parameters":{"build_system":"autotools","cxx":true,"docs":false,"patches":["26090f418891757af46ac3b89a9f43d6eb5989f7a3dce3d1cfc99fba547203b3","b231fcc4d5cff05e5c3a4814f6a5af0e9a966428dc2176540d2c05aff41de522"],"stl":true,"cflags":[],"cppflags":[],"cxxflags":[],"fflags":[],"ldflags":[],"ldlibs":[]},"patches":["b231fcc4d5cff05e5c3a4814f6a5af0e9a966428dc2176540d2c05aff41de522","26090f418891757af46ac3b89a9f43d6eb5989f7a3dce3d1cfc99fba547203b3"],"package_hash":"h57ydfn33zevvzctzzioiiwjwe362izbbwncb6a26dfeno4y7tda====","dependencies":[{"name":"gcc-runtime","hash":"dqfwf7yjtbtdzllj66jx6suk34ir2ct3","parameters":{"deptypes":["link"],"virtuals":[]}},{"name":"glibc","hash":"gi6mmtiyx72crixwqwqgtnp3o4syj3n3","parameters":{"deptypes":["link"],"virtuals":["libc"]}},{"name":"gmake","hash":"cdudzevu2q5rgl6dbdwsrf5xvocjr2qv","parameters":{"deptypes":["build"],"virtuals":[]}}],"hash":"dm2u7rngrhj42qy4jzseo5zyr2gwqbh5"},"5pl6uput3nizl2xqysdhxhjhcwe322os":{"name":"bzip2","version":"1.0.8","arch":{"platform":"linux","platform_os":"rhel8","target":{"name":"icelake","vendor":"GenuineIntel","features":["adx","aes","avx","avx2","avx512_bitalg","avx512_vbmi2","avx512_vnni","avx512_vpopcntdq","avx512bw","avx512cd","avx512dq","avx512f","avx512ifma","avx512vbmi","avx512vl","bmi1","bmi2","clflushopt","clwb","f16c","fma","gfni","mmx","movbe","pclmulqdq","popcnt","rdpid","rdrand","rdseed","sha_ni","sse","sse2","sse4_1","sse4_2","ssse3","vaes","vpclmulqdq","xsavec","xsaveopt"],"generation":0,"parents":["cascadelake","cannonlake"],"cpupart":""}},"compiler":{"name":"gcc","version":"12.2.0"},"namespace":"builtin","parameters":{"build_system":"generic","debug":false,"pic":false,"shared":true,"cflags":[],"cppflags":[],"cxxflags":[],"fflags":[],"ldflags":[],"ldlibs":[]},"package_hash":"wa33h4h2abj7tx5cndixz7bdwu5fspdaf2kjlqsinnearayw6fra====","dependencies":[{"name":"diffutils","hash":"hksr4ketoyufzjhrwu75xqvg5xhqnwxt","parameters":{"deptypes":["build"],"virtuals":[]}},{"name":"gcc-runtime","hash":"dqfwf7yjtbtdzllj66jx6suk34ir2ct3","parameters":{"deptypes":["link"],"virtuals":[]}},{"name":"glibc","hash":"gi6mmtiyx72crixwqwqgtnp3o4syj3n3","parameters":{"deptypes":["link"],"virtuals":["libc"]}},{"name":"gmake","hash":"cdudzevu2q5rgl6dbdwsrf5xvocjr2qv","parameters":{"deptypes":["build"],"virtuals":[]}}],"hash":"5pl6uput3nizl2xqysdhxhjhcwe322os"},"6dldyywenrstkaxdzokzmxqjagdryrsn":{"name":"gdbm","version":"1.23","arch":{"platform":"linux","platform_os":"rhel8","target":{"name":"icelake","vendor":"GenuineIntel","features":["adx","aes","avx","avx2","avx512_bitalg","avx512_vbmi2","avx512_vnni","avx512_vpopcntdq","avx512bw","avx512cd","avx512dq","avx512f","avx512ifma","avx512vbmi","avx512vl","bmi1","bmi2","clflushopt","clwb","f16c","fma","gfni","mmx","movbe","pclmulqdq","popcnt","rdpid","rdrand","rdseed","sha_ni","sse","sse2","sse4_1","sse4_2","ssse3","vaes","vpclmulqdq","xsavec","xsaveopt"],"generation":0,"parents":["cascadelake","cannonlake"],"cpupart":""}},"compiler":{"name":"gcc","version":"12.2.0"},"namespace":"builtin","parameters":{"build_system":"autotools","cflags":[],"cppflags":[],"cxxflags":[],"fflags":[],"ldflags":[],"ldlibs":[]},"package_hash":"liepxl6phlcxbgfmibxafhewtihlgaa4x3hko37ckqlafhxkrgdq====","dependencies":[{"name":"gcc-runtime","hash":"dqfwf7yjtbtdzllj66jx6suk34ir2ct3","parameters":{"deptypes":["link"],"virtuals":[]}},{"name":"glibc","hash":"gi6mmtiyx72crixwqwqgtnp3o4syj3n3","parameters":{"deptypes":["link"],"virtuals":["libc"]}},{"name":"gmake","hash":"cdudzevu2q5rgl6dbdwsrf5xvocjr2qv","parameters":{"deptypes":["build"],"virtuals":[]}},{"name":"readline","hash":"finwqivnkhnysqwzz6ht7bbt6yauqkyx","parameters":{"deptypes":["build","link"],"virtuals":[]}}],"hash":"6dldyywenrstkaxdzokzmxqjagdryrsn"},"finwqivnkhnysqwzz6ht7bbt6yauqkyx":{"name":"readline","version":"8.2","arch":{"platform":"linux","platform_os":"rhel8","target":{"name":"icelake","vendor":"GenuineIntel","features":["adx","aes","avx","avx2","avx512_bitalg","avx512_vbmi2","avx512_vnni","avx512_vpopcntdq","avx512bw","avx512cd","avx512dq","avx512f","avx512ifma","avx512vbmi","avx512vl","bmi1","bmi2","clflushopt","clwb","f16c","fma","gfni","mmx","movbe","pclmulqdq","popcnt","rdpid","rdrand","rdseed","sha_ni","sse","sse2","sse4_1","sse4_2","ssse3","vaes","vpclmulqdq","xsavec","xsaveopt"],"generation":0,"parents":["cascadelake","cannonlake"],"cpupart":""}},"compiler":{"name":"gcc","version":"12.2.0"},"namespace":"builtin","parameters":{"build_system":"autotools","patches":["bbf97f1ec40a929edab5aa81998c1e2ef435436c597754916e6a5868f273aff7"],"cflags":[],"cppflags":[],"cxxflags":[],"fflags":[],"ldflags":[],"ldlibs":[]},"patches":["bbf97f1ec40a929edab5aa81998c1e2ef435436c597754916e6a5868f273aff7"],"package_hash":"oww6dmr7xqgg6j7iiluonxbcl4irqnnrip4vfkjdwujncwnuhwuq====","dependencies":[{"name":"gcc-runtime","hash":"dqfwf7yjtbtdzllj66jx6suk34ir2ct3","parameters":{"deptypes":["link"],"virtuals":[]}},{"name":"glibc","hash":"gi6mmtiyx72crixwqwqgtnp3o4syj3n3","parameters":{"deptypes":["link"],"virtuals":["libc"]}},{"name":"gmake","hash":"cdudzevu2q5rgl6dbdwsrf5xvocjr2qv","parameters":{"deptypes":["build"],"virtuals":[]}},{"name":"ncurses","hash":"kqejjchouvjx2vr6bk5bb5vukovdkyfo","parameters":{"deptypes":["build","link"],"virtuals":[]}}],"hash":"finwqivnkhnysqwzz6ht7bbt6yauqkyx"},"kqejjchouvjx2vr6bk5bb5vukovdkyfo":{"name":"ncurses","version":"6.5","arch":{"platform":"linux","platform_os":"rhel8","target":{"name":"icelake","vendor":"GenuineIntel","features":["adx","aes","avx","avx2","avx512_bitalg","avx512_vbmi2","avx512_vnni","avx512_vpopcntdq","avx512bw","avx512cd","avx512dq","avx512f","avx512ifma","avx512vbmi","avx512vl","bmi1","bmi2","clflushopt","clwb","f16c","fma","gfni","mmx","movbe","pclmulqdq","popcnt","rdpid","rdrand","rdseed","sha_ni","sse","sse2","sse4_1","sse4_2","ssse3","vaes","vpclmulqdq","xsavec","xsaveopt"],"generation":0,"parents":["cascadelake","cannonlake"],"cpupart":""}},"compiler":{"name":"gcc","version":"12.2.0"},"namespace":"builtin","parameters":{"abi":"none","build_system":"autotools","patches":["7a351bc4953a4ab70dabdbea31c8db0c03d40ce505335f3b6687180dde24c535"],"symlinks":false,"termlib":true,"cflags":[],"cppflags":[],"cxxflags":[],"fflags":[],"ldflags":[],"ldlibs":[]},"patches":["7a351bc4953a4ab70dabdbea31c8db0c03d40ce505335f3b6687180dde24c535"],"package_hash":"rlqzqxoau3wwzu62x6qxlf4flon6b4n3p4zesnc6t2oyybrvnkwq====","dependencies":[{"name":"gcc-runtime","hash":"dqfwf7yjtbtdzllj66jx6suk34ir2ct3","parameters":{"deptypes":["link"],"virtuals":[]}},{"name":"glibc","hash":"gi6mmtiyx72crixwqwqgtnp3o4syj3n3","parameters":{"deptypes":["link"],"virtuals":["libc"]}},{"name":"gmake","hash":"cdudzevu2q5rgl6dbdwsrf5xvocjr2qv","parameters":{"deptypes":["build"],"virtuals":[]}},{"name":"pkgconf","hash":"kzyu2feynzbzivshdoqwp55id6u6kdfb","parameters":{"deptypes":["build"],"virtuals":["pkgconfig"]}}],"hash":"kqejjchouvjx2vr6bk5bb5vukovdkyfo"},"w7orkn4bavl5hiqj23b4wxpi35a2gaxi":{"name":"hpcx-mpi","version":"2.25.1","arch":{"platform":"linux","platform_os":"rhel8","target":{"name":"icelake","vendor":"GenuineIntel","features":["adx","aes","avx","avx2","avx512_bitalg","avx512_vbmi2","avx512_vnni","avx512_vpopcntdq","avx512bw","avx512cd","avx512dq","avx512f","avx512ifma","avx512vbmi","avx512vl","bmi1","bmi2","clflushopt","clwb","f16c","fma","gfni","mmx","movbe","pclmulqdq","popcnt","rdpid","rdrand","rdseed","sha_ni","sse","sse2","sse4_1","sse4_2","ssse3","vaes","vpclmulqdq","xsavec","xsaveopt"],"generation":0,"parents":["cascadelake","cannonlake"],"cpupart":""}},"compiler":{"name":"nvhpc","version":"26.3"},"namespace":"builtin","parameters":{"build_system":"generic","cflags":[],"cppflags":[],"cxxflags":[],"fflags":[],"ldflags":[],"ldlibs":[]},"external":{"path":"/leonardo_work/ICT26_MHPC_0/franco/spack-install/env-nvhpc-26.3-hpcx-2.20/linux-rhel8-icelake/gcc-12.2.0/nvhpc-26.3-e2lv6bo2xk2zpw4hoilvgnpbxw3d6zyr/Linux_x86_64/26.3/comm_libs/12.9/hpcx/hpcx-2.25.1/ompi","module":null,"extra_attributes":{}},"package_hash":"uo4efuk5ikiudt7q7lf4exdoxjivlovexwm5chgaiwayb54std2a====","hash":"w7orkn4bavl5hiqj23b4wxpi35a2gaxi"},"vrad44epfzi4iqyxados3wufgzgoxhoe":{"name":"nccl","version":"2.22.3-1","arch":{"platform":"linux","platform_os":"rhel8","target":{"name":"icelake","vendor":"GenuineIntel","features":["adx","aes","avx","avx2","avx512_bitalg","avx512_vbmi2","avx512_vnni","avx512_vpopcntdq","avx512bw","avx512cd","avx512dq","avx512f","avx512ifma","avx512vbmi","avx512vl","bmi1","bmi2","clflushopt","clwb","f16c","fma","gfni","mmx","movbe","pclmulqdq","popcnt","rdpid","rdrand","rdseed","sha_ni","sse","sse2","sse4_1","sse4_2","ssse3","vaes","vpclmulqdq","xsavec","xsaveopt"],"generation":0,"parents":["cascadelake","cannonlake"],"cpupart":""}},"compiler":{"name":"nvhpc","version":"26.3"},"namespace":"nvhpc_cuda_booster","parameters":{"build_system":"makefile","cuda":true,"cuda_arch":["80"],"cflags":[],"cppflags":[],"cxxflags":[],"fflags":[],"ldflags":[],"ldlibs":[]},"package_hash":"idwemd465h6efa7nt4tygldxdq3x3a47klh54fzbb4a7awvbiytq====","dependencies":[{"name":"cuda","hash":"zaxjegs3plo7d2opkrcf6y4ou5xwt7iz","parameters":{"deptypes":["build","link"],"virtuals":[]}},{"name":"glibc","hash":"gi6mmtiyx72crixwqwqgtnp3o4syj3n3","parameters":{"deptypes":["link"],"virtuals":["libc"]}},{"name":"gmake","hash":"meulfk5h6pl5ebo5vennmana6fiofitz","parameters":{"deptypes":["build"],"virtuals":[]}},{"name":"rdma-core","hash":"6km4m5aactyjvv3qunxyk5damli7vjeb","parameters":{"deptypes":["build","link"],"virtuals":[]}}],"hash":"vrad44epfzi4iqyxados3wufgzgoxhoe"},"6km4m5aactyjvv3qunxyk5damli7vjeb":{"name":"rdma-core","version":"43.0","arch":{"platform":"linux","platform_os":"rhel8","target":{"name":"icelake","vendor":"GenuineIntel","features":["adx","aes","avx","avx2","avx512_bitalg","avx512_vbmi2","avx512_vnni","avx512_vpopcntdq","avx512bw","avx512cd","avx512dq","avx512f","avx512ifma","avx512vbmi","avx512vl","bmi1","bmi2","clflushopt","clwb","f16c","fma","gfni","mmx","movbe","pclmulqdq","popcnt","rdpid","rdrand","rdseed","sha_ni","sse","sse2","sse4_1","sse4_2","ssse3","vaes","vpclmulqdq","xsavec","xsaveopt"],"generation":0,"parents":["cascadelake","cannonlake"],"cpupart":""}},"compiler":{"name":"nvhpc","version":"26.3"},"namespace":"builtin","parameters":{"build_system":"cmake","build_type":"Release","generator":"make","man_pages":true,"pyverbs":true,"static":true,"cflags":[],"cppflags":[],"cxxflags":[],"fflags":[],"ldflags":[],"ldlibs":[]},"external":{"path":"/usr","module":null,"extra_attributes":{}},"package_hash":"k5rsly5c2eph6bhfv26szozixcy6vucf22m2r3foipee3vejm7fa====","hash":"6km4m5aactyjvv3qunxyk5damli7vjeb"},"s42v3n27uc7wnijbhjvnysnkgmmq7glm":{"name":"netcdf-c","version":"4.9.2","arch":{"platform":"linux","platform_os":"rhel8","target":{"name":"icelake","vendor":"GenuineIntel","features":["adx","aes","avx","avx2","avx512_bitalg","avx512_vbmi2","avx512_vnni","avx512_vpopcntdq","avx512bw","avx512cd","avx512dq","avx512f","avx512ifma","avx512vbmi","avx512vl","bmi1","bmi2","clflushopt","clwb","f16c","fma","gfni","mmx","movbe","pclmulqdq","popcnt","rdpid","rdrand","rdseed","sha_ni","sse","sse2","sse4_1","sse4_2","ssse3","vaes","vpclmulqdq","xsavec","xsaveopt"],"generation":0,"parents":["cascadelake","cannonlake"],"cpupart":""}},"compiler":{"name":"nvhpc","version":"26.3"},"namespace":"builtin","parameters":{"blosc":false,"build_system":"autotools","byterange":false,"dap":false,"fsync":false,"hdf4":false,"jna":false,"mpi":true,"nczarr_zip":false,"optimize":true,"parallel-netcdf":false,"patches":["0161eb870fdfaf61be9d70132c9447a537320342366362e76b8460c823bf95ca"],"pic":true,"shared":true,"szip":false,"zstd":false,"cflags":[],"cppflags":[],"cxxflags":[],"fflags":[],"ldflags":[],"ldlibs":[]},"patches":["0161eb870fdfaf61be9d70132c9447a537320342366362e76b8460c823bf95ca"],"package_hash":"y74b5qjrdup27t3e6wcgbxcep6oxc2daiefmm3hwl7sox45osxha====","dependencies":[{"name":"bzip2","hash":"5pl6uput3nizl2xqysdhxhjhcwe322os","parameters":{"deptypes":["build","link"],"virtuals":[]}},{"name":"glibc","hash":"gi6mmtiyx72crixwqwqgtnp3o4syj3n3","parameters":{"deptypes":["link"],"virtuals":["libc"]}},{"name":"gmake","hash":"meulfk5h6pl5ebo5vennmana6fiofitz","parameters":{"deptypes":["build"],"virtuals":[]}},{"name":"hdf5","hash":"x46wped3tyem7mtugwl3j6cfwryke257","parameters":{"deptypes":["build","link"],"virtuals":[]}},{"name":"hpcx-mpi","hash":"w7orkn4bavl5hiqj23b4wxpi35a2gaxi","parameters":{"deptypes":["build","link"],"virtuals":["mpi"]}},{"name":"zlib-ng","hash":"n7hbr57rvifrdq6o7ubinabh6ll563yl","parameters":{"deptypes":["build","link"],"virtuals":["zlib-api"]}}],"hash":"s42v3n27uc7wnijbhjvnysnkgmmq7glm"},"pwoz2niretptzrirp2il3mkfqd7tczhl":{"name":"netcdf-fortran","version":"4.6.1","arch":{"platform":"linux","platform_os":"rhel8","target":{"name":"icelake","vendor":"GenuineIntel","features":["adx","aes","avx","avx2","avx512_bitalg","avx512_vbmi2","avx512_vnni","avx512_vpopcntdq","avx512bw","avx512cd","avx512dq","avx512f","avx512ifma","avx512vbmi","avx512vl","bmi1","bmi2","clflushopt","clwb","f16c","fma","gfni","mmx","movbe","pclmulqdq","popcnt","rdpid","rdrand","rdseed","sha_ni","sse","sse2","sse4_1","sse4_2","ssse3","vaes","vpclmulqdq","xsavec","xsaveopt"],"generation":0,"parents":["cascadelake","cannonlake"],"cpupart":""}},"compiler":{"name":"nvhpc","version":"26.3"},"namespace":"builtin","parameters":{"build_system":"autotools","doc":false,"pic":true,"shared":true,"cflags":[],"cppflags":[],"cxxflags":[],"fflags":[],"ldflags":[],"ldlibs":[]},"package_hash":"fcaeawhahoo73oaxh5e3ow2aupi66xvdh6rv6gdv2eg5y3ndzqiq====","dependencies":[{"name":"glibc","hash":"gi6mmtiyx72crixwqwqgtnp3o4syj3n3","parameters":{"deptypes":["link"],"virtuals":["libc"]}},{"name":"gmake","hash":"meulfk5h6pl5ebo5vennmana6fiofitz","parameters":{"deptypes":["build"],"virtuals":[]}},{"name":"netcdf-c","hash":"s42v3n27uc7wnijbhjvnysnkgmmq7glm","parameters":{"deptypes":["build","link"],"virtuals":[]}}],"hash":"pwoz2niretptzrirp2il3mkfqd7tczhl"},"cfwwtq6y4ukwx42jilyj3qisjmx7wrzb":{"name":"nvhpc","version":"26.3","arch":{"platform":"linux","platform_os":"rhel8","target":{"name":"icelake","vendor":"GenuineIntel","features":["adx","aes","avx","avx2","avx512_bitalg","avx512_vbmi2","avx512_vnni","avx512_vpopcntdq","avx512bw","avx512cd","avx512dq","avx512f","avx512ifma","avx512vbmi","avx512vl","bmi1","bmi2","clflushopt","clwb","f16c","fma","gfni","mmx","movbe","pclmulqdq","popcnt","rdpid","rdrand","rdseed","sha_ni","sse","sse2","sse4_1","sse4_2","ssse3","vaes","vpclmulqdq","xsavec","xsaveopt"],"generation":0,"parents":["cascadelake","cannonlake"],"cpupart":""}},"compiler":{"name":"gcc","version":"12.2.0"},"namespace":"nvhpc_cuda_booster","parameters":{"blas":true,"build_system":"generic","default_cuda":"12.9","install_type":"single","lapack":true,"mpi":false,"cflags":[],"cppflags":[],"cxxflags":[],"fflags":[],"ldflags":[],"ldlibs":[]},"external":{"path":"/leonardo_work/ICT26_MHPC_0/franco/spack-install/env-nvhpc-26.3-hpcx-2.20/linux-rhel8-icelake/gcc-12.2.0/nvhpc-26.3-e2lv6bo2xk2zpw4hoilvgnpbxw3d6zyr","module":null,"extra_attributes":{}},"package_hash":"brieajenfq5vo6eaaxjt65irjizszlpxgvtyn4hbsw5ainelho7a====","hash":"cfwwtq6y4ukwx42jilyj3qisjmx7wrzb"},"bz5kcv4iyvmslgrlriq6h34ruuf3guqa":{"name":"parallel-netcdf","version":"1.12.3","arch":{"platform":"linux","platform_os":"rhel8","target":{"name":"icelake","vendor":"GenuineIntel","features":["adx","aes","avx","avx2","avx512_bitalg","avx512_vbmi2","avx512_vnni","avx512_vpopcntdq","avx512bw","avx512cd","avx512dq","avx512f","avx512ifma","avx512vbmi","avx512vl","bmi1","bmi2","clflushopt","clwb","f16c","fma","gfni","mmx","movbe","pclmulqdq","popcnt","rdpid","rdrand","rdseed","sha_ni","sse","sse2","sse4_1","sse4_2","ssse3","vaes","vpclmulqdq","xsavec","xsaveopt"],"generation":0,"parents":["cascadelake","cannonlake"],"cpupart":""}},"compiler":{"name":"nvhpc","version":"26.3"},"namespace":"builtin","parameters":{"build_system":"autotools","burstbuffer":false,"cxx":true,"fortran":true,"pic":true,"shared":true,"cflags":[],"cppflags":[],"cxxflags":[],"fflags":[],"ldflags":[],"ldlibs":[]},"package_hash":"th5gt5332pthrwte4o2dlsgy6a7yd76ijxwgzzci7dgae636ybga====","dependencies":[{"name":"glibc","hash":"gi6mmtiyx72crixwqwqgtnp3o4syj3n3","parameters":{"deptypes":["link"],"virtuals":["libc"]}},{"name":"gmake","hash":"meulfk5h6pl5ebo5vennmana6fiofitz","parameters":{"deptypes":["build"],"virtuals":[]}},{"name":"hpcx-mpi","hash":"w7orkn4bavl5hiqj23b4wxpi35a2gaxi","parameters":{"deptypes":["build","link"],"virtuals":["mpi"]}},{"name":"m4","hash":"gm4a6wrnk2v6iwb5xlsvgw5ruueyaapq","parameters":{"deptypes":["build"],"virtuals":[]}},{"name":"perl","hash":"cne32vidfcsmbf3o4azw6jebte6pxvb3","parameters":{"deptypes":["build"],"virtuals":[]}}],"hash":"bz5kcv4iyvmslgrlriq6h34ruuf3guqa"},"gm4a6wrnk2v6iwb5xlsvgw5ruueyaapq":{"name":"m4","version":"1.4.19","arch":{"platform":"linux","platform_os":"rhel8","target":{"name":"icelake","vendor":"GenuineIntel","features":["adx","aes","avx","avx2","avx512_bitalg","avx512_vbmi2","avx512_vnni","avx512_vpopcntdq","avx512bw","avx512cd","avx512dq","avx512f","avx512ifma","avx512vbmi","avx512vl","bmi1","bmi2","clflushopt","clwb","f16c","fma","gfni","mmx","movbe","pclmulqdq","popcnt","rdpid","rdrand","rdseed","sha_ni","sse","sse2","sse4_1","sse4_2","ssse3","vaes","vpclmulqdq","xsavec","xsaveopt"],"generation":0,"parents":["cascadelake","cannonlake"],"cpupart":""}},"compiler":{"name":"gcc","version":"12.2.0"},"namespace":"builtin","parameters":{"build_system":"autotools","patches":["9dc5fbd0d5cb1037ab1e6d0ecc74a30df218d0a94bdd5a02759a97f62daca573","bfdffa7c2eb01021d5849b36972c069693654ad826c1a20b53534009a4ec7a89"],"sigsegv":true,"cflags":[],"cppflags":[],"cxxflags":[],"fflags":[],"ldflags":[],"ldlibs":[]},"patches":["bfdffa7c2eb01021d5849b36972c069693654ad826c1a20b53534009a4ec7a89","9dc5fbd0d5cb1037ab1e6d0ecc74a30df218d0a94bdd5a02759a97f62daca573"],"package_hash":"npb7a53yz7wqx4nvnasxwgzxaoiks6sdjz2eugrgkjxs4ml24xea====","dependencies":[{"name":"diffutils","hash":"hksr4ketoyufzjhrwu75xqvg5xhqnwxt","parameters":{"deptypes":["build"],"virtuals":[]}},{"name":"gcc-runtime","hash":"dqfwf7yjtbtdzllj66jx6suk34ir2ct3","parameters":{"deptypes":["link"],"virtuals":[]}},{"name":"glibc","hash":"gi6mmtiyx72crixwqwqgtnp3o4syj3n3","parameters":{"deptypes":["link"],"virtuals":["libc"]}},{"name":"gmake","hash":"cdudzevu2q5rgl6dbdwsrf5xvocjr2qv","parameters":{"deptypes":["build"],"virtuals":[]}},{"name":"libsigsegv","hash":"juuihuzan53rltdvbtsy4mru4flprg7w","parameters":{"deptypes":["build","link"],"virtuals":[]}}],"hash":"gm4a6wrnk2v6iwb5xlsvgw5ruueyaapq"},"juuihuzan53rltdvbtsy4mru4flprg7w":{"name":"libsigsegv","version":"2.14","arch":{"platform":"linux","platform_os":"rhel8","target":{"name":"icelake","vendor":"GenuineIntel","features":["adx","aes","avx","avx2","avx512_bitalg","avx512_vbmi2","avx512_vnni","avx512_vpopcntdq","avx512bw","avx512cd","avx512dq","avx512f","avx512ifma","avx512vbmi","avx512vl","bmi1","bmi2","clflushopt","clwb","f16c","fma","gfni","mmx","movbe","pclmulqdq","popcnt","rdpid","rdrand","rdseed","sha_ni","sse","sse2","sse4_1","sse4_2","ssse3","vaes","vpclmulqdq","xsavec","xsaveopt"],"generation":0,"parents":["cascadelake","cannonlake"],"cpupart":""}},"compiler":{"name":"gcc","version":"12.2.0"},"namespace":"builtin","parameters":{"build_system":"autotools","cflags":[],"cppflags":[],"cxxflags":[],"fflags":[],"ldflags":[],"ldlibs":[]},"package_hash":"ypp3sciaprcyojozq2c5gqugtewmr5ytjbfpycyhu6wivtky7rja====","dependencies":[{"name":"gcc-runtime","hash":"dqfwf7yjtbtdzllj66jx6suk34ir2ct3","parameters":{"deptypes":["link"],"virtuals":[]}},{"name":"glibc","hash":"gi6mmtiyx72crixwqwqgtnp3o4syj3n3","parameters":{"deptypes":["link"],"virtuals":["libc"]}},{"name":"gmake","hash":"cdudzevu2q5rgl6dbdwsrf5xvocjr2qv","parameters":{"deptypes":["build"],"virtuals":[]}}],"hash":"juuihuzan53rltdvbtsy4mru4flprg7w"}}}